PODS:
  - Armchair (0.3.5)
  - CocoaImageHashing (1.6.1)
  - DefaultsKit (0.0.9)
  - Firebase/Core (5.2.0):
    - Firebase/CoreOnly
    - FirebaseAnalytics (= 5.0.1)
  - Firebase/CoreOnly (5.2.0):
    - FirebaseCore (= 5.0.3)
  - Firebase/MLVision (5.2.0):
    - Firebase/CoreOnly
    - FirebaseMLVision (= 0.9.0)
  - Firebase/MLVisionTextModel (5.2.0):
    - Firebase/CoreOnly
    - FirebaseMLVisionTextModel (= 0.9.0)
  - FirebaseAnalytics (5.0.1):
    - FirebaseCore (~> 5.0)
    - FirebaseInstanceID (~> 3.0)
    - "GoogleToolboxForMac/NSData+zlib (~> 2.1)"
    - nanopb (~> 0.3)
  - FirebaseCore (5.0.3):
    - "GoogleToolboxForMac/NSData+zlib (~> 2.1)"
  - FirebaseInstanceID (3.1.1):
    - FirebaseCore (~> 5.0)
  - FirebaseMLCommon (0.10.0):
    - FirebaseCore (~> 5.0)
  - FirebaseMLVision (0.9.0):
    - FirebaseCore (~> 5.0)
    - FirebaseMLCommon (~> 0.9)
    - GoogleAPIClientForREST/Core (~> 1.3)
    - GoogleAPIClientForREST/Vision (~> 1.3)
    - GoogleMobileVision/Detector (~> 1.3.0)
  - FirebaseMLVisionTextModel (0.9.0):
    - GoogleMobileVision/TextDetector (~> 1.3.0)
  - GoogleAPIClientForREST/Core (1.3.5):
    - GTMSessionFetcher (>= 1.1.7)
  - GoogleAPIClientForREST/Vision (1.3.5):
    - GoogleAPIClientForREST/Core
    - GTMSessionFetcher (>= 1.1.7)
  - GoogleMobileVision/Detector (1.3.2):
    - GoogleToolboxForMac/Logger (~> 2.1)
    - "GoogleToolboxForMac/NSData+zlib (~> 2.1)"
    - GTMSessionFetcher/Core (~> 1.1)
    - Protobuf (~> 3.1)
  - GoogleMobileVision/TextDetector (1.3.2):
    - GoogleMobileVision/Detector (~> 1.3)
  - GoogleToolboxForMac/Defines (2.1.4)
  - GoogleToolboxForMac/Logger (2.1.4):
    - GoogleToolboxForMac/Defines (= 2.1.4)
  - "GoogleToolboxForMac/NSData+zlib (2.1.4)":
    - GoogleToolboxForMac/Defines (= 2.1.4)
  - GTMSessionFetcher (1.2.0):
    - GTMSessionFetcher/Full (= 1.2.0)
  - GTMSessionFetcher/Core (1.2.0)
  - GTMSessionFetcher/Full (1.2.0):
    - GTMSessionFetcher/Core (= 1.2.0)
  - Hero (1.3.0)
  - nanopb (0.3.8):
    - nanopb/decode (= 0.3.8)
    - nanopb/encode (= 0.3.8)
  - nanopb/decode (0.3.8)
  - nanopb/encode (0.3.8)
  - PhoneNumberKit (2.1.0):
    - PhoneNumberKit/PhoneNumberKitCore (= 2.1.0)
    - PhoneNumberKit/UIKit (= 2.1.0)
  - PhoneNumberKit/PhoneNumberKitCore (2.1.0)
  - PhoneNumberKit/UIKit (2.1.0):
    - PhoneNumberKit/PhoneNumberKitCore
  - Protobuf (3.6.1)
  - R.swift (4.0.0):
    - R.swift.Library (~> 4.0.0)
  - R.swift.Library (4.0.0)
  - SwiftLint (0.27.0)
  - SwiftyGif (4.1.0)
  - TPPDF (1.2.0):
    - SwiftLint

DEPENDENCIES:
  - Armchair (from `https://github.com/UrbanApps/Armchair`)
  - CocoaImageHashing (from `https://github.com/ameingast/cocoaimagehashing`)
  - DefaultsKit (from `https://github.com/metasmile/DefaultsKit`)
  - Firebase/Core (= 5.2.0)
  - Firebase/MLVision
  - Firebase/MLVisionTextModel
  - Hero
  - PhoneNumberKit (~> 2.1)
  - R.swift (= 4.0.0)
  - SwiftyGif
  - TPPDF

SPEC REPOS:
  https://github.com/cocoapods/specs.git:
    - Firebase
    - FirebaseAnalytics
    - FirebaseCore
    - FirebaseInstanceID
    - FirebaseMLCommon
    - FirebaseMLVision
    - FirebaseMLVisionTextModel
    - GoogleAPIClientForREST
    - GoogleMobileVision
    - GoogleToolboxForMac
    - GTMSessionFetcher
    - Hero
    - nanopb
    - PhoneNumberKit
    - Protobuf
    - R.swift
    - R.swift.Library
    - SwiftLint
    - SwiftyGif
    - TPPDF

EXTERNAL SOURCES:
  Armchair:
    :git: https://github.com/UrbanApps/Armchair
  CocoaImageHashing:
    :git: https://github.com/ameingast/cocoaimagehashing
  DefaultsKit:
    :git: https://github.com/metasmile/DefaultsKit

CHECKOUT OPTIONS:
  Armchair:
    :commit: f7ed2b2063ef40028e3916c43db9b0df7b15ad55
    :git: https://github.com/UrbanApps/Armchair
  CocoaImageHashing:
    :commit: cb1ecc794ff8bdf1fd75bad08a33209d9eae4237
    :git: https://github.com/ameingast/cocoaimagehashing
  DefaultsKit:
    :commit: 2c2d4effb9b620eb91ba15a20e74fcc2f9d017dc
    :git: https://github.com/metasmile/DefaultsKit

SPEC CHECKSUMS:
  Armchair: 962c54518594a940022e0327b1570f8e61ab7bed
  CocoaImageHashing: d7d3813c5aeb6ddcf4e57219dc63c741b8a16e0a
  DefaultsKit: e47d11c54a53c66f9e5c65a1992dead90bc7144f
  Firebase: 25ed0412036d7d008568d1fb4d2e9d81ea8a0a2c
  FirebaseAnalytics: b3628aea54c50464c32c393fb2ea032566e7ecc2
  FirebaseCore: a3c87242451633fff8490183898075ce77d168d2
  FirebaseInstanceID: f3f0657372592ecdfdfe2cac604a5a75758376a6
  FirebaseMLCommon: 88ffed2dbb54ecb7dbcf8080a7654b6ea938e15b
  FirebaseMLVision: f9756d8376dd150fb17629eaa7bdc6baa8965677
  FirebaseMLVisionTextModel: 8a9cb61296d4d15d60eb0c7c66a2a88790b34376
  GoogleAPIClientForREST: b4c23f6ec9b8c29419d0377168007963d0e25551
  GoogleMobileVision: 6b0a3a2dae1974ec35d80fdeeacc3a03193642e0
  GoogleToolboxForMac: 91c824d21e85b31c2aae9bb011c5027c9b4e738f
  GTMSessionFetcher: 0c4baf0a73acd0041bf9f71ea018deedab5ea84e
  Hero: 3eecd3fd62dd2425cbc7e35505c557b86d5a379e
  nanopb: 5601e6bca2dbf1ed831b519092ec110f66982ca3
  PhoneNumberKit: 62003f40ff75315fd3738286558bc365365ac222
  Protobuf: 1eb9700044745f00181c136ef21b8ff3ad5a0fd5
  R.swift: d6a5ec2f55a8441dc0ed9f1f8b37d7d11ae85c66
  R.swift.Library: c3af34921024333546e23b70e70d0b4e0cffca75
  SwiftLint: 3207c1faa2240bf8973b191820a116113cd11073
  SwiftyGif: d36c6dfb52e2ca1e48fe349d225f50ec4123ec85
  TPPDF: 11ed6f19782bc0aa66b86085fa952b68a00d931e

PODFILE CHECKSUM: 1cf551e766a5e8ae94b759681e9a0b22fb4c329a

COCOAPODS: 1.5.3
