PODS:
  - Hero (1.0.0)
  - Realm (3.0.1):
    - Realm/Headers (= 3.0.1)
  - Realm/Headers (3.0.1)
  - RealmSwift (3.0.1):
    - Realm (= 3.0.1)

DEPENDENCIES:
  - Hero
  - RealmSwift

SPEC CHECKSUMS:
  Hero: 18e7cf8af41c04c8532d1430ac174004a9365c87
  Realm: ba6144c74f835f7497791f6599d63a7755377b83
  RealmSwift: 7d13b1ac4b6022a13f841e3143e7789c9e40ad0d

PODFILE CHECKSUM: 901ed1f1526a081e0deb1d7ec8294dba159ec56e

COCOAPODS: 1.2.0.beta.1
