// !$*UTF8*$!
{
	archiveVersion = 1;
	classes = {
	};
	objectVersion = 46;
	objects = {

/* Begin PBXBuildFile section */
		0A66CD4E1F9592A600A97726 /* FloatingToolbar.xib in Resources */ = {isa = PBXBuildFile; fileRef = 0A66CD4D1F9592A600A97726 /* FloatingToolbar.xib */; };
		0A66CD501F95935500A97726 /* FloatingToolbar.swift in Sources */ = {isa = PBXBuildFile; fileRef = 0A66CD4F1F95935500A97726 /* FloatingToolbar.swift */; };
		0A7459E91F709ADA00CA70E1 /* Geometry.swift in Sources */ = {isa = PBXBuildFile; fileRef = 0A7459E81F709ADA00CA70E1 /* Geometry.swift */; };
		0A771E901FB1429800BBFCD7 /* GoogleService-Info.plist in Resources */ = {isa = PBXBuildFile; fileRef = 0A771E8F1FB1429700BBFCD7 /* GoogleService-Info.plist */; };
		0A88FF751FA04AD6001C0DC6 /* FloatingView.swift in Sources */ = {isa = PBXBuildFile; fileRef = 0A88FF741FA04AD6001C0DC6 /* FloatingView.swift */; };
		0A8C4ADE1F3C15BF00B7246A /* RoundedButton.swift in Sources */ = {isa = PBXBuildFile; fileRef = 0A8C4ADD1F3C15BF00B7246A /* RoundedButton.swift */; };
		0A8D18E11F15DEEF00AABEF7 /* CustomView.swift in Sources */ = {isa = PBXBuildFile; fileRef = 0A8D18E01F15DEEF00AABEF7 /* CustomView.swift */; };
		0A8FDA051FA76EF8002380AA /* Launch Screen.storyboard in Resources */ = {isa = PBXBuildFile; fileRef = 0A8FDA041FA76EF8002380AA /* Launch Screen.storyboard */; };
		0A8FDA071FA8035D002380AA /* StringExtension.swift in Sources */ = {isa = PBXBuildFile; fileRef = 0A8FDA061FA8035D002380AA /* StringExtension.swift */; };
		0A9CC9291F8774EC00AC91A6 /* PhotoEditViewController.swift in Sources */ = {isa = PBXBuildFile; fileRef = 0A9CC9281F8774EC00AC91A6 /* PhotoEditViewController.swift */; };
		0A9E4AFA1F8F300200E3E805 /* BatchProgressView.xib in Resources */ = {isa = PBXBuildFile; fileRef = 0A9E4AF91F8F300200E3E805 /* BatchProgressView.xib */; };
		0A9E4AFC1F8F303200E3E805 /* BatchProgressView.swift in Sources */ = {isa = PBXBuildFile; fileRef = 0A9E4AFB1F8F303200E3E805 /* BatchProgressView.swift */; };
		0A9EBAE31FD6F37200E83778 /* BatchPreviewView.swift in Sources */ = {isa = PBXBuildFile; fileRef = 0A9EBAE21FD6F37200E83778 /* BatchPreviewView.swift */; };
		0A9EBAE51FD6F3AF00E83778 /* BatchPreviewView.xib in Resources */ = {isa = PBXBuildFile; fileRef = 0A9EBAE41FD6F3AF00E83778 /* BatchPreviewView.xib */; };
		0A9EC7741F30735B00F1EF3A /* PhotoCollectionViewCell.xib in Resources */ = {isa = PBXBuildFile; fileRef = 0A9EC7731F30735B00F1EF3A /* PhotoCollectionViewCell.xib */; };
		0A9F86D01FDA756800D25EB6 /* PhotoCollectionViewCell.swift in Sources */ = {isa = PBXBuildFile; fileRef = 0A9F86CF1FDA756800D25EB6 /* PhotoCollectionViewCell.swift */; };
		0AA166941FD7A7F10004205C /* PreviewCollectionViewCell.xib in Resources */ = {isa = PBXBuildFile; fileRef = 0AA166931FD7A7F10004205C /* PreviewCollectionViewCell.xib */; };
		0AA166961FD7A8710004205C /* PreviewCollectionViewCell.swift in Sources */ = {isa = PBXBuildFile; fileRef = 0AA166951FD7A8710004205C /* PreviewCollectionViewCell.swift */; };
		0AA1A07D1F4D1232006297DF /* BatchItem.swift in Sources */ = {isa = PBXBuildFile; fileRef = 0AA1A07C1F4D1232006297DF /* BatchItem.swift */; };
		0AA37B281FD53163002803B8 /* AppDockViewController.swift in Sources */ = {isa = PBXBuildFile; fileRef = 0AA37B271FD53163002803B8 /* AppDockViewController.swift */; };
		0AA382621F4ECA420031BAB5 /* BatchEditViewController.swift in Sources */ = {isa = PBXBuildFile; fileRef = 0AA382611F4ECA420031BAB5 /* BatchEditViewController.swift */; };
		0AA86ED51FD1199A00E6E1B0 /* AppDock.swift in Sources */ = {isa = PBXBuildFile; fileRef = 0AA86ED41FD1199A00E6E1B0 /* AppDock.swift */; };
		0AA86ED71FD11EEF00E6E1B0 /* AppDockView.xib in Resources */ = {isa = PBXBuildFile; fileRef = 0AA86ED61FD11EEF00E6E1B0 /* AppDockView.xib */; };
		0AA86ED91FD12BF600E6E1B0 /* AppDockViewCell.xib in Resources */ = {isa = PBXBuildFile; fileRef = 0AA86ED81FD12BF600E6E1B0 /* AppDockViewCell.xib */; };
		0ABFCF7C1F14B65C0078A583 /* AppDelegate.swift in Sources */ = {isa = PBXBuildFile; fileRef = 0ABFCF7B1F14B65C0078A583 /* AppDelegate.swift */; };
		0ABFCF911F14B7190078A583 /* AppStoryboard.storyboard in Resources */ = {isa = PBXBuildFile; fileRef = 0ABFCF901F14B7190078A583 /* AppStoryboard.storyboard */; };
		0ABFCF931F14B7CB0078A583 /* Assets.xcassets in Resources */ = {isa = PBXBuildFile; fileRef = 0ABFCF921F14B7CB0078A583 /* Assets.xcassets */; };
		0ABFCF991F14B8A70078A583 /* PhotoPickerViewController.swift in Sources */ = {isa = PBXBuildFile; fileRef = 0ABFCF981F14B8A70078A583 /* PhotoPickerViewController.swift */; };
		28B58A4258EFA57A287EE746 /* Pods_batch.framework in Frameworks */ = {isa = PBXBuildFile; fileRef = 281B8EE7F3B930519ABFAAA4 /* Pods_batch.framework */; };
		4F71D0526AC691FEFBBD169B /* Localizable.strings in Resources */ = {isa = PBXBuildFile; fileRef = 4F71DEDA58D74A0E9E2ECE06 /* Localizable.strings */; };
		4F71D0B3B392F1D5678CDF27 /* HelloApps.swift in Sources */ = {isa = PBXBuildFile; fileRef = 4F71D6C0BA9A4A467F0D39DE /* HelloApps.swift */; };
		4F71D0D8F36D5DD098B730C9 /* Localizable.strings in Resources */ = {isa = PBXBuildFile; fileRef = 4F71D6650B343BD1FD52C090 /* Localizable.strings */; };
		4F71D0DA282B291282460314 /* Localizable.strings in Resources */ = {isa = PBXBuildFile; fileRef = 4F71D2973EF3E2EEA95BB75C /* Localizable.strings */; };
		4F71D0DA48145F19DC7D3C78 /* Localizable.strings in Resources */ = {isa = PBXBuildFile; fileRef = 4F71D0465818737363AC2F21 /* Localizable.strings */; };
		4F71D1026669AC77493062A5 /* Localizable.strings in Resources */ = {isa = PBXBuildFile; fileRef = 4F71D6FCA06144FFCE03095F /* Localizable.strings */; };
		4F71D118B669E82F2B55A817 /* Localizable.strings in Resources */ = {isa = PBXBuildFile; fileRef = 4F71D12588991C3FDEE3FB44 /* Localizable.strings */; };
		4F71D1EC0191FF848067761E /* Localizable.strings in Resources */ = {isa = PBXBuildFile; fileRef = 4F71D975D41FEE6C3B165054 /* Localizable.strings */; };
		4F71D2614748F4E556D5365A /* Localizable.strings in Resources */ = {isa = PBXBuildFile; fileRef = 4F71DAE5887558D4E4B7D144 /* Localizable.strings */; };
		4F71D2D2CF84ED29E4A1ED02 /* Item.swift in Sources */ = {isa = PBXBuildFile; fileRef = 4F71D89F3850DE4667332519 /* Item.swift */; };
		4F71D31FED8AA8ECAC8F92A9 /* AppTaskManager.swift in Sources */ = {isa = PBXBuildFile; fileRef = 4F71D8BA896BACAC477A1E38 /* AppTaskManager.swift */; };
		4F71D3257F8705A8937718BB /* Localizable.strings in Resources */ = {isa = PBXBuildFile; fileRef = 4F71DCACF84A1DA9BF620678 /* Localizable.strings */; };
		4F71D338BCF0947F9B174437 /* Localizable.strings in Resources */ = {isa = PBXBuildFile; fileRef = 4F71DE60BD22267627AD3369 /* Localizable.strings */; };
		4F71D370787DC77E5C687706 /* App.swift in Sources */ = {isa = PBXBuildFile; fileRef = 4F71D3040845E37A18D32812 /* App.swift */; };
		4F71D4230BFCF16EAFF45A93 /* Localizable.strings in Resources */ = {isa = PBXBuildFile; fileRef = 4F71DBDD238052BB562A1520 /* Localizable.strings */; };
		4F71D44A6DE27B497526C12B /* Localizable.strings in Resources */ = {isa = PBXBuildFile; fileRef = 4F71D2770A3ABFFB8B2F162F /* Localizable.strings */; };
		4F71D46A2E01D6568FC60D46 /* Localizable.strings in Resources */ = {isa = PBXBuildFile; fileRef = 4F71D8823AC97D63EC7BA13A /* Localizable.strings */; };
		4F71D5054CE0D336F24FD79B /* AppTask.swift in Sources */ = {isa = PBXBuildFile; fileRef = 4F71D5109CDFE3F2E36BF5A8 /* AppTask.swift */; };
		4F71D5C38A3A314B3F982C68 /* Localizable.strings in Resources */ = {isa = PBXBuildFile; fileRef = 4F71D637F755EE4CEE5006C1 /* Localizable.strings */; };
		4F71D760C8DCECB3DDC59844 /* Object.swift in Sources */ = {isa = PBXBuildFile; fileRef = 4F71D5F397502710E3224CC9 /* Object.swift */; };
		4F71D7B5EE6F1FEFA12466E4 /* AppLifecycle.swift in Sources */ = {isa = PBXBuildFile; fileRef = 4F71D3240381293CED953B54 /* AppLifecycle.swift */; };
		4F71D7C58B5BF1E8207B9AAE /* Localizable.strings in Resources */ = {isa = PBXBuildFile; fileRef = 4F71D84417A2C4589C62460B /* Localizable.strings */; };
		4F71D7DAD5763166CE0B4A89 /* Localizable.strings in Resources */ = {isa = PBXBuildFile; fileRef = 4F71DAE2B3174CD120B13469 /* Localizable.strings */; };
		4F71D7F6EFFEB93368DE3224 /* AppConfig.swift in Sources */ = {isa = PBXBuildFile; fileRef = 4F71D7A791F06122924E0876 /* AppConfig.swift */; };
		4F71D894BA4AF87D4280F895 /* Localizable.strings in Resources */ = {isa = PBXBuildFile; fileRef = 4F71D15BDF00971756358C3B /* Localizable.strings */; };
		4F71D896A7F10961FAC286B0 /* Sourceable.swift in Sources */ = {isa = PBXBuildFile; fileRef = 4F71DB3F65BB0609398D99C6 /* Sourceable.swift */; };
		4F71D8A2AAEB13A2A8854942 /* TransformApp.swift in Sources */ = {isa = PBXBuildFile; fileRef = 4F71DA8D4E5709F9CA697F06 /* TransformApp.swift */; };
		4F71D8C8C2085D0C1F338230 /* Localizable.stringsdict in Resources */ = {isa = PBXBuildFile; fileRef = 4F71D358848AEDDF518D0F51 /* Localizable.stringsdict */; };
		4F71D8D45A66CFFA55C5E823 /* Localizable.strings in Resources */ = {isa = PBXBuildFile; fileRef = 4F71DD86C410B7171864EDFB /* Localizable.strings */; };
		4F71D900A88D0FA54F182C93 /* Localizable.strings in Resources */ = {isa = PBXBuildFile; fileRef = 4F71D787FA7288346F55C7D2 /* Localizable.strings */; };
		4F71D908AB7384132BB66508 /* HelloBatchApp.swift in Sources */ = {isa = PBXBuildFile; fileRef = 4F71D74B433D046BF6CFBE11 /* HelloBatchApp.swift */; };
		4F71D94449F2D394F3FD67D9 /* PhotoPickerDetailViewController.swift in Sources */ = {isa = PBXBuildFile; fileRef = 4F71D67696ED68B67F19CD2D /* PhotoPickerDetailViewController.swift */; };
		4F71D9D2E011306A0C3E3D3C /* AssetView.swift in Sources */ = {isa = PBXBuildFile; fileRef = 4F71DA77EDA73C4377CF8FC5 /* AssetView.swift */; };
		4F71DA1C35BDC970075FE453 /* Localizable.strings in Resources */ = {isa = PBXBuildFile; fileRef = 4F71D45095297800225E20DF /* Localizable.strings */; };
		4F71DA33478A4548CE592600 /* Localizable.strings in Resources */ = {isa = PBXBuildFile; fileRef = 4F71D607250C8CE7EAC934E4 /* Localizable.strings */; };
		4F71DA3B1928434E43E5609B /* Localizable.strings in Resources */ = {isa = PBXBuildFile; fileRef = 4F71DB91E3A8E6FCDEB7851A /* Localizable.strings */; };
		4F71DA78F0A25A6CF870972A /* Localizable.strings in Resources */ = {isa = PBXBuildFile; fileRef = 4F71D6A6D7B16CCA0A35056B /* Localizable.strings */; };
		4F71DA9A7F094EDCCF563289 /* Localizable.strings in Resources */ = {isa = PBXBuildFile; fileRef = 4F71D8BD2E55D1DE9E19C784 /* Localizable.strings */; };
		4F71DAC5B5FF6B683658597A /* Localizable.strings in Resources */ = {isa = PBXBuildFile; fileRef = 4F71D566670044107BA5C129 /* Localizable.strings */; };
		4F71DB47B51358C45CBA8C92 /* Localizable.strings in Resources */ = {isa = PBXBuildFile; fileRef = 4F71DADFCE2C0C48CA718BB0 /* Localizable.strings */; };
		4F71DB5DAD9BF2C4EF5C4FA0 /* CheckMarkView.swift in Sources */ = {isa = PBXBuildFile; fileRef = 4F71D2465BD7BAD13DA17B6D /* CheckMarkView.swift */; };
		4F71DB768898580D80284C36 /* Localizable.strings in Resources */ = {isa = PBXBuildFile; fileRef = 4F71DFB57936DCDBE9912EA2 /* Localizable.strings */; };
		4F71DBAF091384939D15EB20 /* Localizable.strings in Resources */ = {isa = PBXBuildFile; fileRef = 4F71DA77AFAFC3B702DAEEF3 /* Localizable.strings */; };
		4F71DBB20F2FE262A7A9C4FA /* Localizable.strings in Resources */ = {isa = PBXBuildFile; fileRef = 4F71D704AF0662CA5111B7FA /* Localizable.strings */; };
		4F71DBD98B4F2FB24C7423E9 /* Localizable.strings in Resources */ = {isa = PBXBuildFile; fileRef = 4F71D3EF40045B6A722DA146 /* Localizable.strings */; };
		4F71DC55BD7BDFF401B7AB59 /* Task.swift in Sources */ = {isa = PBXBuildFile; fileRef = 4F71D8588D09A8F77A3F89CF /* Task.swift */; };
		4F71DC8DF2AEBACBF0FA5DA0 /* BatchEditRequest.swift in Sources */ = {isa = PBXBuildFile; fileRef = 4F71D36D9CDDFD32333A94B4 /* BatchEditRequest.swift */; };
		4F71DC974B06CAE26F7EBFBC /* GradientView.swift in Sources */ = {isa = PBXBuildFile; fileRef = 4F71DED41994345222015B8E /* GradientView.swift */; };
		4F71DCA098F2543CE22F03D8 /* Localizable.strings in Resources */ = {isa = PBXBuildFile; fileRef = 4F71D9D826CB9368FA0D3030 /* Localizable.strings */; };
		4F71DD360A7154C52841BA2B /* Localizable.strings in Resources */ = {isa = PBXBuildFile; fileRef = 4F71D138433504A2ED1451C7 /* Localizable.strings */; };
		4F71DD3950B7D688CA10BF08 /* PHAssetSourceable.swift in Sources */ = {isa = PBXBuildFile; fileRef = 4F71D39BFF3C82EBB8C70AB3 /* PHAssetSourceable.swift */; };
		4F71DD92BFAF13C4AD114FF6 /* AppTaskOperationQueue.swift in Sources */ = {isa = PBXBuildFile; fileRef = 4F71DAD13EC98589E1C308AB /* AppTaskOperationQueue.swift */; };
		4F71DE2A4C6974A1B8D6C2EE /* Localizable.strings in Resources */ = {isa = PBXBuildFile; fileRef = 4F71D2193E4724FAF0ED8057 /* Localizable.strings */; };
		4F71DE4FC79A776D17773600 /* Localizable.strings in Resources */ = {isa = PBXBuildFile; fileRef = 4F71D2C9711FAEC6CE18FD81 /* Localizable.strings */; };
		4F71DE5FFC482B127E18C983 /* Localizable.strings in Resources */ = {isa = PBXBuildFile; fileRef = 4F71D8E2B5D85DC216C35E0F /* Localizable.strings */; };
		4F71DE7C4238DC4EB1557C64 /* Localizable.strings in Resources */ = {isa = PBXBuildFile; fileRef = 4F71D337E9B5A50C5C9ACE1D /* Localizable.strings */; };
		4F71DEC1BA867A484FAE70B6 /* SourceItem.swift in Sources */ = {isa = PBXBuildFile; fileRef = 4F71D37BE27E637934A4E8DE /* SourceItem.swift */; };
		4F71DEDB6C65F93312302E62 /* Localizable.strings in Resources */ = {isa = PBXBuildFile; fileRef = 4F71DF0F772F08504E1E690D /* Localizable.strings */; };
		4F71DF84A842026E8D838578 /* Localizable.strings in Resources */ = {isa = PBXBuildFile; fileRef = 4F71D887CED2C76BAA073A04 /* Localizable.strings */; };
		4F71DFE1512BF9DD6B2AB666 /* Localizable.strings in Resources */ = {isa = PBXBuildFile; fileRef = 4F71D83EA1B944E9FD7CF74E /* Localizable.strings */; };
/* End PBXBuildFile section */

/* Begin PBXFileReference section */
		0A66CD4D1F9592A600A97726 /* FloatingToolbar.xib */ = {isa = PBXFileReference; lastKnownFileType = file.xib; name = FloatingToolbar.xib; path = FloatingToolbar.xib; sourceTree = "<group>"; };
		0A66CD4F1F95935500A97726 /* FloatingToolbar.swift */ = {isa = PBXFileReference; lastKnownFileType = sourcecode.swift; name = FloatingToolbar.swift; path = FloatingToolbar.swift; sourceTree = "<group>"; };
		0A7459E81F709ADA00CA70E1 /* Geometry.swift */ = {isa = PBXFileReference; fileEncoding = 4; lastKnownFileType = sourcecode.swift; name = Geometry.swift; path = Geometry.swift; sourceTree = "<group>"; };
		0A771E8F1FB1429700BBFCD7 /* GoogleService-Info.plist */ = {isa = PBXFileReference; fileEncoding = 4; lastKnownFileType = text.plist.xml; path = "GoogleService-Info.plist"; sourceTree = "<group>"; };
		0A88FF741FA04AD6001C0DC6 /* FloatingView.swift */ = {isa = PBXFileReference; lastKnownFileType = sourcecode.swift; name = FloatingView.swift; path = FloatingView.swift; sourceTree = "<group>"; };
		0A8C4ADD1F3C15BF00B7246A /* RoundedButton.swift */ = {isa = PBXFileReference; fileEncoding = 4; lastKnownFileType = sourcecode.swift; name = RoundedButton.swift; path = RoundedButton.swift; sourceTree = "<group>"; };
		0A8D18E01F15DEEF00AABEF7 /* CustomView.swift */ = {isa = PBXFileReference; fileEncoding = 4; lastKnownFileType = sourcecode.swift; name = CustomView.swift; path = CustomView.swift; sourceTree = "<group>"; };
		0A8FDA041FA76EF8002380AA /* Launch Screen.storyboard */ = {isa = PBXFileReference; lastKnownFileType = file.storyboard; name = "Launch Screen.storyboard"; path = "Launch Screen.storyboard"; sourceTree = "<group>"; };
		0A8FDA061FA8035D002380AA /* StringExtension.swift */ = {isa = PBXFileReference; lastKnownFileType = sourcecode.swift; name = StringExtension.swift; path = StringExtension.swift; sourceTree = "<group>"; };
		0A9CC9281F8774EC00AC91A6 /* PhotoEditViewController.swift */ = {isa = PBXFileReference; lastKnownFileType = sourcecode.swift; name = PhotoEditViewController.swift; path = PhotoEditViewController.swift; sourceTree = "<group>"; };
		0A9E4AF91F8F300200E3E805 /* BatchProgressView.xib */ = {isa = PBXFileReference; lastKnownFileType = file.xib; name = BatchProgressView.xib; path = BatchProgressView.xib; sourceTree = "<group>"; };
		0A9E4AFB1F8F303200E3E805 /* BatchProgressView.swift */ = {isa = PBXFileReference; lastKnownFileType = sourcecode.swift; name = BatchProgressView.swift; path = BatchProgressView.swift; sourceTree = "<group>"; };
		0A9EBAE21FD6F37200E83778 /* BatchPreviewView.swift */ = {isa = PBXFileReference; lastKnownFileType = sourcecode.swift; name = BatchPreviewView.swift; path = BatchPreviewView.swift; sourceTree = "<group>"; };
		0A9EBAE41FD6F3AF00E83778 /* BatchPreviewView.xib */ = {isa = PBXFileReference; lastKnownFileType = file.xib; name = BatchPreviewView.xib; path = BatchPreviewView.xib; sourceTree = "<group>"; };
		0A9EC7731F30735B00F1EF3A /* PhotoCollectionViewCell.xib */ = {isa = PBXFileReference; fileEncoding = 4; lastKnownFileType = file.xib; name = PhotoCollectionViewCell.xib; path = PhotoCollectionViewCell.xib; sourceTree = "<group>"; };
		0A9F86CF1FDA756800D25EB6 /* PhotoCollectionViewCell.swift */ = {isa = PBXFileReference; lastKnownFileType = sourcecode.swift; name = PhotoCollectionViewCell.swift; path = PhotoCollectionViewCell.swift; sourceTree = "<group>"; };
		0AA166931FD7A7F10004205C /* PreviewCollectionViewCell.xib */ = {isa = PBXFileReference; lastKnownFileType = file.xib; name = PreviewCollectionViewCell.xib; path = PreviewCollectionViewCell.xib; sourceTree = "<group>"; };
		0AA166951FD7A8710004205C /* PreviewCollectionViewCell.swift */ = {isa = PBXFileReference; lastKnownFileType = sourcecode.swift; name = PreviewCollectionViewCell.swift; path = PreviewCollectionViewCell.swift; sourceTree = "<group>"; };
		0AA1A07C1F4D1232006297DF /* BatchItem.swift */ = {isa = PBXFileReference; fileEncoding = 4; lastKnownFileType = sourcecode.swift; name = BatchItem.swift; path = BatchItem.swift; sourceTree = "<group>"; };
		0AA37B271FD53163002803B8 /* AppDockViewController.swift */ = {isa = PBXFileReference; lastKnownFileType = sourcecode.swift; name = AppDockViewController.swift; path = AppDockViewController.swift; sourceTree = "<group>"; };
		0AA382611F4ECA420031BAB5 /* BatchEditViewController.swift */ = {isa = PBXFileReference; fileEncoding = 4; lastKnownFileType = sourcecode.swift; name = BatchEditViewController.swift; path = BatchEditViewController.swift; sourceTree = "<group>"; };
		0AA86ED41FD1199A00E6E1B0 /* AppDock.swift */ = {isa = PBXFileReference; lastKnownFileType = sourcecode.swift; path = AppDock.swift; sourceTree = "<group>"; };
		0AA86ED61FD11EEF00E6E1B0 /* AppDockView.xib */ = {isa = PBXFileReference; lastKnownFileType = file.xib; path = AppDockView.xib; sourceTree = "<group>"; };
		0AA86ED81FD12BF600E6E1B0 /* AppDockViewCell.xib */ = {isa = PBXFileReference; lastKnownFileType = file.xib; path = AppDockViewCell.xib; sourceTree = "<group>"; };
		0ABFCF781F14B65C0078A583 /* batch.app */ = {isa = PBXFileReference; explicitFileType = wrapper.application; includeInIndex = 0; path = batch.app; sourceTree = BUILT_PRODUCTS_DIR; };
		0ABFCF7B1F14B65C0078A583 /* AppDelegate.swift */ = {isa = PBXFileReference; lastKnownFileType = sourcecode.swift; path = AppDelegate.swift; sourceTree = "<group>"; };
		0ABFCF871F14B65C0078A583 /* Info.plist */ = {isa = PBXFileReference; lastKnownFileType = text.plist.xml; path = Info.plist; sourceTree = "<group>"; };
		0ABFCF901F14B7190078A583 /* AppStoryboard.storyboard */ = {isa = PBXFileReference; fileEncoding = 4; lastKnownFileType = file.storyboard; name = AppStoryboard.storyboard; path = AppStoryboard.storyboard; sourceTree = "<group>"; };
		0ABFCF921F14B7CB0078A583 /* Assets.xcassets */ = {isa = PBXFileReference; lastKnownFileType = folder.assetcatalog; name = Assets.xcassets; path = Assets.xcassets; sourceTree = "<group>"; };
		0ABFCF981F14B8A70078A583 /* PhotoPickerViewController.swift */ = {isa = PBXFileReference; fileEncoding = 4; lastKnownFileType = sourcecode.swift; name = PhotoPickerViewController.swift; path = PhotoPickerViewController.swift; sourceTree = "<group>"; };
		281B8EE7F3B930519ABFAAA4 /* Pods_batch.framework */ = {isa = PBXFileReference; explicitFileType = wrapper.framework; includeInIndex = 0; path = Pods_batch.framework; sourceTree = BUILT_PRODUCTS_DIR; };
		4F71D0EF623C8441D279F9EF /* th */ = {isa = PBXFileReference; fileEncoding = 4; lastKnownFileType = text.plist.strings; name = th; path = th.lproj/Localizable.strings; sourceTree = "<group>"; };
		4F71D13BC023ADD52581C963 /* pt_PT */ = {isa = PBXFileReference; fileEncoding = 4; lastKnownFileType = text.plist.strings; name = pt_PT; path = pt_PT.lproj/Localizable.strings; sourceTree = "<group>"; };
		4F71D1C5AA013F26B01195B5 /* zh_CN */ = {isa = PBXFileReference; fileEncoding = 4; lastKnownFileType = text.plist.strings; name = zh_CN; path = zh_CN.lproj/Localizable.strings; sourceTree = "<group>"; };
		4F71D1DD9E569A152EA59182 /* sv */ = {isa = PBXFileReference; fileEncoding = 4; lastKnownFileType = text.plist.strings; name = sv; path = sv.lproj/Localizable.strings; sourceTree = "<group>"; };
		4F71D2333E1C88237935C19C /* fr */ = {isa = PBXFileReference; fileEncoding = 4; lastKnownFileType = text.plist.strings; name = fr; path = fr.lproj/Localizable.strings; sourceTree = "<group>"; };
		4F71D2465BD7BAD13DA17B6D /* CheckMarkView.swift */ = {isa = PBXFileReference; fileEncoding = 4; lastKnownFileType = sourcecode.swift; path = CheckMarkView.swift; sourceTree = "<group>"; };
		4F71D25463885D6C59CF7FD8 /* hu */ = {isa = PBXFileReference; fileEncoding = 4; lastKnownFileType = text.plist.strings; name = hu; path = hu.lproj/Localizable.strings; sourceTree = "<group>"; };
		4F71D2A087FBCB496E401080 /* no */ = {isa = PBXFileReference; fileEncoding = 4; lastKnownFileType = text.plist.strings; name = no; path = no.lproj/Localizable.strings; sourceTree = "<group>"; };
		4F71D2AF223D198C3A8983AA /* ms */ = {isa = PBXFileReference; fileEncoding = 4; lastKnownFileType = text.plist.strings; name = ms; path = ms.lproj/Localizable.strings; sourceTree = "<group>"; };
		4F71D3040845E37A18D32812 /* App.swift */ = {isa = PBXFileReference; fileEncoding = 4; lastKnownFileType = sourcecode.swift; path = App.swift; sourceTree = "<group>"; };
		4F71D3240381293CED953B54 /* AppLifecycle.swift */ = {isa = PBXFileReference; fileEncoding = 4; lastKnownFileType = sourcecode.swift; path = AppLifecycle.swift; sourceTree = "<group>"; };
		4F71D34C9ED95194C6049CBC /* en-GB */ = {isa = PBXFileReference; fileEncoding = 4; lastKnownFileType = text.plist.strings; name = "en-GB"; path = "en-GB.lproj/Localizable.strings"; sourceTree = "<group>"; };
		4F71D36D9CDDFD32333A94B4 /* BatchEditRequest.swift */ = {isa = PBXFileReference; fileEncoding = 4; lastKnownFileType = sourcecode.swift; name = BatchEditRequest.swift; path = BatchEditRequest.swift; sourceTree = "<group>"; };
		4F71D37BE27E637934A4E8DE /* SourceItem.swift */ = {isa = PBXFileReference; fileEncoding = 4; lastKnownFileType = sourcecode.swift; path = SourceItem.swift; sourceTree = "<group>"; };
		4F71D39BFF3C82EBB8C70AB3 /* PHAssetSourceable.swift */ = {isa = PBXFileReference; fileEncoding = 4; lastKnownFileType = sourcecode.swift; path = PHAssetSourceable.swift; sourceTree = "<group>"; };
		4F71D3C7C1CE983059638522 /* hi */ = {isa = PBXFileReference; fileEncoding = 4; lastKnownFileType = text.plist.strings; name = hi; path = hi.lproj/Localizable.strings; sourceTree = "<group>"; };
		4F71D3CC1CD448379874CFD8 /* nl */ = {isa = PBXFileReference; fileEncoding = 4; lastKnownFileType = text.plist.strings; name = nl; path = nl.lproj/Localizable.strings; sourceTree = "<group>"; };
		4F71D44B93D442C1A29F2A4F /* ro */ = {isa = PBXFileReference; fileEncoding = 4; lastKnownFileType = text.plist.strings; name = ro; path = ro.lproj/Localizable.strings; sourceTree = "<group>"; };
		4F71D474B8EB459D65B262A9 /* vi */ = {isa = PBXFileReference; fileEncoding = 4; lastKnownFileType = text.plist.strings; name = vi; path = vi.lproj/Localizable.strings; sourceTree = "<group>"; };
		4F71D491C461449E0AAF6754 /* sk */ = {isa = PBXFileReference; fileEncoding = 4; lastKnownFileType = text.plist.strings; name = sk; path = sk.lproj/Localizable.strings; sourceTree = "<group>"; };
		4F71D51065FD6291C02F6F60 /* uk */ = {isa = PBXFileReference; fileEncoding = 4; lastKnownFileType = text.plist.strings; name = uk; path = uk.lproj/Localizable.strings; sourceTree = "<group>"; };
		4F71D5109CDFE3F2E36BF5A8 /* AppTask.swift */ = {isa = PBXFileReference; fileEncoding = 4; lastKnownFileType = sourcecode.swift; path = AppTask.swift; sourceTree = "<group>"; };
		4F71D57DEC15CB9F9006B19F /* es */ = {isa = PBXFileReference; fileEncoding = 4; lastKnownFileType = text.plist.strings; name = es; path = es.lproj/Localizable.strings; sourceTree = "<group>"; };
		4F71D5E0CD7DB061EEEA1608 /* el */ = {isa = PBXFileReference; fileEncoding = 4; lastKnownFileType = text.plist.strings; name = el; path = el.lproj/Localizable.strings; sourceTree = "<group>"; };
		4F71D5F397502710E3224CC9 /* Object.swift */ = {isa = PBXFileReference; fileEncoding = 4; lastKnownFileType = sourcecode.swift; path = Object.swift; sourceTree = "<group>"; };
		4F71D5F451FA76B82B1CA2BB /* it */ = {isa = PBXFileReference; fileEncoding = 4; lastKnownFileType = text.plist.strings; name = it; path = it.lproj/Localizable.strings; sourceTree = "<group>"; };
		4F71D6033841E6E5B5B3890A /* es_MX */ = {isa = PBXFileReference; fileEncoding = 4; lastKnownFileType = text.plist.strings; name = es_MX; path = es_MX.lproj/Localizable.strings; sourceTree = "<group>"; };
		4F71D67696ED68B67F19CD2D /* PhotoPickerDetailViewController.swift */ = {isa = PBXFileReference; fileEncoding = 4; lastKnownFileType = sourcecode.swift; path = PhotoPickerDetailViewController.swift; sourceTree = "<group>"; };
		4F71D6885682DC1EDF20D4D6 /* Base */ = {isa = PBXFileReference; fileEncoding = 4; lastKnownFileType = text.plist.strings; name = Base; path = Base.lproj/Localizable.strings; sourceTree = "<group>"; };
		4F71D6C0BA9A4A467F0D39DE /* HelloApps.swift */ = {isa = PBXFileReference; fileEncoding = 4; lastKnownFileType = sourcecode.swift; path = HelloApps.swift; sourceTree = "<group>"; };
		4F71D74B433D046BF6CFBE11 /* HelloBatchApp.swift */ = {isa = PBXFileReference; fileEncoding = 4; lastKnownFileType = sourcecode.swift; path = HelloBatchApp.swift; sourceTree = "<group>"; };
		4F71D7A791F06122924E0876 /* AppConfig.swift */ = {isa = PBXFileReference; fileEncoding = 4; lastKnownFileType = sourcecode.swift; path = AppConfig.swift; sourceTree = "<group>"; };
		4F71D7AEEEE1B45DEE86ED9A /* ar */ = {isa = PBXFileReference; fileEncoding = 4; lastKnownFileType = text.plist.strings; name = ar; path = ar.lproj/Localizable.strings; sourceTree = "<group>"; };
		4F71D81FED9664274B59247E /* pl */ = {isa = PBXFileReference; fileEncoding = 4; lastKnownFileType = text.plist.strings; name = pl; path = pl.lproj/Localizable.strings; sourceTree = "<group>"; };
		4F71D8588D09A8F77A3F89CF /* Task.swift */ = {isa = PBXFileReference; fileEncoding = 4; lastKnownFileType = sourcecode.swift; name = Task.swift; path = Task.swift; sourceTree = "<group>"; };
		4F71D884AE168A3F257D1058 /* fr_CA */ = {isa = PBXFileReference; fileEncoding = 4; lastKnownFileType = text.plist.strings; name = fr_CA; path = fr_CA.lproj/Localizable.strings; sourceTree = "<group>"; };
		4F71D89F3850DE4667332519 /* Item.swift */ = {isa = PBXFileReference; fileEncoding = 4; lastKnownFileType = sourcecode.swift; path = Item.swift; sourceTree = "<group>"; };
		4F71D8BA896BACAC477A1E38 /* AppTaskManager.swift */ = {isa = PBXFileReference; fileEncoding = 4; lastKnownFileType = sourcecode.swift; path = AppTaskManager.swift; sourceTree = "<group>"; };
		4F71D913359C96D491EF956D /* pt */ = {isa = PBXFileReference; fileEncoding = 4; lastKnownFileType = text.plist.strings; name = pt; path = pt.lproj/Localizable.strings; sourceTree = "<group>"; };
		4F71D940F3555AFC73F93365 /* ko */ = {isa = PBXFileReference; fileEncoding = 4; lastKnownFileType = text.plist.strings; name = ko; path = ko.lproj/Localizable.strings; sourceTree = "<group>"; };
		4F71D9DED43932FEE703A003 /* fi */ = {isa = PBXFileReference; fileEncoding = 4; lastKnownFileType = text.plist.strings; name = fi; path = fi.lproj/Localizable.strings; sourceTree = "<group>"; };
		4F71DA2181531C3B9ED2FC02 /* de */ = {isa = PBXFileReference; fileEncoding = 4; lastKnownFileType = text.plist.strings; name = de; path = de.lproj/Localizable.strings; sourceTree = "<group>"; };
		4F71DA5B89606EF48C6B4543 /* ca */ = {isa = PBXFileReference; fileEncoding = 4; lastKnownFileType = text.plist.strings; name = ca; path = ca.lproj/Localizable.strings; sourceTree = "<group>"; };
		4F71DA77EDA73C4377CF8FC5 /* AssetView.swift */ = {isa = PBXFileReference; fileEncoding = 4; lastKnownFileType = sourcecode.swift; path = AssetView.swift; sourceTree = "<group>"; };
		4F71DA8D4E5709F9CA697F06 /* TransformApp.swift */ = {isa = PBXFileReference; fileEncoding = 4; lastKnownFileType = sourcecode.swift; path = TransformApp.swift; sourceTree = "<group>"; };
		4F71DA9A515F5BA703A54591 /* ja */ = {isa = PBXFileReference; fileEncoding = 4; lastKnownFileType = text.plist.strings; name = ja; path = ja.lproj/Localizable.strings; sourceTree = "<group>"; };
		4F71DAD13EC98589E1C308AB /* AppTaskOperationQueue.swift */ = {isa = PBXFileReference; fileEncoding = 4; lastKnownFileType = sourcecode.swift; path = AppTaskOperationQueue.swift; sourceTree = "<group>"; };
		4F71DB0BE89ADC6F301D2F4A /* en-AU */ = {isa = PBXFileReference; fileEncoding = 4; lastKnownFileType = text.plist.strings; name = "en-AU"; path = "en-AU.lproj/Localizable.strings"; sourceTree = "<group>"; };
		4F71DB3E4F4F185F2492D245 /* cs */ = {isa = PBXFileReference; fileEncoding = 4; lastKnownFileType = text.plist.strings; name = cs; path = cs.lproj/Localizable.strings; sourceTree = "<group>"; };
		4F71DB3F65BB0609398D99C6 /* Sourceable.swift */ = {isa = PBXFileReference; fileEncoding = 4; lastKnownFileType = sourcecode.swift; path = Sourceable.swift; sourceTree = "<group>"; };
		4F71DB4D726887E340A334FE /* Base */ = {isa = PBXFileReference; fileEncoding = 4; lastKnownFileType = text.plist.stringsdict; name = Base; path = Base.lproj/Localizable.stringsdict; sourceTree = "<group>"; };
		4F71DB8E76378BA0C14401DE /* hr */ = {isa = PBXFileReference; fileEncoding = 4; lastKnownFileType = text.plist.strings; name = hr; path = hr.lproj/Localizable.strings; sourceTree = "<group>"; };
		4F71DBCF0DEBB7C45E3D4CB1 /* zh_HK */ = {isa = PBXFileReference; fileEncoding = 4; lastKnownFileType = text.plist.strings; name = zh_HK; path = zh_HK.lproj/Localizable.strings; sourceTree = "<group>"; };
		4F71DD1540B017CB97037AD9 /* ru */ = {isa = PBXFileReference; fileEncoding = 4; lastKnownFileType = text.plist.strings; name = ru; path = ru.lproj/Localizable.strings; sourceTree = "<group>"; };
		4F71DDDD93F75F5FAAA0F0AE /* tr */ = {isa = PBXFileReference; fileEncoding = 4; lastKnownFileType = text.plist.strings; name = tr; path = tr.lproj/Localizable.strings; sourceTree = "<group>"; };
		4F71DE512C4F83778C8F5378 /* da */ = {isa = PBXFileReference; fileEncoding = 4; lastKnownFileType = text.plist.strings; name = da; path = da.lproj/Localizable.strings; sourceTree = "<group>"; };
		4F71DEA03C0274D1BC60952F /* zh_TW */ = {isa = PBXFileReference; fileEncoding = 4; lastKnownFileType = text.plist.strings; name = zh_TW; path = zh_TW.lproj/Localizable.strings; sourceTree = "<group>"; };
		4F71DED41994345222015B8E /* GradientView.swift */ = {isa = PBXFileReference; fileEncoding = 4; lastKnownFileType = sourcecode.swift; path = GradientView.swift; sourceTree = "<group>"; };
		4F71DF5E3D4E03A0AA20BB11 /* he */ = {isa = PBXFileReference; fileEncoding = 4; lastKnownFileType = text.plist.strings; name = he; path = he.lproj/Localizable.strings; sourceTree = "<group>"; };
		4F71DFA68826746F9F8F754F /* id */ = {isa = PBXFileReference; fileEncoding = 4; lastKnownFileType = text.plist.strings; name = id; path = id.lproj/Localizable.strings; sourceTree = "<group>"; };
		614D248BD87AEAE91795DFC4 /* Pods-batch.release.xcconfig */ = {isa = PBXFileReference; includeInIndex = 1; lastKnownFileType = text.xcconfig; name = "Pods-batch.release.xcconfig"; path = "Pods/Target Support Files/Pods-batch/Pods-batch.release.xcconfig"; sourceTree = "<group>"; };
		E6C115FBD773BA835480B08C /* Pods-batch.debug.xcconfig */ = {isa = PBXFileReference; includeInIndex = 1; lastKnownFileType = text.xcconfig; name = "Pods-batch.debug.xcconfig"; path = "Pods/Target Support Files/Pods-batch/Pods-batch.debug.xcconfig"; sourceTree = "<group>"; };
/* End PBXFileReference section */

/* Begin PBXFrameworksBuildPhase section */
		0ABFCF751F14B65C0078A583 /* Frameworks */ = {
			isa = PBXFrameworksBuildPhase;
			buildActionMask = 2147483647;
			files = (
				28B58A4258EFA57A287EE746 /* Pods_batch.framework in Frameworks */,
			);
			runOnlyForDeploymentPostprocessing = 0;
		};
/* End PBXFrameworksBuildPhase section */

/* Begin PBXGroup section */
		0275E32D7924136E4A006D21 /* Pods */ = {
			isa = PBXGroup;
			children = (
				E6C115FBD773BA835480B08C /* Pods-batch.debug.xcconfig */,
				614D248BD87AEAE91795DFC4 /* Pods-batch.release.xcconfig */,
			);
			name = Pods;
			sourceTree = "<group>";
		};
		0A7459E71F709AC800CA70E1 /* Extensions */ = {
			isa = PBXGroup;
			children = (
				0A7459E81F709ADA00CA70E1 /* Geometry.swift */,
				0A8FDA061FA8035D002380AA /* StringExtension.swift */,
			);
			name = Extensions;
			path = Extensions;
			sourceTree = "<group>";
		};
		0A8C4ADC1F3C159300B7246A /* Custom Controls */ = {
			isa = PBXGroup;
			children = (
				0A9E4AFB1F8F303200E3E805 /* BatchProgressView.swift */,
				4F71D2465BD7BAD13DA17B6D /* CheckMarkView.swift */,
				0A8D18E01F15DEEF00AABEF7 /* CustomView.swift */,
				0A66CD4F1F95935500A97726 /* FloatingToolbar.swift */,
				0A88FF741FA04AD6001C0DC6 /* FloatingView.swift */,
				4F71DED41994345222015B8E /* GradientView.swift */,
				0A8C4ADD1F3C15BF00B7246A /* RoundedButton.swift */,
			);
			name = "Custom Controls";
			path = "Custom Controls";
			sourceTree = "<group>";
		};
		0A9EBAE11FD6F34300E83778 /* Selector */ = {
			isa = PBXGroup;
			children = (
				0A9EBAE21FD6F37200E83778 /* BatchPreviewView.swift */,
				0A9EBAE41FD6F3AF00E83778 /* BatchPreviewView.xib */,
				0A9F86CF1FDA756800D25EB6 /* PhotoCollectionViewCell.swift */,
				0AA166951FD7A8710004205C /* PreviewCollectionViewCell.swift */,
				0AA166931FD7A7F10004205C /* PreviewCollectionViewCell.xib */,
			);
			name = Selector;
			path = Selector;
			sourceTree = "<group>";
		};
		0AA1A07B1F4D121A006297DF /* Edit */ = {
			isa = PBXGroup;
			children = (
				4F71D36D9CDDFD32333A94B4 /* BatchEditRequest.swift */,
				0AA1A07C1F4D1232006297DF /* BatchItem.swift */,
			);
			name = Edit;
			path = Edit;
			sourceTree = "<group>";
		};
		0AA347DF1F15B29A004EE8E6 /* Interfaces */ = {
			isa = PBXGroup;
			children = (
				0A9E4AF91F8F300200E3E805 /* BatchProgressView.xib */,
				0A66CD4D1F9592A600A97726 /* FloatingToolbar.xib */,
				0A9EC7731F30735B00F1EF3A /* PhotoCollectionViewCell.xib */,
			);
			name = Interfaces;
			path = Interfaces;
			sourceTree = "<group>";
		};
		0AA86ED31FD1196C00E6E1B0 /* AppDock */ = {
			isa = PBXGroup;
			children = (
				0AA86ED41FD1199A00E6E1B0 /* AppDock.swift */,
				0AA86ED61FD11EEF00E6E1B0 /* AppDockView.xib */,
				0AA86ED81FD12BF600E6E1B0 /* AppDockViewCell.xib */,
			);
			path = AppDock;
			sourceTree = "<group>";
		};
		0ABFCF6F1F14B65C0078A583 = {
			isa = PBXGroup;
			children = (
				DEBB1972B2E19B0514B3BEDD /* Frameworks */,
				0275E32D7924136E4A006D21 /* Pods */,
				0ABFCF791F14B65C0078A583 /* Products */,
				0ABFCF7A1F14B65C0078A583 /* batch */,
			);
			sourceTree = "<group>";
		};
		0ABFCF791F14B65C0078A583 /* Products */ = {
			isa = PBXGroup;
			children = (
				0ABFCF781F14B65C0078A583 /* batch.app */,
			);
			name = Products;
			sourceTree = "<group>";
		};
		0ABFCF7A1F14B65C0078A583 /* batch */ = {
			isa = PBXGroup;
			children = (
				0ABFCF961F14B8830078A583 /* Classes */,
				0ABFCF8D1F14B6EF0078A583 /* Resources */,
				0ABFCF7B1F14B65C0078A583 /* AppDelegate.swift */,
				0A771E8F1FB1429700BBFCD7 /* GoogleService-Info.plist */,
				0ABFCF871F14B65C0078A583 /* Info.plist */,
			);
			path = batch;
			sourceTree = "<group>";
		};
		0ABFCF8D1F14B6EF0078A583 /* Resources */ = {
			isa = PBXGroup;
			children = (
				4F71DE7B3FF31C24F51092F5 /* Localizations */,
				0ABFCF8E1F14B6F40078A583 /* User Interfaces */,
				0ABFCF921F14B7CB0078A583 /* Assets.xcassets */,
				0A8FDA041FA76EF8002380AA /* Launch Screen.storyboard */,
			);
			name = Resources;
			path = Resources;
			sourceTree = "<group>";
		};
		0ABFCF8E1F14B6F40078A583 /* User Interfaces */ = {
			isa = PBXGroup;
			children = (
				0AA347DF1F15B29A004EE8E6 /* Interfaces */,
				0ABFCF8F1F14B6FB0078A583 /* Storyboards */,
			);
			name = "User Interfaces";
			path = "User Interfaces";
			sourceTree = "<group>";
		};
		0ABFCF8F1F14B6FB0078A583 /* Storyboards */ = {
			isa = PBXGroup;
			children = (
				0ABFCF901F14B7190078A583 /* AppStoryboard.storyboard */,
			);
			name = Storyboards;
			path = Storyboards;
			sourceTree = "<group>";
		};
		0ABFCF961F14B8830078A583 /* Classes */ = {
			isa = PBXGroup;
			children = (
				0AA86ED31FD1196C00E6E1B0 /* AppDock */,
				4F71DCB7FD70D9D27E5C6324 /* Apps */,
				4F71D2EACB3C0ECE4939A9E0 /* CodeKit */,
				0A8C4ADC1F3C159300B7246A /* Custom Controls */,
				0AA1A07B1F4D121A006297DF /* Edit */,
				0A7459E71F709AC800CA70E1 /* Extensions */,
				0A9EBAE11FD6F34300E83778 /* Selector */,
				0AA37B271FD53163002803B8 /* AppDockViewController.swift */,
				0AA382611F4ECA420031BAB5 /* BatchEditViewController.swift */,
				0A9CC9281F8774EC00AC91A6 /* PhotoEditViewController.swift */,
				4F71D67696ED68B67F19CD2D /* PhotoPickerDetailViewController.swift */,
				0ABFCF981F14B8A70078A583 /* PhotoPickerViewController.swift */,
				4F71D3F927DB065FC50389CC /* HelloApps */,
			);
			name = Classes;
			path = Classes;
			sourceTree = "<group>";
		};
		4F71D003329A303D4860B4AF /* ru.lproj */ = {
			isa = PBXGroup;
			children = (
				4F71D2C9711FAEC6CE18FD81 /* Localizable.strings */,
			);
			path = ru.lproj;
			sourceTree = "<group>";
		};
		4F71D03CA7F110991EC0EB2A /* fr.lproj */ = {
			isa = PBXGroup;
			children = (
				4F71D2770A3ABFFB8B2F162F /* Localizable.strings */,
			);
			path = fr.lproj;
			sourceTree = "<group>";
		};
		4F71D040A83C02DEE803C86D /* AppTask */ = {
			isa = PBXGroup;
			children = (
				4F71D3040845E37A18D32812 /* App.swift */,
				4F71D7A791F06122924E0876 /* AppConfig.swift */,
				4F71D3240381293CED953B54 /* AppLifecycle.swift */,
				4F71D5109CDFE3F2E36BF5A8 /* AppTask.swift */,
				4F71D8BA896BACAC477A1E38 /* AppTaskManager.swift */,
				4F71DAD13EC98589E1C308AB /* AppTaskOperationQueue.swift */,
			);
			path = AppTask;
			sourceTree = "<group>";
		};
		4F71D0464F5C58AA32471AD6 /* zh_HK.lproj */ = {
			isa = PBXGroup;
			children = (
				4F71D6650B343BD1FD52C090 /* Localizable.strings */,
			);
			path = zh_HK.lproj;
			sourceTree = "<group>";
		};
		4F71D0AE84EDD0316762BB6D /* ms.lproj */ = {
			isa = PBXGroup;
			children = (
				4F71D15BDF00971756358C3B /* Localizable.strings */,
			);
			path = ms.lproj;
			sourceTree = "<group>";
		};
		4F71D1AAB1039DB298588E57 /* uk.lproj */ = {
			isa = PBXGroup;
			children = (
				4F71D975D41FEE6C3B165054 /* Localizable.strings */,
			);
			path = uk.lproj;
			sourceTree = "<group>";
		};
		4F71D1ED7546D18117A28A0C /* fr_CA.lproj */ = {
			isa = PBXGroup;
			children = (
				4F71D566670044107BA5C129 /* Localizable.strings */,
			);
			path = fr_CA.lproj;
			sourceTree = "<group>";
		};
		4F71D234577D4299C8F1AC8F /* cs.lproj */ = {
			isa = PBXGroup;
			children = (
				4F71DD86C410B7171864EDFB /* Localizable.strings */,
			);
			path = cs.lproj;
			sourceTree = "<group>";
		};
		4F71D26744A948747C027C9C /* pt.lproj */ = {
			isa = PBXGroup;
			children = (
				4F71D8E2B5D85DC216C35E0F /* Localizable.strings */,
			);
			path = pt.lproj;
			sourceTree = "<group>";
		};
		4F71D2EACB3C0ECE4939A9E0 /* CodeKit */ = {
			isa = PBXGroup;
			children = (
				4F71D040A83C02DEE803C86D /* AppTask */,
				4F71D97A52EB95A742380292 /* Views */,
				4F71D89F3850DE4667332519 /* Item.swift */,
				4F71D5F397502710E3224CC9 /* Object.swift */,
				4F71D8588D09A8F77A3F89CF /* Task.swift */,
				4F71DBD8B1EA7E512BFA8988 /* Sourceable */,
			);
			name = CodeKit;
			path = CodeKit;
			sourceTree = "<group>";
		};
		4F71D369ABFDDB2A68429473 /* he.lproj */ = {
			isa = PBXGroup;
			children = (
				4F71D607250C8CE7EAC934E4 /* Localizable.strings */,
			);
			path = he.lproj;
			sourceTree = "<group>";
		};
		4F71D3CA173030FD71CD611F /* es_MX.lproj */ = {
			isa = PBXGroup;
			children = (
				4F71D9D826CB9368FA0D3030 /* Localizable.strings */,
			);
			path = es_MX.lproj;
			sourceTree = "<group>";
		};
		4F71D3F927DB065FC50389CC /* HelloApps */ = {
			isa = PBXGroup;
			children = (
				4F71D74B433D046BF6CFBE11 /* HelloBatchApp.swift */,
				4F71D6C0BA9A4A467F0D39DE /* HelloApps.swift */,
			);
			name = HelloApps;
			path = batch/HelloApps;
			sourceTree = SOURCE_ROOT;
		};
		4F71D4852A5D5EEB3AC24500 /* ca.lproj */ = {
			isa = PBXGroup;
			children = (
				4F71DF0F772F08504E1E690D /* Localizable.strings */,
			);
			path = ca.lproj;
			sourceTree = "<group>";
		};
		4F71D4A3533AE77D93DE78C6 /* pt_PT.lproj */ = {
			isa = PBXGroup;
			children = (
				4F71DFB57936DCDBE9912EA2 /* Localizable.strings */,
			);
			path = pt_PT.lproj;
			sourceTree = "<group>";
		};
		4F71D51912D61CC190B71D27 /* tr.lproj */ = {
			isa = PBXGroup;
			children = (
				4F71D887CED2C76BAA073A04 /* Localizable.strings */,
			);
			path = tr.lproj;
			sourceTree = "<group>";
		};
		4F71D593AB59E049FF2F802C /* sv.lproj */ = {
			isa = PBXGroup;
			children = (
				4F71D83EA1B944E9FD7CF74E /* Localizable.strings */,
			);
			path = sv.lproj;
			sourceTree = "<group>";
		};
		4F71D6B51C82825082E3E704 /* ja.lproj */ = {
			isa = PBXGroup;
			children = (
				4F71DADFCE2C0C48CA718BB0 /* Localizable.strings */,
			);
			path = ja.lproj;
			sourceTree = "<group>";
		};
		4F71D6B594820E3B37DF2C0C /* ar.lproj */ = {
			isa = PBXGroup;
			children = (
				4F71D138433504A2ED1451C7 /* Localizable.strings */,
			);
			path = ar.lproj;
			sourceTree = "<group>";
		};
		4F71D6BB3C1AB83311376FDB /* da.lproj */ = {
			isa = PBXGroup;
			children = (
				4F71DB91E3A8E6FCDEB7851A /* Localizable.strings */,
			);
			path = da.lproj;
			sourceTree = "<group>";
		};
		4F71D6DF36BE686C5AF8B11F /* de.lproj */ = {
			isa = PBXGroup;
			children = (
				4F71D787FA7288346F55C7D2 /* Localizable.strings */,
			);
			path = de.lproj;
			sourceTree = "<group>";
		};
		4F71D6F321FAF0EE76861570 /* el.lproj */ = {
			isa = PBXGroup;
			children = (
				4F71D84417A2C4589C62460B /* Localizable.strings */,
			);
			path = el.lproj;
			sourceTree = "<group>";
		};
		4F71D6F7949C5EE7BEC1F006 /* ko.lproj */ = {
			isa = PBXGroup;
			children = (
				4F71D12588991C3FDEE3FB44 /* Localizable.strings */,
			);
			path = ko.lproj;
			sourceTree = "<group>";
		};
		4F71D77D2FE251DC1707281A /* hi.lproj */ = {
			isa = PBXGroup;
			children = (
				4F71DBDD238052BB562A1520 /* Localizable.strings */,
			);
			path = hi.lproj;
			sourceTree = "<group>";
		};
		4F71D77D60DD442EF3D8EF42 /* hr.lproj */ = {
			isa = PBXGroup;
			children = (
				4F71D8823AC97D63EC7BA13A /* Localizable.strings */,
			);
			path = hr.lproj;
			sourceTree = "<group>";
		};
		4F71D7C943141C1C3EFEEB00 /* sk.lproj */ = {
			isa = PBXGroup;
			children = (
				4F71D3EF40045B6A722DA146 /* Localizable.strings */,
			);
			path = sk.lproj;
			sourceTree = "<group>";
		};
		4F71D8D03EDE3AED70FE5F12 /* th.lproj */ = {
			isa = PBXGroup;
			children = (
				4F71DAE5887558D4E4B7D144 /* Localizable.strings */,
			);
			path = th.lproj;
			sourceTree = "<group>";
		};
		4F71D97A52EB95A742380292 /* Views */ = {
			isa = PBXGroup;
			children = (
				4F71DA77EDA73C4377CF8FC5 /* AssetView.swift */,
			);
			path = Views;
			sourceTree = "<group>";
		};
		4F71D9F03D3BADEE30F585CA /* en-GB.lproj */ = {
			isa = PBXGroup;
			children = (
				4F71DEDA58D74A0E9E2ECE06 /* Localizable.strings */,
			);
			path = "en-GB.lproj";
			sourceTree = "<group>";
		};
		4F71DA1C177C4E8285CC69A0 /* es.lproj */ = {
			isa = PBXGroup;
			children = (
				4F71D2973EF3E2EEA95BB75C /* Localizable.strings */,
			);
			path = es.lproj;
			sourceTree = "<group>";
		};
		4F71DA4FD940B1AA42170870 /* no.lproj */ = {
			isa = PBXGroup;
			children = (
				4F71D704AF0662CA5111B7FA /* Localizable.strings */,
			);
			path = no.lproj;
			sourceTree = "<group>";
		};
		4F71DA94E895E23200BB0D27 /* it.lproj */ = {
			isa = PBXGroup;
			children = (
				4F71D637F755EE4CEE5006C1 /* Localizable.strings */,
			);
			path = it.lproj;
			sourceTree = "<group>";
		};
		4F71DBD8B1EA7E512BFA8988 /* Sourceable */ = {
			isa = PBXGroup;
			children = (
				4F71DB3F65BB0609398D99C6 /* Sourceable.swift */,
				4F71D37BE27E637934A4E8DE /* SourceItem.swift */,
				4F71D39BFF3C82EBB8C70AB3 /* PHAssetSourceable.swift */,
			);
			path = Sourceable;
			sourceTree = "<group>";
		};
		4F71DBE2023C816AC02FF1AB /* vi.lproj */ = {
			isa = PBXGroup;
			children = (
				4F71DA77AFAFC3B702DAEEF3 /* Localizable.strings */,
			);
			path = vi.lproj;
			sourceTree = "<group>";
		};
		4F71DC25F52A62151213740A /* Base.lproj */ = {
			isa = PBXGroup;
			children = (
				4F71D0465818737363AC2F21 /* Localizable.strings */,
				4F71D358848AEDDF518D0F51 /* Localizable.stringsdict */,
			);
			path = Base.lproj;
			sourceTree = "<group>";
		};
		4F71DCB7FD70D9D27E5C6324 /* Apps */ = {
			isa = PBXGroup;
			children = (
				4F71DA8D4E5709F9CA697F06 /* TransformApp.swift */,
			);
			path = Apps;
			sourceTree = "<group>";
		};
		4F71DD3693769A2291D991D5 /* hu.lproj */ = {
			isa = PBXGroup;
			children = (
				4F71D6A6D7B16CCA0A35056B /* Localizable.strings */,
			);
			path = hu.lproj;
			sourceTree = "<group>";
		};
		4F71DD697E158D7EF680D50D /* zh_TW.lproj */ = {
			isa = PBXGroup;
			children = (
				4F71D8BD2E55D1DE9E19C784 /* Localizable.strings */,
			);
			path = zh_TW.lproj;
			sourceTree = "<group>";
		};
		4F71DD6F819548B71B1CE440 /* ro.lproj */ = {
			isa = PBXGroup;
			children = (
				4F71D337E9B5A50C5C9ACE1D /* Localizable.strings */,
			);
			path = ro.lproj;
			sourceTree = "<group>";
		};
		4F71DDD6D4781769561DD396 /* pl.lproj */ = {
			isa = PBXGroup;
			children = (
				4F71D6FCA06144FFCE03095F /* Localizable.strings */,
			);
			path = pl.lproj;
			sourceTree = "<group>";
		};
		4F71DDE42E3152EAE7428FB7 /* en-AU.lproj */ = {
			isa = PBXGroup;
			children = (
				4F71DAE2B3174CD120B13469 /* Localizable.strings */,
			);
			path = "en-AU.lproj";
			sourceTree = "<group>";
		};
		4F71DE21318717B630281DF9 /* id.lproj */ = {
			isa = PBXGroup;
			children = (
				4F71D2193E4724FAF0ED8057 /* Localizable.strings */,
			);
			path = id.lproj;
			sourceTree = "<group>";
		};
		4F71DE7B3FF31C24F51092F5 /* Localizations */ = {
			isa = PBXGroup;
			children = (
				4F71DC25F52A62151213740A /* Base.lproj */,
				4F71D6B594820E3B37DF2C0C /* ar.lproj */,
				4F71D4852A5D5EEB3AC24500 /* ca.lproj */,
				4F71D234577D4299C8F1AC8F /* cs.lproj */,
				4F71D6BB3C1AB83311376FDB /* da.lproj */,
				4F71D6DF36BE686C5AF8B11F /* de.lproj */,
				4F71D6F321FAF0EE76861570 /* el.lproj */,
				4F71DDE42E3152EAE7428FB7 /* en-AU.lproj */,
				4F71D9F03D3BADEE30F585CA /* en-GB.lproj */,
				4F71DA1C177C4E8285CC69A0 /* es.lproj */,
				4F71D3CA173030FD71CD611F /* es_MX.lproj */,
				4F71DEF9C0907E5DE42F008F /* fi.lproj */,
				4F71D03CA7F110991EC0EB2A /* fr.lproj */,
				4F71D1ED7546D18117A28A0C /* fr_CA.lproj */,
				4F71D369ABFDDB2A68429473 /* he.lproj */,
				4F71D77D2FE251DC1707281A /* hi.lproj */,
				4F71D77D60DD442EF3D8EF42 /* hr.lproj */,
				4F71DD3693769A2291D991D5 /* hu.lproj */,
				4F71DE21318717B630281DF9 /* id.lproj */,
				4F71DA94E895E23200BB0D27 /* it.lproj */,
				4F71D6B51C82825082E3E704 /* ja.lproj */,
				4F71D6F7949C5EE7BEC1F006 /* ko.lproj */,
				4F71D0AE84EDD0316762BB6D /* ms.lproj */,
				4F71DFFB6EDBD127D3496162 /* nl.lproj */,
				4F71DA4FD940B1AA42170870 /* no.lproj */,
				4F71DDD6D4781769561DD396 /* pl.lproj */,
				4F71D26744A948747C027C9C /* pt.lproj */,
				4F71D4A3533AE77D93DE78C6 /* pt_PT.lproj */,
				4F71DD6F819548B71B1CE440 /* ro.lproj */,
				4F71D003329A303D4860B4AF /* ru.lproj */,
				4F71D7C943141C1C3EFEEB00 /* sk.lproj */,
				4F71D593AB59E049FF2F802C /* sv.lproj */,
				4F71D8D03EDE3AED70FE5F12 /* th.lproj */,
				4F71D51912D61CC190B71D27 /* tr.lproj */,
				4F71D1AAB1039DB298588E57 /* uk.lproj */,
				4F71DBE2023C816AC02FF1AB /* vi.lproj */,
				4F71DF02E95EC0E800053BE5 /* zh_CN.lproj */,
				4F71D0464F5C58AA32471AD6 /* zh_HK.lproj */,
				4F71DD697E158D7EF680D50D /* zh_TW.lproj */,
			);
			name = Localizations;
			path = Localizations;
			sourceTree = "<group>";
		};
		4F71DEF9C0907E5DE42F008F /* fi.lproj */ = {
			isa = PBXGroup;
			children = (
				4F71DE60BD22267627AD3369 /* Localizable.strings */,
			);
			path = fi.lproj;
			sourceTree = "<group>";
		};
		4F71DF02E95EC0E800053BE5 /* zh_CN.lproj */ = {
			isa = PBXGroup;
			children = (
				4F71D45095297800225E20DF /* Localizable.strings */,
			);
			path = zh_CN.lproj;
			sourceTree = "<group>";
		};
		4F71DFFB6EDBD127D3496162 /* nl.lproj */ = {
			isa = PBXGroup;
			children = (
				4F71DCACF84A1DA9BF620678 /* Localizable.strings */,
			);
			path = nl.lproj;
			sourceTree = "<group>";
		};
		DEBB1972B2E19B0514B3BEDD /* Frameworks */ = {
			isa = PBXGroup;
			children = (
				281B8EE7F3B930519ABFAAA4 /* Pods_batch.framework */,
			);
			name = Frameworks;
			sourceTree = "<group>";
		};
/* End PBXGroup section */

/* Begin PBXNativeTarget section */
		0ABFCF771F14B65C0078A583 /* batch */ = {
			isa = PBXNativeTarget;
			buildConfigurationList = 0ABFCF8A1F14B65C0078A583 /* Build configuration list for PBXNativeTarget "batch" */;
			buildPhases = (
				9FF1A055D87F28B3A17235D3 /* [CP] Check Pods Manifest.lock */,
				0ABFCF741F14B65C0078A583 /* Sources */,
				0ABFCF751F14B65C0078A583 /* Frameworks */,
				0ABFCF761F14B65C0078A583 /* Resources */,
				E3607A0050E70D649848C2DD /* [CP] Embed Pods Frameworks */,
				C20D0C51CA26F75201584114 /* [CP] Copy Pods Resources */,
				A02DED091FBF651C003796B6 /* ShellScript */,
			);
			buildRules = (
			);
			dependencies = (
			);
			name = batch;
			productName = batch;
			productReference = 0ABFCF781F14B65C0078A583 /* batch.app */;
			productType = "com.apple.product-type.application";
		};
/* End PBXNativeTarget section */

/* Begin PBXProject section */
		0ABFCF701F14B65C0078A583 /* Project object */ = {
			isa = PBXProject;
			attributes = {
				LastSwiftUpdateCheck = 0830;
				LastUpgradeCheck = 0920;
				ORGANIZATIONNAME = Stells;
				TargetAttributes = {
					0ABFCF771F14B65C0078A583 = {
						CreatedOnToolsVersion = 8.3.3;
						DevelopmentTeam = DAGHHLSPPQ;
						LastSwiftMigration = 0900;
						ProvisioningStyle = Manual;
					};
				};
			};
			buildConfigurationList = 0ABFCF731F14B65C0078A583 /* Build configuration list for PBXProject "batch" */;
			compatibilityVersion = "Xcode 3.2";
			developmentRegion = English;
			hasScannedForEncodings = 0;
			knownRegions = (
				en,
				Base,
			);
			mainGroup = 0ABFCF6F1F14B65C0078A583;
			productRefGroup = 0ABFCF791F14B65C0078A583 /* Products */;
			projectDirPath = "";
			projectRoot = "";
			targets = (
				0ABFCF771F14B65C0078A583 /* batch */,
			);
		};
/* End PBXProject section */

/* Begin PBXResourcesBuildPhase section */
		0ABFCF761F14B65C0078A583 /* Resources */ = {
			isa = PBXResourcesBuildPhase;
			buildActionMask = 2147483647;
			files = (
				0ABFCF931F14B7CB0078A583 /* Assets.xcassets in Resources */,
				0AA86ED91FD12BF600E6E1B0 /* AppDockViewCell.xib in Resources */,
				0A9EC7741F30735B00F1EF3A /* PhotoCollectionViewCell.xib in Resources */,
				0A66CD4E1F9592A600A97726 /* FloatingToolbar.xib in Resources */,
				0A9E4AFA1F8F300200E3E805 /* BatchProgressView.xib in Resources */,
				0ABFCF911F14B7190078A583 /* AppStoryboard.storyboard in Resources */,
				0A771E901FB1429800BBFCD7 /* GoogleService-Info.plist in Resources */,
				0A9EBAE51FD6F3AF00E83778 /* BatchPreviewView.xib in Resources */,
				0AA86ED71FD11EEF00E6E1B0 /* AppDockView.xib in Resources */,
				0AA166941FD7A7F10004205C /* PreviewCollectionViewCell.xib in Resources */,
				0A8FDA051FA76EF8002380AA /* Launch Screen.storyboard in Resources */,
				4F71D0DA48145F19DC7D3C78 /* Localizable.strings in Resources */,
				4F71D8C8C2085D0C1F338230 /* Localizable.stringsdict in Resources */,
				4F71DD360A7154C52841BA2B /* Localizable.strings in Resources */,
				4F71DEDB6C65F93312302E62 /* Localizable.strings in Resources */,
				4F71D8D45A66CFFA55C5E823 /* Localizable.strings in Resources */,
				4F71DA3B1928434E43E5609B /* Localizable.strings in Resources */,
				4F71D900A88D0FA54F182C93 /* Localizable.strings in Resources */,
				4F71D7C58B5BF1E8207B9AAE /* Localizable.strings in Resources */,
				4F71D7DAD5763166CE0B4A89 /* Localizable.strings in Resources */,
				4F71D0526AC691FEFBBD169B /* Localizable.strings in Resources */,
				4F71DCA098F2543CE22F03D8 /* Localizable.strings in Resources */,
				4F71D0DA282B291282460314 /* Localizable.strings in Resources */,
				4F71D338BCF0947F9B174437 /* Localizable.strings in Resources */,
				4F71DAC5B5FF6B683658597A /* Localizable.strings in Resources */,
				4F71D44A6DE27B497526C12B /* Localizable.strings in Resources */,
				4F71D4230BFCF16EAFF45A93 /* Localizable.strings in Resources */,
				4F71D46A2E01D6568FC60D46 /* Localizable.strings in Resources */,
				4F71DA78F0A25A6CF870972A /* Localizable.strings in Resources */,
				4F71DE2A4C6974A1B8D6C2EE /* Localizable.strings in Resources */,
				4F71D5C38A3A314B3F982C68 /* Localizable.strings in Resources */,
				4F71DB47B51358C45CBA8C92 /* Localizable.strings in Resources */,
				4F71D894BA4AF87D4280F895 /* Localizable.strings in Resources */,
				4F71D3257F8705A8937718BB /* Localizable.strings in Resources */,
				4F71DBB20F2FE262A7A9C4FA /* Localizable.strings in Resources */,
				4F71D1026669AC77493062A5 /* Localizable.strings in Resources */,
				4F71DB768898580D80284C36 /* Localizable.strings in Resources */,
				4F71DE5FFC482B127E18C983 /* Localizable.strings in Resources */,
				4F71DE7C4238DC4EB1557C64 /* Localizable.strings in Resources */,
				4F71DE4FC79A776D17773600 /* Localizable.strings in Resources */,
				4F71DBD98B4F2FB24C7423E9 /* Localizable.strings in Resources */,
				4F71DFE1512BF9DD6B2AB666 /* Localizable.strings in Resources */,
				4F71D2614748F4E556D5365A /* Localizable.strings in Resources */,
				4F71DF84A842026E8D838578 /* Localizable.strings in Resources */,
				4F71D1EC0191FF848067761E /* Localizable.strings in Resources */,
				4F71DBAF091384939D15EB20 /* Localizable.strings in Resources */,
				4F71DA1C35BDC970075FE453 /* Localizable.strings in Resources */,
				4F71D0D8F36D5DD098B730C9 /* Localizable.strings in Resources */,
				4F71DA9A7F094EDCCF563289 /* Localizable.strings in Resources */,
				4F71DA33478A4548CE592600 /* Localizable.strings in Resources */,
				4F71D118B669E82F2B55A817 /* Localizable.strings in Resources */,
			);
			runOnlyForDeploymentPostprocessing = 0;
		};
/* End PBXResourcesBuildPhase section */

/* Begin PBXShellScriptBuildPhase section */
		9FF1A055D87F28B3A17235D3 /* [CP] Check Pods Manifest.lock */ = {
			isa = PBXShellScriptBuildPhase;
			buildActionMask = 2147483647;
			files = (
			);
			inputPaths = (
				"${PODS_PODFILE_DIR_PATH}/Podfile.lock",
				"${PODS_ROOT}/Manifest.lock",
			);
			name = "[CP] Check Pods Manifest.lock";
			outputPaths = (
				"$(DERIVED_FILE_DIR)/Pods-batch-checkManifestLockResult.txt",
			);
			runOnlyForDeploymentPostprocessing = 0;
			shellPath = /bin/sh;
			shellScript = "diff \"${PODS_PODFILE_DIR_PATH}/Podfile.lock\" \"${PODS_ROOT}/Manifest.lock\" > /dev/null\nif [ $? != 0 ] ; then\n    # print error to STDERR\n    echo \"error: The sandbox is not in sync with the Podfile.lock. Run 'pod install' or update your CocoaPods installation.\" >&2\n    exit 1\nfi\n# This output is used by Xcode 'outputs' to avoid re-running this script phase.\necho \"SUCCESS\" > \"${SCRIPT_OUTPUT_FILE_0}\"\n";
			showEnvVarsInLog = 0;
		};
		A02DED091FBF651C003796B6 /* ShellScript */ = {
			isa = PBXShellScriptBuildPhase;
			buildActionMask = 2147483647;
			files = (
			);
			inputPaths = (
			);
			outputPaths = (
			);
			runOnlyForDeploymentPostprocessing = 0;
			shellPath = /bin/sh;
			shellScript = "\"${PODS_ROOT}/Fabric/run\" 4de4dac2f8e69777783b1df21877e32171c4d237 d0dda26417dac7e85551b4a5e1c153dd51ca24de84ead30fc9cb38f344295de5";
		};
		C20D0C51CA26F75201584114 /* [CP] Copy Pods Resources */ = {
			isa = PBXShellScriptBuildPhase;
			buildActionMask = 2147483647;
			files = (
			);
			inputPaths = (
			);
			name = "[CP] Copy Pods Resources";
			outputPaths = (
			);
			runOnlyForDeploymentPostprocessing = 0;
			shellPath = /bin/sh;
			shellScript = "\"${SRCROOT}/Pods/Target Support Files/Pods-batch/Pods-batch-resources.sh\"\n";
			showEnvVarsInLog = 0;
		};
		E3607A0050E70D649848C2DD /* [CP] Embed Pods Frameworks */ = {
			isa = PBXShellScriptBuildPhase;
			buildActionMask = 2147483647;
			files = (
			);
			inputPaths = (
				"${SRCROOT}/Pods/Target Support Files/Pods-batch/Pods-batch-frameworks.sh",
				"${BUILT_PRODUCTS_DIR}/GoogleToolboxForMac/GoogleToolboxForMac.framework",
				"${BUILT_PRODUCTS_DIR}/Hero/Hero.framework",
				"${BUILT_PRODUCTS_DIR}/Realm/Realm.framework",
				"${BUILT_PRODUCTS_DIR}/RealmSwift/RealmSwift.framework",
				"${BUILT_PRODUCTS_DIR}/nanopb/nanopb.framework",
			);
			name = "[CP] Embed Pods Frameworks";
			outputPaths = (
				"${TARGET_BUILD_DIR}/${FRAMEWORKS_FOLDER_PATH}/GoogleToolboxForMac.framework",
				"${TARGET_BUILD_DIR}/${FRAMEWORKS_FOLDER_PATH}/Hero.framework",
				"${TARGET_BUILD_DIR}/${FRAMEWORKS_FOLDER_PATH}/Realm.framework",
				"${TARGET_BUILD_DIR}/${FRAMEWORKS_FOLDER_PATH}/RealmSwift.framework",
				"${TARGET_BUILD_DIR}/${FRAMEWORKS_FOLDER_PATH}/nanopb.framework",
			);
			runOnlyForDeploymentPostprocessing = 0;
			shellPath = /bin/sh;
			shellScript = "\"${SRCROOT}/Pods/Target Support Files/Pods-batch/Pods-batch-frameworks.sh\"\n";
			showEnvVarsInLog = 0;
		};
/* End PBXShellScriptBuildPhase section */

/* Begin PBXSourcesBuildPhase section */
		0ABFCF741F14B65C0078A583 /* Sources */ = {
			isa = PBXSourcesBuildPhase;
			buildActionMask = 2147483647;
			files = (
				0AA166961FD7A8710004205C /* PreviewCollectionViewCell.swift in Sources */,
				0AA382621F4ECA420031BAB5 /* BatchEditViewController.swift in Sources */,
				0A9CC9291F8774EC00AC91A6 /* PhotoEditViewController.swift in Sources */,
				0AA86ED51FD1199A00E6E1B0 /* AppDock.swift in Sources */,
				0A8D18E11F15DEEF00AABEF7 /* CustomView.swift in Sources */,
				0A9E4AFC1F8F303200E3E805 /* BatchProgressView.swift in Sources */,
				0ABFCF7C1F14B65C0078A583 /* AppDelegate.swift in Sources */,
				0AA1A07D1F4D1232006297DF /* BatchItem.swift in Sources */,
				0AA37B281FD53163002803B8 /* AppDockViewController.swift in Sources */,
				0A9F86D01FDA756800D25EB6 /* PhotoCollectionViewCell.swift in Sources */,
				0ABFCF991F14B8A70078A583 /* PhotoPickerViewController.swift in Sources */,
				0A8C4ADE1F3C15BF00B7246A /* RoundedButton.swift in Sources */,
				0A8FDA071FA8035D002380AA /* StringExtension.swift in Sources */,
				0A9EBAE31FD6F37200E83778 /* BatchPreviewView.swift in Sources */,
				0A66CD501F95935500A97726 /* FloatingToolbar.swift in Sources */,
				0A7459E91F709ADA00CA70E1 /* Geometry.swift in Sources */,
				0A88FF751FA04AD6001C0DC6 /* FloatingView.swift in Sources */,
				4F71DB5DAD9BF2C4EF5C4FA0 /* CheckMarkView.swift in Sources */,
				4F71DC974B06CAE26F7EBFBC /* GradientView.swift in Sources */,
				4F71D94449F2D394F3FD67D9 /* PhotoPickerDetailViewController.swift in Sources */,
				4F71D9D2E011306A0C3E3D3C /* AssetView.swift in Sources */,
				4F71D760C8DCECB3DDC59844 /* Object.swift in Sources */,
				4F71D2D2CF84ED29E4A1ED02 /* Item.swift in Sources */,
				4F71D8A2AAEB13A2A8854942 /* TransformApp.swift in Sources */,
				4F71DC55BD7BDFF401B7AB59 /* Task.swift in Sources */,
				4F71DC8DF2AEBACBF0FA5DA0 /* BatchEditRequest.swift in Sources */,
				4F71D7F6EFFEB93368DE3224 /* AppConfig.swift in Sources */,
				4F71D370787DC77E5C687706 /* App.swift in Sources */,
				4F71D31FED8AA8ECAC8F92A9 /* AppTaskManager.swift in Sources */,
				4F71D7B5EE6F1FEFA12466E4 /* AppLifecycle.swift in Sources */,
				4F71D5054CE0D336F24FD79B /* AppTask.swift in Sources */,
				4F71DD92BFAF13C4AD114FF6 /* AppTaskOperationQueue.swift in Sources */,
				4F71D896A7F10961FAC286B0 /* Sourceable.swift in Sources */,
				4F71DEC1BA867A484FAE70B6 /* SourceItem.swift in Sources */,
				4F71DD3950B7D688CA10BF08 /* PHAssetSourceable.swift in Sources */,
				4F71D908AB7384132BB66508 /* HelloBatchApp.swift in Sources */,
				4F71D0B3B392F1D5678CDF27 /* HelloApps.swift in Sources */,
			);
			runOnlyForDeploymentPostprocessing = 0;
		};
/* End PBXSourcesBuildPhase section */

/* Begin PBXVariantGroup section */
		4F71D0465818737363AC2F21 /* Localizable.strings */ = {
			isa = PBXVariantGroup;
			children = (
				4F71D6885682DC1EDF20D4D6 /* Base */,
			);
			name = Localizable.strings;
			path = .;
			sourceTree = "<group>";
		};
		4F71D12588991C3FDEE3FB44 /* Localizable.strings */ = {
			isa = PBXVariantGroup;
			children = (
				4F71D940F3555AFC73F93365 /* ko */,
			);
			name = Localizable.strings;
			path = .;
			sourceTree = "<group>";
		};
		4F71D138433504A2ED1451C7 /* Localizable.strings */ = {
			isa = PBXVariantGroup;
			children = (
				4F71D7AEEEE1B45DEE86ED9A /* ar */,
			);
			name = Localizable.strings;
			path = .;
			sourceTree = "<group>";
		};
		4F71D15BDF00971756358C3B /* Localizable.strings */ = {
			isa = PBXVariantGroup;
			children = (
				4F71D2AF223D198C3A8983AA /* ms */,
			);
			name = Localizable.strings;
			path = .;
			sourceTree = "<group>";
		};
		4F71D2193E4724FAF0ED8057 /* Localizable.strings */ = {
			isa = PBXVariantGroup;
			children = (
				4F71DFA68826746F9F8F754F /* id */,
			);
			name = Localizable.strings;
			path = .;
			sourceTree = "<group>";
		};
		4F71D2770A3ABFFB8B2F162F /* Localizable.strings */ = {
			isa = PBXVariantGroup;
			children = (
				4F71D2333E1C88237935C19C /* fr */,
			);
			name = Localizable.strings;
			path = .;
			sourceTree = "<group>";
		};
		4F71D2973EF3E2EEA95BB75C /* Localizable.strings */ = {
			isa = PBXVariantGroup;
			children = (
				4F71D57DEC15CB9F9006B19F /* es */,
			);
			name = Localizable.strings;
			path = .;
			sourceTree = "<group>";
		};
		4F71D2C9711FAEC6CE18FD81 /* Localizable.strings */ = {
			isa = PBXVariantGroup;
			children = (
				4F71DD1540B017CB97037AD9 /* ru */,
			);
			name = Localizable.strings;
			path = .;
			sourceTree = "<group>";
		};
		4F71D337E9B5A50C5C9ACE1D /* Localizable.strings */ = {
			isa = PBXVariantGroup;
			children = (
				4F71D44B93D442C1A29F2A4F /* ro */,
			);
			name = Localizable.strings;
			path = .;
			sourceTree = "<group>";
		};
		4F71D358848AEDDF518D0F51 /* Localizable.stringsdict */ = {
			isa = PBXVariantGroup;
			children = (
				4F71DB4D726887E340A334FE /* Base */,
			);
			name = Localizable.stringsdict;
			path = .;
			sourceTree = "<group>";
		};
		4F71D3EF40045B6A722DA146 /* Localizable.strings */ = {
			isa = PBXVariantGroup;
			children = (
				4F71D491C461449E0AAF6754 /* sk */,
			);
			name = Localizable.strings;
			path = .;
			sourceTree = "<group>";
		};
		4F71D45095297800225E20DF /* Localizable.strings */ = {
			isa = PBXVariantGroup;
			children = (
				4F71D1C5AA013F26B01195B5 /* zh_CN */,
			);
			name = Localizable.strings;
			path = .;
			sourceTree = "<group>";
		};
		4F71D566670044107BA5C129 /* Localizable.strings */ = {
			isa = PBXVariantGroup;
			children = (
				4F71D884AE168A3F257D1058 /* fr_CA */,
			);
			name = Localizable.strings;
			path = .;
			sourceTree = "<group>";
		};
		4F71D607250C8CE7EAC934E4 /* Localizable.strings */ = {
			isa = PBXVariantGroup;
			children = (
				4F71DF5E3D4E03A0AA20BB11 /* he */,
			);
			name = Localizable.strings;
			path = .;
			sourceTree = "<group>";
		};
		4F71D637F755EE4CEE5006C1 /* Localizable.strings */ = {
			isa = PBXVariantGroup;
			children = (
				4F71D5F451FA76B82B1CA2BB /* it */,
			);
			name = Localizable.strings;
			path = .;
			sourceTree = "<group>";
		};
		4F71D6650B343BD1FD52C090 /* Localizable.strings */ = {
			isa = PBXVariantGroup;
			children = (
				4F71DBCF0DEBB7C45E3D4CB1 /* zh_HK */,
			);
			name = Localizable.strings;
			path = .;
			sourceTree = "<group>";
		};
		4F71D6A6D7B16CCA0A35056B /* Localizable.strings */ = {
			isa = PBXVariantGroup;
			children = (
				4F71D25463885D6C59CF7FD8 /* hu */,
			);
			name = Localizable.strings;
			path = .;
			sourceTree = "<group>";
		};
		4F71D6FCA06144FFCE03095F /* Localizable.strings */ = {
			isa = PBXVariantGroup;
			children = (
				4F71D81FED9664274B59247E /* pl */,
			);
			name = Localizable.strings;
			path = .;
			sourceTree = "<group>";
		};
		4F71D704AF0662CA5111B7FA /* Localizable.strings */ = {
			isa = PBXVariantGroup;
			children = (
				4F71D2A087FBCB496E401080 /* no */,
			);
			name = Localizable.strings;
			path = .;
			sourceTree = "<group>";
		};
		4F71D787FA7288346F55C7D2 /* Localizable.strings */ = {
			isa = PBXVariantGroup;
			children = (
				4F71DA2181531C3B9ED2FC02 /* de */,
			);
			name = Localizable.strings;
			path = .;
			sourceTree = "<group>";
		};
		4F71D83EA1B944E9FD7CF74E /* Localizable.strings */ = {
			isa = PBXVariantGroup;
			children = (
				4F71D1DD9E569A152EA59182 /* sv */,
			);
			name = Localizable.strings;
			path = .;
			sourceTree = "<group>";
		};
		4F71D84417A2C4589C62460B /* Localizable.strings */ = {
			isa = PBXVariantGroup;
			children = (
				4F71D5E0CD7DB061EEEA1608 /* el */,
			);
			name = Localizable.strings;
			path = .;
			sourceTree = "<group>";
		};
		4F71D8823AC97D63EC7BA13A /* Localizable.strings */ = {
			isa = PBXVariantGroup;
			children = (
				4F71DB8E76378BA0C14401DE /* hr */,
			);
			name = Localizable.strings;
			path = .;
			sourceTree = "<group>";
		};
		4F71D887CED2C76BAA073A04 /* Localizable.strings */ = {
			isa = PBXVariantGroup;
			children = (
				4F71DDDD93F75F5FAAA0F0AE /* tr */,
			);
			name = Localizable.strings;
			path = .;
			sourceTree = "<group>";
		};
		4F71D8BD2E55D1DE9E19C784 /* Localizable.strings */ = {
			isa = PBXVariantGroup;
			children = (
				4F71DEA03C0274D1BC60952F /* zh_TW */,
			);
			name = Localizable.strings;
			path = .;
			sourceTree = "<group>";
		};
		4F71D8E2B5D85DC216C35E0F /* Localizable.strings */ = {
			isa = PBXVariantGroup;
			children = (
				4F71D913359C96D491EF956D /* pt */,
			);
			name = Localizable.strings;
			path = .;
			sourceTree = "<group>";
		};
		4F71D975D41FEE6C3B165054 /* Localizable.strings */ = {
			isa = PBXVariantGroup;
			children = (
				4F71D51065FD6291C02F6F60 /* uk */,
			);
			name = Localizable.strings;
			path = .;
			sourceTree = "<group>";
		};
		4F71D9D826CB9368FA0D3030 /* Localizable.strings */ = {
			isa = PBXVariantGroup;
			children = (
				4F71D6033841E6E5B5B3890A /* es_MX */,
			);
			name = Localizable.strings;
			path = .;
			sourceTree = "<group>";
		};
		4F71DA77AFAFC3B702DAEEF3 /* Localizable.strings */ = {
			isa = PBXVariantGroup;
			children = (
				4F71D474B8EB459D65B262A9 /* vi */,
			);
			name = Localizable.strings;
			path = .;
			sourceTree = "<group>";
		};
		4F71DADFCE2C0C48CA718BB0 /* Localizable.strings */ = {
			isa = PBXVariantGroup;
			children = (
				4F71DA9A515F5BA703A54591 /* ja */,
			);
			name = Localizable.strings;
			path = .;
			sourceTree = "<group>";
		};
		4F71DAE2B3174CD120B13469 /* Localizable.strings */ = {
			isa = PBXVariantGroup;
			children = (
				4F71DB0BE89ADC6F301D2F4A /* en-AU */,
			);
			name = Localizable.strings;
			path = .;
			sourceTree = "<group>";
		};
		4F71DAE5887558D4E4B7D144 /* Localizable.strings */ = {
			isa = PBXVariantGroup;
			children = (
				4F71D0EF623C8441D279F9EF /* th */,
			);
			name = Localizable.strings;
			path = .;
			sourceTree = "<group>";
		};
		4F71DB91E3A8E6FCDEB7851A /* Localizable.strings */ = {
			isa = PBXVariantGroup;
			children = (
				4F71DE512C4F83778C8F5378 /* da */,
			);
			name = Localizable.strings;
			path = .;
			sourceTree = "<group>";
		};
		4F71DBDD238052BB562A1520 /* Localizable.strings */ = {
			isa = PBXVariantGroup;
			children = (
				4F71D3C7C1CE983059638522 /* hi */,
			);
			name = Localizable.strings;
			path = .;
			sourceTree = "<group>";
		};
		4F71DCACF84A1DA9BF620678 /* Localizable.strings */ = {
			isa = PBXVariantGroup;
			children = (
				4F71D3CC1CD448379874CFD8 /* nl */,
			);
			name = Localizable.strings;
			path = .;
			sourceTree = "<group>";
		};
		4F71DD86C410B7171864EDFB /* Localizable.strings */ = {
			isa = PBXVariantGroup;
			children = (
				4F71DB3E4F4F185F2492D245 /* cs */,
			);
			name = Localizable.strings;
			path = .;
			sourceTree = "<group>";
		};
		4F71DE60BD22267627AD3369 /* Localizable.strings */ = {
			isa = PBXVariantGroup;
			children = (
				4F71D9DED43932FEE703A003 /* fi */,
			);
			name = Localizable.strings;
			path = .;
			sourceTree = "<group>";
		};
		4F71DEDA58D74A0E9E2ECE06 /* Localizable.strings */ = {
			isa = PBXVariantGroup;
			children = (
				4F71D34C9ED95194C6049CBC /* en-GB */,
			);
			name = Localizable.strings;
			path = .;
			sourceTree = "<group>";
		};
		4F71DF0F772F08504E1E690D /* Localizable.strings */ = {
			isa = PBXVariantGroup;
			children = (
				4F71DA5B89606EF48C6B4543 /* ca */,
			);
			name = Localizable.strings;
			path = .;
			sourceTree = "<group>";
		};
		4F71DFB57936DCDBE9912EA2 /* Localizable.strings */ = {
			isa = PBXVariantGroup;
			children = (
				4F71D13BC023ADD52581C963 /* pt_PT */,
			);
			name = Localizable.strings;
			path = .;
			sourceTree = "<group>";
		};
/* End PBXVariantGroup section */

/* Begin XCBuildConfiguration section */
		0ABFCF881F14B65C0078A583 /* Debug */ = {
			isa = XCBuildConfiguration;
			buildSettings = {
				ALWAYS_SEARCH_USER_PATHS = NO;
				CLANG_ANALYZER_NONNULL = YES;
				CLANG_ANALYZER_NUMBER_OBJECT_CONVERSION = YES_AGGRESSIVE;
				CLANG_CXX_LANGUAGE_STANDARD = "gnu++0x";
				CLANG_CXX_LIBRARY = "libc++";
				CLANG_ENABLE_MODULES = YES;
				CLANG_ENABLE_OBJC_ARC = YES;
				CLANG_WARN_BLOCK_CAPTURE_AUTORELEASING = YES;
				CLANG_WARN_BOOL_CONVERSION = YES;
				CLANG_WARN_COMMA = YES;
				CLANG_WARN_CONSTANT_CONVERSION = YES;
				CLANG_WARN_DIRECT_OBJC_ISA_USAGE = YES_ERROR;
				CLANG_WARN_DOCUMENTATION_COMMENTS = YES;
				CLANG_WARN_EMPTY_BODY = YES;
				CLANG_WARN_ENUM_CONVERSION = YES;
				CLANG_WARN_INFINITE_RECURSION = YES;
				CLANG_WARN_INT_CONVERSION = YES;
				CLANG_WARN_NON_LITERAL_NULL_CONVERSION = YES;
				CLANG_WARN_OBJC_LITERAL_CONVERSION = YES;
				CLANG_WARN_OBJC_ROOT_CLASS = YES_ERROR;
				CLANG_WARN_RANGE_LOOP_ANALYSIS = YES;
				CLANG_WARN_STRICT_PROTOTYPES = YES;
				CLANG_WARN_SUSPICIOUS_MOVE = YES;
				CLANG_WARN_UNREACHABLE_CODE = YES;
				CLANG_WARN__DUPLICATE_METHOD_MATCH = YES;
				"CODE_SIGN_IDENTITY[sdk=iphoneos*]" = "iPhone Developer";
				COPY_PHASE_STRIP = NO;
				DEBUG_INFORMATION_FORMAT = dwarf;
				ENABLE_STRICT_OBJC_MSGSEND = YES;
				ENABLE_TESTABILITY = YES;
				GCC_C_LANGUAGE_STANDARD = gnu99;
				GCC_DYNAMIC_NO_PIC = NO;
				GCC_NO_COMMON_BLOCKS = YES;
				GCC_OPTIMIZATION_LEVEL = 0;
				GCC_PREPROCESSOR_DEFINITIONS = (
					"DEBUG=1",
					"$(inherited)",
				);
				GCC_WARN_64_TO_32_BIT_CONVERSION = YES;
				GCC_WARN_ABOUT_RETURN_TYPE = YES_ERROR;
				GCC_WARN_UNDECLARED_SELECTOR = YES;
				GCC_WARN_UNINITIALIZED_AUTOS = YES_AGGRESSIVE;
				GCC_WARN_UNUSED_FUNCTION = YES;
				GCC_WARN_UNUSED_VARIABLE = YES;
				IPHONEOS_DEPLOYMENT_TARGET = 10.3;
				MTL_ENABLE_DEBUG_INFO = YES;
				ONLY_ACTIVE_ARCH = YES;
				SDKROOT = iphoneos;
				SWIFT_ACTIVE_COMPILATION_CONDITIONS = DEBUG;
				SWIFT_OPTIMIZATION_LEVEL = "-Onone";
			};
			name = Debug;
		};
		0ABFCF891F14B65C0078A583 /* Release */ = {
			isa = XCBuildConfiguration;
			buildSettings = {
				ALWAYS_SEARCH_USER_PATHS = NO;
				CLANG_ANALYZER_NONNULL = YES;
				CLANG_ANALYZER_NUMBER_OBJECT_CONVERSION = YES_AGGRESSIVE;
				CLANG_CXX_LANGUAGE_STANDARD = "gnu++0x";
				CLANG_CXX_LIBRARY = "libc++";
				CLANG_ENABLE_MODULES = YES;
				CLANG_ENABLE_OBJC_ARC = YES;
				CLANG_WARN_BLOCK_CAPTURE_AUTORELEASING = YES;
				CLANG_WARN_BOOL_CONVERSION = YES;
				CLANG_WARN_COMMA = YES;
				CLANG_WARN_CONSTANT_CONVERSION = YES;
				CLANG_WARN_DIRECT_OBJC_ISA_USAGE = YES_ERROR;
				CLANG_WARN_DOCUMENTATION_COMMENTS = YES;
				CLANG_WARN_EMPTY_BODY = YES;
				CLANG_WARN_ENUM_CONVERSION = YES;
				CLANG_WARN_INFINITE_RECURSION = YES;
				CLANG_WARN_INT_CONVERSION = YES;
				CLANG_WARN_NON_LITERAL_NULL_CONVERSION = YES;
				CLANG_WARN_OBJC_LITERAL_CONVERSION = YES;
				CLANG_WARN_OBJC_ROOT_CLASS = YES_ERROR;
				CLANG_WARN_RANGE_LOOP_ANALYSIS = YES;
				CLANG_WARN_STRICT_PROTOTYPES = YES;
				CLANG_WARN_SUSPICIOUS_MOVE = YES;
				CLANG_WARN_UNREACHABLE_CODE = YES;
				CLANG_WARN__DUPLICATE_METHOD_MATCH = YES;
				"CODE_SIGN_IDENTITY[sdk=iphoneos*]" = "iPhone Developer";
				COPY_PHASE_STRIP = NO;
				DEBUG_INFORMATION_FORMAT = "dwarf-with-dsym";
				ENABLE_NS_ASSERTIONS = NO;
				ENABLE_STRICT_OBJC_MSGSEND = YES;
				GCC_C_LANGUAGE_STANDARD = gnu99;
				GCC_NO_COMMON_BLOCKS = YES;
				GCC_WARN_64_TO_32_BIT_CONVERSION = YES;
				GCC_WARN_ABOUT_RETURN_TYPE = YES_ERROR;
				GCC_WARN_UNDECLARED_SELECTOR = YES;
				GCC_WARN_UNINITIALIZED_AUTOS = YES_AGGRESSIVE;
				GCC_WARN_UNUSED_FUNCTION = YES;
				GCC_WARN_UNUSED_VARIABLE = YES;
				IPHONEOS_DEPLOYMENT_TARGET = 10.3;
				MTL_ENABLE_DEBUG_INFO = NO;
				SDKROOT = iphoneos;
				SWIFT_OPTIMIZATION_LEVEL = "-Owholemodule";
				VALIDATE_PRODUCT = YES;
			};
			name = Release;
		};
		0ABFCF8B1F14B65C0078A583 /* Debug */ = {
			isa = XCBuildConfiguration;
			baseConfigurationReference = E6C115FBD773BA835480B08C /* Pods-batch.debug.xcconfig */;
			buildSettings = {
				ASSETCATALOG_COMPILER_APPICON_NAME = AppIcon;
				"CODE_SIGN_IDENTITY[sdk=iphoneos*]" = "iPhone Developer";
				CODE_SIGN_STYLE = Manual;
				DEVELOPMENT_TEAM = DAGHHLSPPQ;
				INFOPLIST_FILE = batch/Info.plist;
				IPHONEOS_DEPLOYMENT_TARGET = 10.0;
				LD_RUNPATH_SEARCH_PATHS = "$(inherited) @executable_path/Frameworks";
				PRODUCT_BUNDLE_IDENTIFIER = com.stells.batch;
				PRODUCT_NAME = "${TARGET_NAME}";
				PROVISIONING_PROFILE = "fe7bc759-0bdf-4bf3-94c1-d5cb49f2d909";
				PROVISIONING_PROFILE_SPECIFIER = "com.stells.batch Development";
				SWIFT_SWIFT3_OBJC_INFERENCE = On;
				SWIFT_VERSION = 4.0;
			};
			name = Debug;
		};
		0ABFCF8C1F14B65C0078A583 /* Release */ = {
			isa = XCBuildConfiguration;
			baseConfigurationReference = 614D248BD87AEAE91795DFC4 /* Pods-batch.release.xcconfig */;
			buildSettings = {
				ASSETCATALOG_COMPILER_APPICON_NAME = AppIcon;
				"CODE_SIGN_IDENTITY[sdk=iphoneos*]" = "iPhone Distribution";
				CODE_SIGN_STYLE = Manual;
				DEVELOPMENT_TEAM = DAGHHLSPPQ;
				INFOPLIST_FILE = batch/Info.plist;
				IPHONEOS_DEPLOYMENT_TARGET = 10.0;
				LD_RUNPATH_SEARCH_PATHS = "$(inherited) @executable_path/Frameworks";
				PRODUCT_BUNDLE_IDENTIFIER = com.stells.batch;
				PRODUCT_NAME = "${TARGET_NAME}";
				PROVISIONING_PROFILE = "2fbfc242-74e2-4e16-9c09-33142bd02ec2";
				PROVISIONING_PROFILE_SPECIFIER = "com.stells.batch AppStore";
				SWIFT_SWIFT3_OBJC_INFERENCE = On;
				SWIFT_VERSION = 4.0;
			};
			name = Release;
		};
/* End XCBuildConfiguration section */

/* Begin XCConfigurationList section */
		0ABFCF731F14B65C0078A583 /* Build configuration list for PBXProject "batch" */ = {
			isa = XCConfigurationList;
			buildConfigurations = (
				0ABFCF881F14B65C0078A583 /* Debug */,
				0ABFCF891F14B65C0078A583 /* Release */,
			);
			defaultConfigurationIsVisible = 0;
			defaultConfigurationName = Release;
		};
		0ABFCF8A1F14B65C0078A583 /* Build configuration list for PBXNativeTarget "batch" */ = {
			isa = XCConfigurationList;
			buildConfigurations = (
				0ABFCF8B1F14B65C0078A583 /* Debug */,
				0ABFCF8C1F14B65C0078A583 /* Release */,
			);
			defaultConfigurationIsVisible = 0;
			defaultConfigurationName = Release;
		};
/* End XCConfigurationList section */
	};
	rootObject = 0ABFCF701F14B65C0078A583 /* Project object */;
}
