// !$*UTF8*$!
{
	archiveVersion = 1;
	classes = {
	};
	objectVersion = 46;
	objects = {

/* Begin PBXBuildFile section */
		0A66CD4E1F9592A600A97726 /* FloatingToolbar.xib in Resources */ = {isa = PBXBuildFile; fileRef = 0A66CD4D1F9592A600A97726 /* FloatingToolbar.xib */; };
		0A66CD501F95935500A97726 /* FloatingToolbar.swift in Sources */ = {isa = PBXBuildFile; fileRef = 0A66CD4F1F95935500A97726 /* FloatingToolbar.swift */; };
		0A7459E91F709ADA00CA70E1 /* Geometry.swift in Sources */ = {isa = PBXBuildFile; fileRef = 0A7459E81F709ADA00CA70E1 /* Geometry.swift */; };
		0A771E901FB1429800BBFCD7 /* GoogleService-Info.plist in Resources */ = {isa = PBXBuildFile; fileRef = 0A771E8F1FB1429700BBFCD7 /* GoogleService-Info.plist */; };
		0A88FF751FA04AD6001C0DC6 /* FloatingView.swift in Sources */ = {isa = PBXBuildFile; fileRef = 0A88FF741FA04AD6001C0DC6 /* FloatingView.swift */; };
		0A8C4ADE1F3C15BF00B7246A /* RoundedButton.swift in Sources */ = {isa = PBXBuildFile; fileRef = 0A8C4ADD1F3C15BF00B7246A /* RoundedButton.swift */; };
		0A8D18E11F15DEEF00AABEF7 /* CustomView.swift in Sources */ = {isa = PBXBuildFile; fileRef = 0A8D18E01F15DEEF00AABEF7 /* CustomView.swift */; };
		0A8FDA051FA76EF8002380AA /* Launch Screen.storyboard in Resources */ = {isa = PBXBuildFile; fileRef = 0A8FDA041FA76EF8002380AA /* Launch Screen.storyboard */; };
		0A8FDA071FA8035D002380AA /* StringExtension.swift in Sources */ = {isa = PBXBuildFile; fileRef = 0A8FDA061FA8035D002380AA /* StringExtension.swift */; };
		0A9CC9291F8774EC00AC91A6 /* PhotoEditViewController.swift in Sources */ = {isa = PBXBuildFile; fileRef = 0A9CC9281F8774EC00AC91A6 /* PhotoEditViewController.swift */; };
		0A9E4AFA1F8F300200E3E805 /* BatchProgressView.xib in Resources */ = {isa = PBXBuildFile; fileRef = 0A9E4AF91F8F300200E3E805 /* BatchProgressView.xib */; };
		0A9E4AFC1F8F303200E3E805 /* BatchProgressView.swift in Sources */ = {isa = PBXBuildFile; fileRef = 0A9E4AFB1F8F303200E3E805 /* BatchProgressView.swift */; };
		0A9EBAE31FD6F37200E83778 /* BatchPreviewView.swift in Sources */ = {isa = PBXBuildFile; fileRef = 0A9EBAE21FD6F37200E83778 /* BatchPreviewView.swift */; };
		0A9EBAE51FD6F3AF00E83778 /* BatchPreviewView.xib in Resources */ = {isa = PBXBuildFile; fileRef = 0A9EBAE41FD6F3AF00E83778 /* BatchPreviewView.xib */; };
		0A9EC7741F30735B00F1EF3A /* PhotoCollectionViewCell.xib in Resources */ = {isa = PBXBuildFile; fileRef = 0A9EC7731F30735B00F1EF3A /* PhotoCollectionViewCell.xib */; };
		0A9F86D01FDA756800D25EB6 /* PhotoCollectionViewCell.swift in Sources */ = {isa = PBXBuildFile; fileRef = 0A9F86CF1FDA756800D25EB6 /* PhotoCollectionViewCell.swift */; };
		0AA166941FD7A7F10004205C /* PreviewCollectionViewCell.xib in Resources */ = {isa = PBXBuildFile; fileRef = 0AA166931FD7A7F10004205C /* PreviewCollectionViewCell.xib */; };
		0AA166961FD7A8710004205C /* PreviewCollectionViewCell.swift in Sources */ = {isa = PBXBuildFile; fileRef = 0AA166951FD7A8710004205C /* PreviewCollectionViewCell.swift */; };
		0AA37B281FD53163002803B8 /* AppDockViewController.swift in Sources */ = {isa = PBXBuildFile; fileRef = 0AA37B271FD53163002803B8 /* AppDockViewController.swift */; };
		0AA382621F4ECA420031BAB5 /* BatchEditViewController.swift in Sources */ = {isa = PBXBuildFile; fileRef = 0AA382611F4ECA420031BAB5 /* BatchEditViewController.swift */; };
		0AA86ED51FD1199A00E6E1B0 /* AppDock.swift in Sources */ = {isa = PBXBuildFile; fileRef = 0AA86ED41FD1199A00E6E1B0 /* AppDock.swift */; };
		0AA86ED71FD11EEF00E6E1B0 /* AppDockView.xib in Resources */ = {isa = PBXBuildFile; fileRef = 0AA86ED61FD11EEF00E6E1B0 /* AppDockView.xib */; };
		0AA86ED91FD12BF600E6E1B0 /* AppDockViewCell.xib in Resources */ = {isa = PBXBuildFile; fileRef = 0AA86ED81FD12BF600E6E1B0 /* AppDockViewCell.xib */; };
		0ABFCF7C1F14B65C0078A583 /* AppDelegate.swift in Sources */ = {isa = PBXBuildFile; fileRef = 0ABFCF7B1F14B65C0078A583 /* AppDelegate.swift */; };
		0ABFCF911F14B7190078A583 /* AppStoryboard.storyboard in Resources */ = {isa = PBXBuildFile; fileRef = 0ABFCF901F14B7190078A583 /* AppStoryboard.storyboard */; };
		0ABFCF931F14B7CB0078A583 /* Assets.xcassets in Resources */ = {isa = PBXBuildFile; fileRef = 0ABFCF921F14B7CB0078A583 /* Assets.xcassets */; };
		0ABFCF991F14B8A70078A583 /* PhotoPickerViewController.swift in Sources */ = {isa = PBXBuildFile; fileRef = 0ABFCF981F14B8A70078A583 /* PhotoPickerViewController.swift */; };
		28B58A4258EFA57A287EE746 /* Pods_batch.framework in Frameworks */ = {isa = PBXBuildFile; fileRef = 281B8EE7F3B930519ABFAAA4 /* Pods_batch.framework */; };
		4F71D010D95D69F8964FF0CA /* Localizable.strings in Resources */ = {isa = PBXBuildFile; fileRef = 4F71D1794336220F99D94A32 /* Localizable.strings */; };
		4F71D042921A4C8173C8EA64 /* Localizable.strings in Resources */ = {isa = PBXBuildFile; fileRef = 4F71D945BAAFABA6C67E5231 /* Localizable.strings */; };
		4F71D0C0E58E2E5FEE8DB9F5 /* Localizable.strings in Resources */ = {isa = PBXBuildFile; fileRef = 4F71DFD3C15F39A20B9A7CF1 /* Localizable.strings */; };
		4F71D0CBE9B3A87DD2D83014 /* Localizable.strings in Resources */ = {isa = PBXBuildFile; fileRef = 4F71DAE83D8396175CE8C7F9 /* Localizable.strings */; };
		4F71D0EE87C6D3822EA3AFCC /* Image.swift in Sources */ = {isa = PBXBuildFile; fileRef = 4F71DE6203E83AFA6FB4EEAE /* Image.swift */; };
		4F71D1642A0077DDE5CC700F /* Localizable.strings in Resources */ = {isa = PBXBuildFile; fileRef = 4F71D6801B1330EFA5B8D14A /* Localizable.strings */; };
		4F71D16CF3B12DD062C9D66C /* Localizable.strings in Resources */ = {isa = PBXBuildFile; fileRef = 4F71DB2EA786EEA142A00D8B /* Localizable.strings */; };
		4F71D25C92FBB20FAE7F303B /* Localizable.strings in Resources */ = {isa = PBXBuildFile; fileRef = 4F71D629F370C22B160C7DB8 /* Localizable.strings */; };
		4F71D2D2CF84ED29E4A1ED02 /* Item.swift in Sources */ = {isa = PBXBuildFile; fileRef = 4F71D89F3850DE4667332519 /* Item.swift */; };
		4F71D2FFA4C75B8D33A6357C /* Localizable.strings in Resources */ = {isa = PBXBuildFile; fileRef = 4F71D94A95A61F7FB152ACE7 /* Localizable.strings */; };
		4F71D31FED8AA8ECAC8F92A9 /* AppTaskManager.swift in Sources */ = {isa = PBXBuildFile; fileRef = 4F71D8BA896BACAC477A1E38 /* AppTaskManager.swift */; };
		4F71D370787DC77E5C687706 /* App.swift in Sources */ = {isa = PBXBuildFile; fileRef = 4F71D3040845E37A18D32812 /* App.swift */; };
		4F71D37890ECB9D2FF8A999D /* Localizable.strings in Resources */ = {isa = PBXBuildFile; fileRef = 4F71D143CD980DFF0B14F688 /* Localizable.strings */; };
		4F71D3B12C5C6EE3C34FC88F /* Localizable.strings in Resources */ = {isa = PBXBuildFile; fileRef = 4F71D87A9567225340A79533 /* Localizable.strings */; };
		4F71D42BEECC9C99ECFDBB5B /* Localizable.strings in Resources */ = {isa = PBXBuildFile; fileRef = 4F71D6D9A720379F8C76F625 /* Localizable.strings */; };
		4F71D47B8799716650124A9F /* Localizable.strings in Resources */ = {isa = PBXBuildFile; fileRef = 4F71D6900CB7937103516269 /* Localizable.strings */; };
		4F71D5054CE0D336F24FD79B /* AppTask.swift in Sources */ = {isa = PBXBuildFile; fileRef = 4F71D5109CDFE3F2E36BF5A8 /* AppTask.swift */; };
		4F71D5AB1A25143BFC4C589B /* Localizable.strings in Resources */ = {isa = PBXBuildFile; fileRef = 4F71D63136CA0E39B8FDE7A0 /* Localizable.strings */; };
		4F71D5E12BECCFE0957CAEBE /* Localizable.strings in Resources */ = {isa = PBXBuildFile; fileRef = 4F71D7F2C6D51A2B20CB2757 /* Localizable.strings */; };
		4F71D60127A29AA9D65982D7 /* Localizable.strings in Resources */ = {isa = PBXBuildFile; fileRef = 4F71D85A53C6C9BAB97E9D90 /* Localizable.strings */; };
		4F71D6592A1A24EA522B6174 /* Localizable.strings in Resources */ = {isa = PBXBuildFile; fileRef = 4F71DF1F1EA341205C8B82E8 /* Localizable.strings */; };
		4F71D760C8DCECB3DDC59844 /* Object.swift in Sources */ = {isa = PBXBuildFile; fileRef = 4F71D5F397502710E3224CC9 /* Object.swift */; };
		4F71D7939174CF0CB3730E5C /* Localizable.strings in Resources */ = {isa = PBXBuildFile; fileRef = 4F71D03FAAD1A697C1FC06ED /* Localizable.strings */; };
		4F71D7B5EE6F1FEFA12466E4 /* AppLifecycle.swift in Sources */ = {isa = PBXBuildFile; fileRef = 4F71D3240381293CED953B54 /* AppLifecycle.swift */; };
		4F71D7F6EFFEB93368DE3224 /* AppConfig.swift in Sources */ = {isa = PBXBuildFile; fileRef = 4F71D7A791F06122924E0876 /* AppConfig.swift */; };
		4F71D831D9490CABE288091D /* TransformApp.Contents.swift in Sources */ = {isa = PBXBuildFile; fileRef = 4F71DCC9EA521C6BCDC35D0C /* TransformApp.Contents.swift */; };
		4F71D843895CA6C04861BB23 /* Localizable.strings in Resources */ = {isa = PBXBuildFile; fileRef = 4F71DE76B9AD7227C9F78AE5 /* Localizable.strings */; };
		4F71D87B789944E2A62057C7 /* Localizable.strings in Resources */ = {isa = PBXBuildFile; fileRef = 4F71D3E7CBB71E5919EAEEB6 /* Localizable.strings */; };
		4F71D896A7F10961FAC286B0 /* Sourceable.swift in Sources */ = {isa = PBXBuildFile; fileRef = 4F71DB3F65BB0609398D99C6 /* Sourceable.swift */; };
		4F71D8CB2584EB6FA21077E8 /* System.swift in Sources */ = {isa = PBXBuildFile; fileRef = 4F71DF6A3F2621A2EFC5A30F /* System.swift */; };
		4F71D8DABBBD6C7570A6042E /* HelloBatchApp.swift in Sources */ = {isa = PBXBuildFile; fileRef = 4F71DF2E58751E7641EB78DE /* HelloBatchApp.swift */; };
		4F71D91244FDCFE9DC644E76 /* Localizable.strings in Resources */ = {isa = PBXBuildFile; fileRef = 4F71DF5E6FB47FF24A1584B4 /* Localizable.strings */; };
		4F71D942AC419DB77C567FB2 /* HelloApps.swift in Sources */ = {isa = PBXBuildFile; fileRef = 4F71DC5FEFE4BF3361E38AF5 /* HelloApps.swift */; };
		4F71D94449F2D394F3FD67D9 /* PhotoPickerDetailViewController.swift in Sources */ = {isa = PBXBuildFile; fileRef = 4F71D67696ED68B67F19CD2D /* PhotoPickerDetailViewController.swift */; };
		4F71D97F0A300527F3FA7C18 /* Localizable.strings in Resources */ = {isa = PBXBuildFile; fileRef = 4F71DF831B8923947BD8EF19 /* Localizable.strings */; };
		4F71D98AD5ED03D40E16A7E5 /* Localizable.strings in Resources */ = {isa = PBXBuildFile; fileRef = 4F71DB324F41E37256B96FA6 /* Localizable.strings */; };
		4F71D99856A7C365D427551C /* Localizable.strings in Resources */ = {isa = PBXBuildFile; fileRef = 4F71D9F6BC4FF524E233A220 /* Localizable.strings */; };
		4F71D9D2E011306A0C3E3D3C /* AssetView.swift in Sources */ = {isa = PBXBuildFile; fileRef = 4F71DA77EDA73C4377CF8FC5 /* AssetView.swift */; };
		4F71D9E8A7252B55E0E61286 /* TransformApp.swift in Sources */ = {isa = PBXBuildFile; fileRef = 4F71D567EAFC10B6D40EE0E4 /* TransformApp.swift */; };
		4F71D9F77C467378E338224E /* Localizable.strings in Resources */ = {isa = PBXBuildFile; fileRef = 4F71DEE56E89B89163A4A355 /* Localizable.strings */; };
		4F71DA9A2AEF74D95F711683 /* Localizable.strings in Resources */ = {isa = PBXBuildFile; fileRef = 4F71DF60F3145AA65F6E07F8 /* Localizable.strings */; };
		4F71DA9BD8AAA0E9E15F6374 /* Localizable.strings in Resources */ = {isa = PBXBuildFile; fileRef = 4F71D9F4B12041A01656AEAC /* Localizable.strings */; };
		4F71DAE55B247A7E9524B7D0 /* Localizable.strings in Resources */ = {isa = PBXBuildFile; fileRef = 4F71DC34F5554A7C034DBC6B /* Localizable.strings */; };
		4F71DAFAA60AFFA6D22694FF /* Localizable.strings in Resources */ = {isa = PBXBuildFile; fileRef = 4F71D865266BB0B201F7DE0A /* Localizable.strings */; };
		4F71DB1B53A67EDD9E0826C1 /* Localizable.strings in Resources */ = {isa = PBXBuildFile; fileRef = 4F71D3F4E4B720B2D3E79010 /* Localizable.strings */; };
		4F71DB2198FD73D17C4ACD22 /* Localizable.strings in Resources */ = {isa = PBXBuildFile; fileRef = 4F71DDF945C8D64CBC607353 /* Localizable.strings */; };
		4F71DB5DAD9BF2C4EF5C4FA0 /* CheckMarkView.swift in Sources */ = {isa = PBXBuildFile; fileRef = 4F71D2465BD7BAD13DA17B6D /* CheckMarkView.swift */; };
		4F71DBA3EB24DA962CDE0579 /* Localizable.strings in Resources */ = {isa = PBXBuildFile; fileRef = 4F71D76174CDC495E0106645 /* Localizable.strings */; };
		4F71DBBBA93D4A97C6AE1FD5 /* Localizable.strings in Resources */ = {isa = PBXBuildFile; fileRef = 4F71D82C06587628D63DC1FC /* Localizable.strings */; };
		4F71DC55BD7BDFF401B7AB59 /* Task.swift in Sources */ = {isa = PBXBuildFile; fileRef = 4F71D8588D09A8F77A3F89CF /* Task.swift */; };
		4F71DC62FB048B6CD55A1FB8 /* Localizable.strings in Resources */ = {isa = PBXBuildFile; fileRef = 4F71DF57BCEE05C54BC0C8B9 /* Localizable.strings */; };
		4F71DC974B06CAE26F7EBFBC /* GradientView.swift in Sources */ = {isa = PBXBuildFile; fileRef = 4F71DED41994345222015B8E /* GradientView.swift */; };
		4F71DCAF2422C8A80850472C /* Localizable.strings in Resources */ = {isa = PBXBuildFile; fileRef = 4F71DA9D2055CE6801CC2308 /* Localizable.strings */; };
		4F71DD3950B7D688CA10BF08 /* PHAssetSourceable.swift in Sources */ = {isa = PBXBuildFile; fileRef = 4F71D39BFF3C82EBB8C70AB3 /* PHAssetSourceable.swift */; };
		4F71DD92BFAF13C4AD114FF6 /* AppTaskOperationQueue.swift in Sources */ = {isa = PBXBuildFile; fileRef = 4F71DAD13EC98589E1C308AB /* AppTaskOperationQueue.swift */; };
		4F71DEC1BA867A484FAE70B6 /* SourceItem.swift in Sources */ = {isa = PBXBuildFile; fileRef = 4F71D37BE27E637934A4E8DE /* SourceItem.swift */; };
		4F71DECCBC9546DB3C4F7C94 /* Localizable.strings in Resources */ = {isa = PBXBuildFile; fileRef = 4F71DFB7C3D45A73E39BB0EB /* Localizable.strings */; };
		4F71DEE5D2CB69CC8D7B571E /* Localizable.stringsdict in Resources */ = {isa = PBXBuildFile; fileRef = 4F71DF8EC2FC3388F237EEF5 /* Localizable.stringsdict */; };
		4F71DF288EE084877C33282B /* Localizable.strings in Resources */ = {isa = PBXBuildFile; fileRef = 4F71DEC6E98E9E40DFB63A92 /* Localizable.strings */; };
		4F71DF2C64FB728A71352F0A /* PHAsset.swift in Sources */ = {isa = PBXBuildFile; fileRef = 4F71DF0B9E9077B1E03FF885 /* PHAsset.swift */; };
		4F71DF9943D375C8E71568EC /* Localizable.strings in Resources */ = {isa = PBXBuildFile; fileRef = 4F71D8227095557197E91EB6 /* Localizable.strings */; };
		4F71DF9B8B2B87E168C55840 /* Localizable.strings in Resources */ = {isa = PBXBuildFile; fileRef = 4F71D079FCA01A952DBCFD3F /* Localizable.strings */; };
		4F71DFEC865AA80D613A636F /* Localizable.strings in Resources */ = {isa = PBXBuildFile; fileRef = 4F71D301F74DE286EEECCC9F /* Localizable.strings */; };
/* End PBXBuildFile section */

/* Begin PBXFileReference section */
		0A66CD4D1F9592A600A97726 /* FloatingToolbar.xib */ = {isa = PBXFileReference; lastKnownFileType = file.xib; path = FloatingToolbar.xib; sourceTree = "<group>"; };
		0A66CD4F1F95935500A97726 /* FloatingToolbar.swift */ = {isa = PBXFileReference; lastKnownFileType = sourcecode.swift; path = FloatingToolbar.swift; sourceTree = "<group>"; };
		0A7459E81F709ADA00CA70E1 /* Geometry.swift */ = {isa = PBXFileReference; fileEncoding = 4; lastKnownFileType = sourcecode.swift; path = Geometry.swift; sourceTree = "<group>"; };
		0A771E8F1FB1429700BBFCD7 /* GoogleService-Info.plist */ = {isa = PBXFileReference; fileEncoding = 4; lastKnownFileType = text.plist.xml; path = "GoogleService-Info.plist"; sourceTree = "<group>"; };
		0A88FF741FA04AD6001C0DC6 /* FloatingView.swift */ = {isa = PBXFileReference; lastKnownFileType = sourcecode.swift; path = FloatingView.swift; sourceTree = "<group>"; };
		0A8C4ADD1F3C15BF00B7246A /* RoundedButton.swift */ = {isa = PBXFileReference; fileEncoding = 4; lastKnownFileType = sourcecode.swift; path = RoundedButton.swift; sourceTree = "<group>"; };
		0A8D18E01F15DEEF00AABEF7 /* CustomView.swift */ = {isa = PBXFileReference; fileEncoding = 4; lastKnownFileType = sourcecode.swift; path = CustomView.swift; sourceTree = "<group>"; };
		0A8FDA041FA76EF8002380AA /* Launch Screen.storyboard */ = {isa = PBXFileReference; lastKnownFileType = file.storyboard; path = "Launch Screen.storyboard"; sourceTree = "<group>"; };
		0A8FDA061FA8035D002380AA /* StringExtension.swift */ = {isa = PBXFileReference; lastKnownFileType = sourcecode.swift; path = StringExtension.swift; sourceTree = "<group>"; };
		0A9CC9281F8774EC00AC91A6 /* PhotoEditViewController.swift */ = {isa = PBXFileReference; lastKnownFileType = sourcecode.swift; path = PhotoEditViewController.swift; sourceTree = "<group>"; };
		0A9E4AF91F8F300200E3E805 /* BatchProgressView.xib */ = {isa = PBXFileReference; lastKnownFileType = file.xib; path = BatchProgressView.xib; sourceTree = "<group>"; };
		0A9E4AFB1F8F303200E3E805 /* BatchProgressView.swift */ = {isa = PBXFileReference; lastKnownFileType = sourcecode.swift; path = BatchProgressView.swift; sourceTree = "<group>"; };
		0A9EBAE21FD6F37200E83778 /* BatchPreviewView.swift */ = {isa = PBXFileReference; lastKnownFileType = sourcecode.swift; path = BatchPreviewView.swift; sourceTree = "<group>"; };
		0A9EBAE41FD6F3AF00E83778 /* BatchPreviewView.xib */ = {isa = PBXFileReference; lastKnownFileType = file.xib; path = BatchPreviewView.xib; sourceTree = "<group>"; };
		0A9EC7731F30735B00F1EF3A /* PhotoCollectionViewCell.xib */ = {isa = PBXFileReference; fileEncoding = 4; lastKnownFileType = file.xib; path = PhotoCollectionViewCell.xib; sourceTree = "<group>"; };
		0A9F86CF1FDA756800D25EB6 /* PhotoCollectionViewCell.swift */ = {isa = PBXFileReference; lastKnownFileType = sourcecode.swift; path = PhotoCollectionViewCell.swift; sourceTree = "<group>"; };
		0AA166931FD7A7F10004205C /* PreviewCollectionViewCell.xib */ = {isa = PBXFileReference; lastKnownFileType = file.xib; path = PreviewCollectionViewCell.xib; sourceTree = "<group>"; };
		0AA166951FD7A8710004205C /* PreviewCollectionViewCell.swift */ = {isa = PBXFileReference; lastKnownFileType = sourcecode.swift; path = PreviewCollectionViewCell.swift; sourceTree = "<group>"; };
		0AA37B271FD53163002803B8 /* AppDockViewController.swift */ = {isa = PBXFileReference; lastKnownFileType = sourcecode.swift; path = AppDockViewController.swift; sourceTree = "<group>"; };
		0AA382611F4ECA420031BAB5 /* BatchEditViewController.swift */ = {isa = PBXFileReference; fileEncoding = 4; lastKnownFileType = sourcecode.swift; path = BatchEditViewController.swift; sourceTree = "<group>"; };
		0AA86ED41FD1199A00E6E1B0 /* AppDock.swift */ = {isa = PBXFileReference; lastKnownFileType = sourcecode.swift; path = AppDock.swift; sourceTree = "<group>"; };
		0AA86ED61FD11EEF00E6E1B0 /* AppDockView.xib */ = {isa = PBXFileReference; lastKnownFileType = file.xib; path = AppDockView.xib; sourceTree = "<group>"; };
		0AA86ED81FD12BF600E6E1B0 /* AppDockViewCell.xib */ = {isa = PBXFileReference; lastKnownFileType = file.xib; path = AppDockViewCell.xib; sourceTree = "<group>"; };
		0ABFCF781F14B65C0078A583 /* batch.app */ = {isa = PBXFileReference; explicitFileType = wrapper.application; includeInIndex = 0; path = batch.app; sourceTree = BUILT_PRODUCTS_DIR; };
		0ABFCF7B1F14B65C0078A583 /* AppDelegate.swift */ = {isa = PBXFileReference; lastKnownFileType = sourcecode.swift; path = AppDelegate.swift; sourceTree = "<group>"; };
		0ABFCF871F14B65C0078A583 /* Info.plist */ = {isa = PBXFileReference; lastKnownFileType = text.plist.xml; path = Info.plist; sourceTree = "<group>"; };
		0ABFCF901F14B7190078A583 /* AppStoryboard.storyboard */ = {isa = PBXFileReference; fileEncoding = 4; lastKnownFileType = file.storyboard; path = AppStoryboard.storyboard; sourceTree = "<group>"; };
		0ABFCF921F14B7CB0078A583 /* Assets.xcassets */ = {isa = PBXFileReference; lastKnownFileType = folder.assetcatalog; path = Assets.xcassets; sourceTree = "<group>"; };
		0ABFCF981F14B8A70078A583 /* PhotoPickerViewController.swift */ = {isa = PBXFileReference; fileEncoding = 4; lastKnownFileType = sourcecode.swift; path = PhotoPickerViewController.swift; sourceTree = "<group>"; };
		281B8EE7F3B930519ABFAAA4 /* Pods_batch.framework */ = {isa = PBXFileReference; explicitFileType = wrapper.framework; includeInIndex = 0; path = Pods_batch.framework; sourceTree = BUILT_PRODUCTS_DIR; };
		4F71D07823F5C942948C394C /* de */ = {isa = PBXFileReference; fileEncoding = 4; lastKnownFileType = text.plist.strings; name = de; path = Localizable.strings; sourceTree = "<group>"; };
		4F71D0870FD2EB4014BC4E60 /* vi */ = {isa = PBXFileReference; fileEncoding = 4; lastKnownFileType = text.plist.strings; name = vi; path = Localizable.strings; sourceTree = "<group>"; };
		4F71D130E43615882B01B0BE /* ja */ = {isa = PBXFileReference; fileEncoding = 4; lastKnownFileType = text.plist.strings; name = ja; path = Localizable.strings; sourceTree = "<group>"; };
		4F71D14D12D3AE15F1EDD2E0 /* sk */ = {isa = PBXFileReference; fileEncoding = 4; lastKnownFileType = text.plist.strings; name = sk; path = Localizable.strings; sourceTree = "<group>"; };
		4F71D1D0361C1367B06F41F6 /* sv */ = {isa = PBXFileReference; fileEncoding = 4; lastKnownFileType = text.plist.strings; name = sv; path = Localizable.strings; sourceTree = "<group>"; };
		4F71D1FBD4091EC63C85905B /* ms */ = {isa = PBXFileReference; fileEncoding = 4; lastKnownFileType = text.plist.strings; name = ms; path = Localizable.strings; sourceTree = "<group>"; };
		4F71D2004D7DCDF7A87CF872 /* en-AU */ = {isa = PBXFileReference; fileEncoding = 4; lastKnownFileType = text.plist.strings; name = "en-AU"; path = Localizable.strings; sourceTree = "<group>"; };
		4F71D2387C36356F8A810D61 /* th */ = {isa = PBXFileReference; fileEncoding = 4; lastKnownFileType = text.plist.strings; name = th; path = Localizable.strings; sourceTree = "<group>"; };
		4F71D2465BD7BAD13DA17B6D /* CheckMarkView.swift */ = {isa = PBXFileReference; fileEncoding = 4; lastKnownFileType = sourcecode.swift; path = CheckMarkView.swift; sourceTree = "<group>"; };
		4F71D3040845E37A18D32812 /* App.swift */ = {isa = PBXFileReference; fileEncoding = 4; lastKnownFileType = sourcecode.swift; path = App.swift; sourceTree = "<group>"; };
		4F71D3240381293CED953B54 /* AppLifecycle.swift */ = {isa = PBXFileReference; fileEncoding = 4; lastKnownFileType = sourcecode.swift; path = AppLifecycle.swift; sourceTree = "<group>"; };
		4F71D350A1024D6DE9DDF2CF /* zh_CN */ = {isa = PBXFileReference; fileEncoding = 4; lastKnownFileType = text.plist.strings; name = zh_CN; path = Localizable.strings; sourceTree = "<group>"; };
		4F71D37BE27E637934A4E8DE /* SourceItem.swift */ = {isa = PBXFileReference; fileEncoding = 4; lastKnownFileType = sourcecode.swift; path = SourceItem.swift; sourceTree = "<group>"; };
		4F71D39BFF3C82EBB8C70AB3 /* PHAssetSourceable.swift */ = {isa = PBXFileReference; fileEncoding = 4; lastKnownFileType = sourcecode.swift; path = PHAssetSourceable.swift; sourceTree = "<group>"; };
		4F71D474151CDAE78A72AF50 /* hi */ = {isa = PBXFileReference; fileEncoding = 4; lastKnownFileType = text.plist.strings; name = hi; path = Localizable.strings; sourceTree = "<group>"; };
		4F71D48A50EAA2890E560F77 /* zh_HK */ = {isa = PBXFileReference; fileEncoding = 4; lastKnownFileType = text.plist.strings; name = zh_HK; path = Localizable.strings; sourceTree = "<group>"; };
		4F71D4B340C95987CDD4AA97 /* he */ = {isa = PBXFileReference; fileEncoding = 4; lastKnownFileType = text.plist.strings; name = he; path = Localizable.strings; sourceTree = "<group>"; };
		4F71D5109CDFE3F2E36BF5A8 /* AppTask.swift */ = {isa = PBXFileReference; fileEncoding = 4; lastKnownFileType = sourcecode.swift; path = AppTask.swift; sourceTree = "<group>"; };
		4F71D54364A04B5A36539C3F /* nl */ = {isa = PBXFileReference; fileEncoding = 4; lastKnownFileType = text.plist.strings; name = nl; path = Localizable.strings; sourceTree = "<group>"; };
		4F71D545A2757C8FD12523FE /* es */ = {isa = PBXFileReference; fileEncoding = 4; lastKnownFileType = text.plist.strings; name = es; path = Localizable.strings; sourceTree = "<group>"; };
		4F71D567EAFC10B6D40EE0E4 /* TransformApp.swift */ = {isa = PBXFileReference; fileEncoding = 4; lastKnownFileType = sourcecode.swift; path = TransformApp.swift; sourceTree = "<group>"; };
		4F71D5F397502710E3224CC9 /* Object.swift */ = {isa = PBXFileReference; fileEncoding = 4; lastKnownFileType = sourcecode.swift; path = Object.swift; sourceTree = "<group>"; };
		4F71D612D50597A5BF533E01 /* uk */ = {isa = PBXFileReference; fileEncoding = 4; lastKnownFileType = text.plist.strings; name = uk; path = Localizable.strings; sourceTree = "<group>"; };
		4F71D629895733A64BF028A3 /* tr */ = {isa = PBXFileReference; fileEncoding = 4; lastKnownFileType = text.plist.strings; name = tr; path = Localizable.strings; sourceTree = "<group>"; };
		4F71D67696ED68B67F19CD2D /* PhotoPickerDetailViewController.swift */ = {isa = PBXFileReference; fileEncoding = 4; lastKnownFileType = sourcecode.swift; path = PhotoPickerDetailViewController.swift; sourceTree = "<group>"; };
		4F71D6DCF679BD4028F66661 /* el */ = {isa = PBXFileReference; fileEncoding = 4; lastKnownFileType = text.plist.strings; name = el; path = Localizable.strings; sourceTree = "<group>"; };
		4F71D6F61D723670291982AD /* fr_CA */ = {isa = PBXFileReference; fileEncoding = 4; lastKnownFileType = text.plist.strings; name = fr_CA; path = Localizable.strings; sourceTree = "<group>"; };
		4F71D785021113F0D131D52F /* ca */ = {isa = PBXFileReference; fileEncoding = 4; lastKnownFileType = text.plist.strings; name = ca; path = Localizable.strings; sourceTree = "<group>"; };
		4F71D797FBC4543B06C44975 /* no */ = {isa = PBXFileReference; fileEncoding = 4; lastKnownFileType = text.plist.strings; name = no; path = Localizable.strings; sourceTree = "<group>"; };
		4F71D7A66CE97DD5A352D489 /* Base */ = {isa = PBXFileReference; fileEncoding = 4; lastKnownFileType = text.plist.strings; name = Base; path = Localizable.strings; sourceTree = "<group>"; };
		4F71D7A791F06122924E0876 /* AppConfig.swift */ = {isa = PBXFileReference; fileEncoding = 4; lastKnownFileType = sourcecode.swift; path = AppConfig.swift; sourceTree = "<group>"; };
		4F71D824173DDC0C14C6EAB1 /* ro */ = {isa = PBXFileReference; fileEncoding = 4; lastKnownFileType = text.plist.strings; name = ro; path = Localizable.strings; sourceTree = "<group>"; };
		4F71D8588D09A8F77A3F89CF /* Task.swift */ = {isa = PBXFileReference; fileEncoding = 4; lastKnownFileType = sourcecode.swift; path = Task.swift; sourceTree = "<group>"; };
		4F71D887649BD6D9198DD7B5 /* Base */ = {isa = PBXFileReference; fileEncoding = 4; lastKnownFileType = text.plist.stringsdict; name = Base; path = Localizable.stringsdict; sourceTree = "<group>"; };
		4F71D89F3850DE4667332519 /* Item.swift */ = {isa = PBXFileReference; fileEncoding = 4; lastKnownFileType = sourcecode.swift; path = Item.swift; sourceTree = "<group>"; };
		4F71D8A611809D713E2DA746 /* es_MX */ = {isa = PBXFileReference; fileEncoding = 4; lastKnownFileType = text.plist.strings; name = es_MX; path = Localizable.strings; sourceTree = "<group>"; };
		4F71D8BA896BACAC477A1E38 /* AppTaskManager.swift */ = {isa = PBXFileReference; fileEncoding = 4; lastKnownFileType = sourcecode.swift; path = AppTaskManager.swift; sourceTree = "<group>"; };
		4F71DA77EDA73C4377CF8FC5 /* AssetView.swift */ = {isa = PBXFileReference; fileEncoding = 4; lastKnownFileType = sourcecode.swift; path = AssetView.swift; sourceTree = "<group>"; };
		4F71DAD13EC98589E1C308AB /* AppTaskOperationQueue.swift */ = {isa = PBXFileReference; fileEncoding = 4; lastKnownFileType = sourcecode.swift; path = AppTaskOperationQueue.swift; sourceTree = "<group>"; };
		4F71DB3F65BB0609398D99C6 /* Sourceable.swift */ = {isa = PBXFileReference; fileEncoding = 4; lastKnownFileType = sourcecode.swift; path = Sourceable.swift; sourceTree = "<group>"; };
		4F71DC250BC1539E5CF380C0 /* it */ = {isa = PBXFileReference; fileEncoding = 4; lastKnownFileType = text.plist.strings; name = it; path = Localizable.strings; sourceTree = "<group>"; };
		4F71DC4565938334F77840D7 /* ar */ = {isa = PBXFileReference; fileEncoding = 4; lastKnownFileType = text.plist.strings; name = ar; path = Localizable.strings; sourceTree = "<group>"; };
		4F71DC566F79F8F1B7B71CF1 /* fr */ = {isa = PBXFileReference; fileEncoding = 4; lastKnownFileType = text.plist.strings; name = fr; path = Localizable.strings; sourceTree = "<group>"; };
		4F71DC5FEFE4BF3361E38AF5 /* HelloApps.swift */ = {isa = PBXFileReference; fileEncoding = 4; lastKnownFileType = sourcecode.swift; path = HelloApps.swift; sourceTree = "<group>"; };
		4F71DCA99FA2B8227EC74FF4 /* fi */ = {isa = PBXFileReference; fileEncoding = 4; lastKnownFileType = text.plist.strings; name = fi; path = Localizable.strings; sourceTree = "<group>"; };
		4F71DCC9EA521C6BCDC35D0C /* TransformApp.Contents.swift */ = {isa = PBXFileReference; fileEncoding = 4; lastKnownFileType = sourcecode.swift; path = TransformApp.Contents.swift; sourceTree = "<group>"; };
		4F71DD5661069BB5E3B95480 /* zh_TW */ = {isa = PBXFileReference; fileEncoding = 4; lastKnownFileType = text.plist.strings; name = zh_TW; path = Localizable.strings; sourceTree = "<group>"; };
		4F71DD5C99E7BCE453D20BD0 /* id */ = {isa = PBXFileReference; fileEncoding = 4; lastKnownFileType = text.plist.strings; name = id; path = Localizable.strings; sourceTree = "<group>"; };
		4F71DD62B2E01420E55FECA7 /* cs */ = {isa = PBXFileReference; fileEncoding = 4; lastKnownFileType = text.plist.strings; name = cs; path = Localizable.strings; sourceTree = "<group>"; };
		4F71DDB619825443257EBEEA /* da */ = {isa = PBXFileReference; fileEncoding = 4; lastKnownFileType = text.plist.strings; name = da; path = Localizable.strings; sourceTree = "<group>"; };
		4F71DDC421A295CD0E3A4D18 /* en-GB */ = {isa = PBXFileReference; fileEncoding = 4; lastKnownFileType = text.plist.strings; name = "en-GB"; path = Localizable.strings; sourceTree = "<group>"; };
		4F71DDCD4F23E46BAD494E43 /* ko */ = {isa = PBXFileReference; fileEncoding = 4; lastKnownFileType = text.plist.strings; name = ko; path = Localizable.strings; sourceTree = "<group>"; };
		4F71DDCE5F6C328475695277 /* pt_PT */ = {isa = PBXFileReference; fileEncoding = 4; lastKnownFileType = text.plist.strings; name = pt_PT; path = Localizable.strings; sourceTree = "<group>"; };
		4F71DE6203E83AFA6FB4EEAE /* Image.swift */ = {isa = PBXFileReference; fileEncoding = 4; lastKnownFileType = sourcecode.swift; path = Image.swift; sourceTree = "<group>"; };
		4F71DE7BA5E4FF9FA6844457 /* hr */ = {isa = PBXFileReference; fileEncoding = 4; lastKnownFileType = text.plist.strings; name = hr; path = Localizable.strings; sourceTree = "<group>"; };
		4F71DED41994345222015B8E /* GradientView.swift */ = {isa = PBXFileReference; fileEncoding = 4; lastKnownFileType = sourcecode.swift; path = GradientView.swift; sourceTree = "<group>"; };
		4F71DF0B9E9077B1E03FF885 /* PHAsset.swift */ = {isa = PBXFileReference; fileEncoding = 4; lastKnownFileType = sourcecode.swift; path = PHAsset.swift; sourceTree = "<group>"; };
		4F71DF1ACB1AF25316653CA9 /* pt */ = {isa = PBXFileReference; fileEncoding = 4; lastKnownFileType = text.plist.strings; name = pt; path = Localizable.strings; sourceTree = "<group>"; };
		4F71DF2E58751E7641EB78DE /* HelloBatchApp.swift */ = {isa = PBXFileReference; fileEncoding = 4; lastKnownFileType = sourcecode.swift; path = HelloBatchApp.swift; sourceTree = "<group>"; };
		4F71DF6A3F2621A2EFC5A30F /* System.swift */ = {isa = PBXFileReference; fileEncoding = 4; lastKnownFileType = sourcecode.swift; path = System.swift; sourceTree = "<group>"; };
		4F71DF8C80BDBCFC85F39CBC /* ru */ = {isa = PBXFileReference; fileEncoding = 4; lastKnownFileType = text.plist.strings; name = ru; path = Localizable.strings; sourceTree = "<group>"; };
		4F71DF8FD2E3706781E2B4A4 /* pl */ = {isa = PBXFileReference; fileEncoding = 4; lastKnownFileType = text.plist.strings; name = pl; path = Localizable.strings; sourceTree = "<group>"; };
		4F71DFCA8020E56BB968A0A8 /* hu */ = {isa = PBXFileReference; fileEncoding = 4; lastKnownFileType = text.plist.strings; name = hu; path = Localizable.strings; sourceTree = "<group>"; };
		614D248BD87AEAE91795DFC4 /* Pods-batch.release.xcconfig */ = {isa = PBXFileReference; includeInIndex = 1; lastKnownFileType = text.xcconfig; name = "Pods-batch.release.xcconfig"; path = "Pods/Target Support Files/Pods-batch/Pods-batch.release.xcconfig"; sourceTree = "<group>"; };
		E6C115FBD773BA835480B08C /* Pods-batch.debug.xcconfig */ = {isa = PBXFileReference; includeInIndex = 1; lastKnownFileType = text.xcconfig; name = "Pods-batch.debug.xcconfig"; path = "Pods/Target Support Files/Pods-batch/Pods-batch.debug.xcconfig"; sourceTree = "<group>"; };
/* End PBXFileReference section */

/* Begin PBXFrameworksBuildPhase section */
		0ABFCF751F14B65C0078A583 /* Frameworks */ = {
			isa = PBXFrameworksBuildPhase;
			buildActionMask = 2147483647;
			files = (
				28B58A4258EFA57A287EE746 /* Pods_batch.framework in Frameworks */,
			);
			runOnlyForDeploymentPostprocessing = 0;
		};
/* End PBXFrameworksBuildPhase section */

/* Begin PBXGroup section */
		0275E32D7924136E4A006D21 /* Pods */ = {
			isa = PBXGroup;
			children = (
				E6C115FBD773BA835480B08C /* Pods-batch.debug.xcconfig */,
				614D248BD87AEAE91795DFC4 /* Pods-batch.release.xcconfig */,
			);
			name = Pods;
			sourceTree = "<group>";
		};
		0A7459E71F709AC800CA70E1 /* Extensions */ = {
			isa = PBXGroup;
			children = (
				0A7459E81F709ADA00CA70E1 /* Geometry.swift */,
				0A8FDA061FA8035D002380AA /* StringExtension.swift */,
			);
			path = Extensions;
			sourceTree = "<group>";
		};
		0A8C4ADC1F3C159300B7246A /* Custom Controls */ = {
			isa = PBXGroup;
			children = (
				0A9E4AFB1F8F303200E3E805 /* BatchProgressView.swift */,
				4F71D2465BD7BAD13DA17B6D /* CheckMarkView.swift */,
				0A8D18E01F15DEEF00AABEF7 /* CustomView.swift */,
				0A66CD4F1F95935500A97726 /* FloatingToolbar.swift */,
				0A88FF741FA04AD6001C0DC6 /* FloatingView.swift */,
				4F71DED41994345222015B8E /* GradientView.swift */,
				0A8C4ADD1F3C15BF00B7246A /* RoundedButton.swift */,
			);
			path = "Custom Controls";
			sourceTree = "<group>";
		};
		0A9EBAE11FD6F34300E83778 /* Selector */ = {
			isa = PBXGroup;
			children = (
				0A9EBAE21FD6F37200E83778 /* BatchPreviewView.swift */,
				0A9EBAE41FD6F3AF00E83778 /* BatchPreviewView.xib */,
				0A9F86CF1FDA756800D25EB6 /* PhotoCollectionViewCell.swift */,
				0AA166951FD7A8710004205C /* PreviewCollectionViewCell.swift */,
				0AA166931FD7A7F10004205C /* PreviewCollectionViewCell.xib */,
			);
			path = Selector;
			sourceTree = "<group>";
		};
		0AA347DF1F15B29A004EE8E6 /* Interfaces */ = {
			isa = PBXGroup;
			children = (
				0A9E4AF91F8F300200E3E805 /* BatchProgressView.xib */,
				0A66CD4D1F9592A600A97726 /* FloatingToolbar.xib */,
				0A9EC7731F30735B00F1EF3A /* PhotoCollectionViewCell.xib */,
			);
			path = Interfaces;
			sourceTree = "<group>";
		};
		0AA86ED31FD1196C00E6E1B0 /* AppDock */ = {
			isa = PBXGroup;
			children = (
				0AA86ED41FD1199A00E6E1B0 /* AppDock.swift */,
				0AA86ED61FD11EEF00E6E1B0 /* AppDockView.xib */,
				0AA86ED81FD12BF600E6E1B0 /* AppDockViewCell.xib */,
			);
			path = AppDock;
			sourceTree = "<group>";
		};
		0ABFCF6F1F14B65C0078A583 = {
			isa = PBXGroup;
			children = (
				DEBB1972B2E19B0514B3BEDD /* Frameworks */,
				0275E32D7924136E4A006D21 /* Pods */,
				0ABFCF791F14B65C0078A583 /* Products */,
				0ABFCF7A1F14B65C0078A583 /* batch */,
			);
			sourceTree = "<group>";
		};
		0ABFCF791F14B65C0078A583 /* Products */ = {
			isa = PBXGroup;
			children = (
				0ABFCF781F14B65C0078A583 /* batch.app */,
			);
			name = Products;
			sourceTree = "<group>";
		};
		0ABFCF7A1F14B65C0078A583 /* batch */ = {
			isa = PBXGroup;
			children = (
				0ABFCF961F14B8830078A583 /* Classes */,
				0ABFCF8D1F14B6EF0078A583 /* Resources */,
				0ABFCF7B1F14B65C0078A583 /* AppDelegate.swift */,
				0A771E8F1FB1429700BBFCD7 /* GoogleService-Info.plist */,
				0ABFCF871F14B65C0078A583 /* Info.plist */,
			);
			path = batch;
			sourceTree = "<group>";
		};
		0ABFCF8D1F14B6EF0078A583 /* Resources */ = {
			isa = PBXGroup;
			children = (
				0ABFCF8E1F14B6F40078A583 /* User Interfaces */,
				0ABFCF921F14B7CB0078A583 /* Assets.xcassets */,
				0A8FDA041FA76EF8002380AA /* Launch Screen.storyboard */,
				4F71D2BD40D7081142997E43 /* Localizations */,
			);
			path = Resources;
			sourceTree = "<group>";
		};
		0ABFCF8E1F14B6F40078A583 /* User Interfaces */ = {
			isa = PBXGroup;
			children = (
				0AA347DF1F15B29A004EE8E6 /* Interfaces */,
				0ABFCF8F1F14B6FB0078A583 /* Storyboards */,
			);
			path = "User Interfaces";
			sourceTree = "<group>";
		};
		0ABFCF8F1F14B6FB0078A583 /* Storyboards */ = {
			isa = PBXGroup;
			children = (
				0ABFCF901F14B7190078A583 /* AppStoryboard.storyboard */,
			);
			path = Storyboards;
			sourceTree = "<group>";
		};
		0ABFCF961F14B8830078A583 /* Classes */ = {
			isa = PBXGroup;
			children = (
				4F71D451733B8320254C1516 /* @HelloApps */,
				0AA86ED31FD1196C00E6E1B0 /* AppDock */,
				4F71DCB7FD70D9D27E5C6324 /* Apps */,
				4F71D2EACB3C0ECE4939A9E0 /* CodeKit */,
				0A8C4ADC1F3C159300B7246A /* Custom Controls */,
				0A7459E71F709AC800CA70E1 /* Extensions */,
				0A9EBAE11FD6F34300E83778 /* Selector */,
				0AA37B271FD53163002803B8 /* AppDockViewController.swift */,
				0AA382611F4ECA420031BAB5 /* BatchEditViewController.swift */,
				0A9CC9281F8774EC00AC91A6 /* PhotoEditViewController.swift */,
				4F71D67696ED68B67F19CD2D /* PhotoPickerDetailViewController.swift */,
				0ABFCF981F14B8A70078A583 /* PhotoPickerViewController.swift */,
			);
			path = Classes;
			sourceTree = "<group>";
		};
		4F71D040A83C02DEE803C86D /* AppTask */ = {
			isa = PBXGroup;
			children = (
				4F71D3040845E37A18D32812 /* App.swift */,
				4F71D7A791F06122924E0876 /* AppConfig.swift */,
				4F71D3240381293CED953B54 /* AppLifecycle.swift */,
				4F71D5109CDFE3F2E36BF5A8 /* AppTask.swift */,
				4F71D8BA896BACAC477A1E38 /* AppTaskManager.swift */,
				4F71DAD13EC98589E1C308AB /* AppTaskOperationQueue.swift */,
			);
			path = AppTask;
			sourceTree = "<group>";
		};
		4F71D12422C40BDC9F8A8E53 /* ms.lproj */ = {
			isa = PBXGroup;
			children = (
				4F71DFB7C3D45A73E39BB0EB /* Localizable.strings */,
			);
			path = ms.lproj;
			sourceTree = "<group>";
		};
		4F71D19039EB5405244BFD09 /* de.lproj */ = {
			isa = PBXGroup;
			children = (
				4F71D82C06587628D63DC1FC /* Localizable.strings */,
			);
			path = de.lproj;
			sourceTree = "<group>";
		};
		4F71D1CBC0BFFDB5D5A20CA7 /* tr.lproj */ = {
			isa = PBXGroup;
			children = (
				4F71DF57BCEE05C54BC0C8B9 /* Localizable.strings */,
			);
			path = tr.lproj;
			sourceTree = "<group>";
		};
		4F71D275DDBB0150224F792A /* ca.lproj */ = {
			isa = PBXGroup;
			children = (
				4F71D63136CA0E39B8FDE7A0 /* Localizable.strings */,
			);
			path = ca.lproj;
			sourceTree = "<group>";
		};
		4F71D2BD40D7081142997E43 /* Localizations */ = {
			isa = PBXGroup;
			children = (
				4F71D6CD22DAF5E79E7586C6 /* ar.lproj */,
				4F71D275DDBB0150224F792A /* ca.lproj */,
				4F71DF8753C0BC1B029E8E60 /* cs.lproj */,
				4F71D96503402F6843E54A4A /* da.lproj */,
				4F71D19039EB5405244BFD09 /* de.lproj */,
				4F71D51CC43FEDBB170EE64A /* el.lproj */,
				4F71DAF7CE5DE67E07BFA9AF /* es.lproj */,
				4F71D4D0669750A36C2187C2 /* fi.lproj */,
				4F71DB9112644D3D97E41FAA /* fr.lproj */,
				4F71DDD1698C25278A74F4DA /* he.lproj */,
				4F71D3BC2B01817975D02901 /* hi.lproj */,
				4F71DC2BB69BD777D46E4E97 /* hr.lproj */,
				4F71D6B9072AEAE2433381F5 /* hu.lproj */,
				4F71D38385D0BB72C77C8307 /* id.lproj */,
				4F71D7F2C33371C28AD75C1D /* it.lproj */,
				4F71D8232E969B53E9F93084 /* ja.lproj */,
				4F71D4C81E8292CEFC2134D6 /* ko.lproj */,
				4F71D12422C40BDC9F8A8E53 /* ms.lproj */,
				4F71D59967C9805C8B58073F /* nl.lproj */,
				4F71DDA024F3913CB2920B17 /* no.lproj */,
				4F71D2CC993023E7A3BC7C32 /* pl.lproj */,
				4F71D4428AD155E3DB78C094 /* pt.lproj */,
				4F71D7CF90D9813F1D51C7EE /* ro.lproj */,
				4F71DED7407FC0878A5B89D3 /* ru.lproj */,
				4F71DDEDFEFBB4E832D2CA88 /* sk.lproj */,
				4F71D73B0A2706CF0C9C5C92 /* sv.lproj */,
				4F71D6E97DAF60D28D74132F /* th.lproj */,
				4F71D1CBC0BFFDB5D5A20CA7 /* tr.lproj */,
				4F71DECCCFB9764E2D04AA89 /* uk.lproj */,
				4F71DBE46B8D714B60108EDD /* vi.lproj */,
				4F71D4D69303F89E1630BA8F /* Base.lproj */,
				4F71D5AEE5D5C5B608D0ED67 /* en-AU.lproj */,
				4F71DD460A36195DCD891CCF /* en-GB.lproj */,
				4F71DFDE9366F89A7771874D /* es_MX.lproj */,
				4F71D55D03888B3EEBF81764 /* fr_CA.lproj */,
				4F71DE1E9964E9D10BDF673F /* pt_PT.lproj */,
				4F71DF7DE917A3E95F79546B /* zh_CN.lproj */,
				4F71D3BCC6BA2C2E5AE992ED /* zh_HK.lproj */,
				4F71DAA95502029356EDD91B /* zh_TW.lproj */,
			);
			path = Localizations;
			sourceTree = "<group>";
		};
		4F71D2CC993023E7A3BC7C32 /* pl.lproj */ = {
			isa = PBXGroup;
			children = (
				4F71DC34F5554A7C034DBC6B /* Localizable.strings */,
			);
			path = pl.lproj;
			sourceTree = "<group>";
		};
		4F71D2EACB3C0ECE4939A9E0 /* CodeKit */ = {
			isa = PBXGroup;
			children = (
				4F71D040A83C02DEE803C86D /* AppTask */,
				4F71DBD8B1EA7E512BFA8988 /* Sourceable */,
				4F71D97A52EB95A742380292 /* Views */,
				4F71DE6203E83AFA6FB4EEAE /* Image.swift */,
				4F71D89F3850DE4667332519 /* Item.swift */,
				4F71D5F397502710E3224CC9 /* Object.swift */,
				4F71DF0B9E9077B1E03FF885 /* PHAsset.swift */,
				4F71D8588D09A8F77A3F89CF /* Task.swift */,
				4F71DF6A3F2621A2EFC5A30F /* System.swift */,
			);
			path = CodeKit;
			sourceTree = "<group>";
		};
		4F71D38385D0BB72C77C8307 /* id.lproj */ = {
			isa = PBXGroup;
			children = (
				4F71DA9D2055CE6801CC2308 /* Localizable.strings */,
			);
			path = id.lproj;
			sourceTree = "<group>";
		};
		4F71D3BC2B01817975D02901 /* hi.lproj */ = {
			isa = PBXGroup;
			children = (
				4F71D76174CDC495E0106645 /* Localizable.strings */,
			);
			path = hi.lproj;
			sourceTree = "<group>";
		};
		4F71D3BCC6BA2C2E5AE992ED /* zh_HK.lproj */ = {
			isa = PBXGroup;
			children = (
				4F71DFD3C15F39A20B9A7CF1 /* Localizable.strings */,
			);
			path = zh_HK.lproj;
			sourceTree = "<group>";
		};
		4F71D4428AD155E3DB78C094 /* pt.lproj */ = {
			isa = PBXGroup;
			children = (
				4F71D6D9A720379F8C76F625 /* Localizable.strings */,
			);
			path = pt.lproj;
			sourceTree = "<group>";
		};
		4F71D451733B8320254C1516 /* @HelloApps */ = {
			isa = PBXGroup;
			children = (
				4F71DC5FEFE4BF3361E38AF5 /* HelloApps.swift */,
				4F71DF2E58751E7641EB78DE /* HelloBatchApp.swift */,
			);
			path = "@HelloApps";
			sourceTree = "<group>";
		};
		4F71D4C81E8292CEFC2134D6 /* ko.lproj */ = {
			isa = PBXGroup;
			children = (
				4F71D03FAAD1A697C1FC06ED /* Localizable.strings */,
			);
			path = ko.lproj;
			sourceTree = "<group>";
		};
		4F71D4D0669750A36C2187C2 /* fi.lproj */ = {
			isa = PBXGroup;
			children = (
				4F71DF60F3145AA65F6E07F8 /* Localizable.strings */,
			);
			path = fi.lproj;
			sourceTree = "<group>";
		};
		4F71D4D69303F89E1630BA8F /* Base.lproj */ = {
			isa = PBXGroup;
			children = (
				4F71D87A9567225340A79533 /* Localizable.strings */,
				4F71DF8EC2FC3388F237EEF5 /* Localizable.stringsdict */,
			);
			path = Base.lproj;
			sourceTree = "<group>";
		};
		4F71D51CC43FEDBB170EE64A /* el.lproj */ = {
			isa = PBXGroup;
			children = (
				4F71D9F6BC4FF524E233A220 /* Localizable.strings */,
			);
			path = el.lproj;
			sourceTree = "<group>";
		};
		4F71D55D03888B3EEBF81764 /* fr_CA.lproj */ = {
			isa = PBXGroup;
			children = (
				4F71D6900CB7937103516269 /* Localizable.strings */,
			);
			path = fr_CA.lproj;
			sourceTree = "<group>";
		};
		4F71D59967C9805C8B58073F /* nl.lproj */ = {
			isa = PBXGroup;
			children = (
				4F71D3E7CBB71E5919EAEEB6 /* Localizable.strings */,
			);
			path = nl.lproj;
			sourceTree = "<group>";
		};
		4F71D5AEE5D5C5B608D0ED67 /* en-AU.lproj */ = {
			isa = PBXGroup;
			children = (
				4F71DF1F1EA341205C8B82E8 /* Localizable.strings */,
			);
			path = "en-AU.lproj";
			sourceTree = "<group>";
		};
		4F71D6B9072AEAE2433381F5 /* hu.lproj */ = {
			isa = PBXGroup;
			children = (
				4F71D3F4E4B720B2D3E79010 /* Localizable.strings */,
			);
			path = hu.lproj;
			sourceTree = "<group>";
		};
		4F71D6CD22DAF5E79E7586C6 /* ar.lproj */ = {
			isa = PBXGroup;
			children = (
				4F71DAE83D8396175CE8C7F9 /* Localizable.strings */,
			);
			path = ar.lproj;
			sourceTree = "<group>";
		};
		4F71D6E97DAF60D28D74132F /* th.lproj */ = {
			isa = PBXGroup;
			children = (
				4F71D945BAAFABA6C67E5231 /* Localizable.strings */,
			);
			path = th.lproj;
			sourceTree = "<group>";
		};
		4F71D73B0A2706CF0C9C5C92 /* sv.lproj */ = {
			isa = PBXGroup;
			children = (
				4F71DEE56E89B89163A4A355 /* Localizable.strings */,
			);
			path = sv.lproj;
			sourceTree = "<group>";
		};
		4F71D7CF90D9813F1D51C7EE /* ro.lproj */ = {
			isa = PBXGroup;
			children = (
				4F71D94A95A61F7FB152ACE7 /* Localizable.strings */,
			);
			path = ro.lproj;
			sourceTree = "<group>";
		};
		4F71D7F2C33371C28AD75C1D /* it.lproj */ = {
			isa = PBXGroup;
			children = (
				4F71DEC6E98E9E40DFB63A92 /* Localizable.strings */,
			);
			path = it.lproj;
			sourceTree = "<group>";
		};
		4F71D8232E969B53E9F93084 /* ja.lproj */ = {
			isa = PBXGroup;
			children = (
				4F71DB324F41E37256B96FA6 /* Localizable.strings */,
			);
			path = ja.lproj;
			sourceTree = "<group>";
		};
		4F71D8FA3D2655407D04999F /* TransformApp */ = {
			isa = PBXGroup;
			children = (
				4F71DCC9EA521C6BCDC35D0C /* TransformApp.Contents.swift */,
			);
			path = TransformApp;
			sourceTree = "<group>";
		};
		4F71D96503402F6843E54A4A /* da.lproj */ = {
			isa = PBXGroup;
			children = (
				4F71D8227095557197E91EB6 /* Localizable.strings */,
			);
			path = da.lproj;
			sourceTree = "<group>";
		};
		4F71D97A52EB95A742380292 /* Views */ = {
			isa = PBXGroup;
			children = (
				4F71DA77EDA73C4377CF8FC5 /* AssetView.swift */,
			);
			path = Views;
			sourceTree = "<group>";
		};
		4F71DAA95502029356EDD91B /* zh_TW.lproj */ = {
			isa = PBXGroup;
			children = (
				4F71D6801B1330EFA5B8D14A /* Localizable.strings */,
			);
			path = zh_TW.lproj;
			sourceTree = "<group>";
		};
		4F71DAF7CE5DE67E07BFA9AF /* es.lproj */ = {
			isa = PBXGroup;
			children = (
				4F71DE76B9AD7227C9F78AE5 /* Localizable.strings */,
			);
			path = es.lproj;
			sourceTree = "<group>";
		};
		4F71DB9112644D3D97E41FAA /* fr.lproj */ = {
			isa = PBXGroup;
			children = (
				4F71D9F4B12041A01656AEAC /* Localizable.strings */,
			);
			path = fr.lproj;
			sourceTree = "<group>";
		};
		4F71DBD8B1EA7E512BFA8988 /* Sourceable */ = {
			isa = PBXGroup;
			children = (
				4F71D39BFF3C82EBB8C70AB3 /* PHAssetSourceable.swift */,
				4F71D37BE27E637934A4E8DE /* SourceItem.swift */,
				4F71DB3F65BB0609398D99C6 /* Sourceable.swift */,
			);
			path = Sourceable;
			sourceTree = "<group>";
		};
		4F71DBE46B8D714B60108EDD /* vi.lproj */ = {
			isa = PBXGroup;
			children = (
				4F71D1794336220F99D94A32 /* Localizable.strings */,
			);
			path = vi.lproj;
			sourceTree = "<group>";
		};
		4F71DC2BB69BD777D46E4E97 /* hr.lproj */ = {
			isa = PBXGroup;
			children = (
				4F71D079FCA01A952DBCFD3F /* Localizable.strings */,
			);
			path = hr.lproj;
			sourceTree = "<group>";
		};
		4F71DCB7FD70D9D27E5C6324 /* Apps */ = {
			isa = PBXGroup;
			children = (
				4F71D8FA3D2655407D04999F /* TransformApp */,
				4F71D567EAFC10B6D40EE0E4 /* TransformApp.swift */,
			);
			path = Apps;
			sourceTree = "<group>";
		};
		4F71DD460A36195DCD891CCF /* en-GB.lproj */ = {
			isa = PBXGroup;
			children = (
				4F71D629F370C22B160C7DB8 /* Localizable.strings */,
			);
			path = "en-GB.lproj";
			sourceTree = "<group>";
		};
		4F71DDA024F3913CB2920B17 /* no.lproj */ = {
			isa = PBXGroup;
			children = (
				4F71DF5E6FB47FF24A1584B4 /* Localizable.strings */,
			);
			path = no.lproj;
			sourceTree = "<group>";
		};
		4F71DDD1698C25278A74F4DA /* he.lproj */ = {
			isa = PBXGroup;
			children = (
				4F71D7F2C6D51A2B20CB2757 /* Localizable.strings */,
			);
			path = he.lproj;
			sourceTree = "<group>";
		};
		4F71DDEDFEFBB4E832D2CA88 /* sk.lproj */ = {
			isa = PBXGroup;
			children = (
				4F71D143CD980DFF0B14F688 /* Localizable.strings */,
			);
			path = sk.lproj;
			sourceTree = "<group>";
		};
		4F71DE1E9964E9D10BDF673F /* pt_PT.lproj */ = {
			isa = PBXGroup;
			children = (
				4F71DDF945C8D64CBC607353 /* Localizable.strings */,
			);
			path = pt_PT.lproj;
			sourceTree = "<group>";
		};
		4F71DECCCFB9764E2D04AA89 /* uk.lproj */ = {
			isa = PBXGroup;
			children = (
				4F71D85A53C6C9BAB97E9D90 /* Localizable.strings */,
			);
			path = uk.lproj;
			sourceTree = "<group>";
		};
		4F71DED7407FC0878A5B89D3 /* ru.lproj */ = {
			isa = PBXGroup;
			children = (
				4F71D865266BB0B201F7DE0A /* Localizable.strings */,
			);
			path = ru.lproj;
			sourceTree = "<group>";
		};
		4F71DF7DE917A3E95F79546B /* zh_CN.lproj */ = {
			isa = PBXGroup;
			children = (
				4F71D301F74DE286EEECCC9F /* Localizable.strings */,
			);
			path = zh_CN.lproj;
			sourceTree = "<group>";
		};
		4F71DF8753C0BC1B029E8E60 /* cs.lproj */ = {
			isa = PBXGroup;
			children = (
				4F71DB2EA786EEA142A00D8B /* Localizable.strings */,
			);
			path = cs.lproj;
			sourceTree = "<group>";
		};
		4F71DFDE9366F89A7771874D /* es_MX.lproj */ = {
			isa = PBXGroup;
			children = (
				4F71DF831B8923947BD8EF19 /* Localizable.strings */,
			);
			path = es_MX.lproj;
			sourceTree = "<group>";
		};
		DEBB1972B2E19B0514B3BEDD /* Frameworks */ = {
			isa = PBXGroup;
			children = (
				281B8EE7F3B930519ABFAAA4 /* Pods_batch.framework */,
			);
			name = Frameworks;
			sourceTree = "<group>";
		};
/* End PBXGroup section */

/* Begin PBXNativeTarget section */
		0ABFCF771F14B65C0078A583 /* batch */ = {
			isa = PBXNativeTarget;
			buildConfigurationList = 0ABFCF8A1F14B65C0078A583 /* Build configuration list for PBXNativeTarget "batch" */;
			buildPhases = (
				9FF1A055D87F28B3A17235D3 /* [CP] Check Pods Manifest.lock */,
				0ABFCF741F14B65C0078A583 /* Sources */,
				0ABFCF751F14B65C0078A583 /* Frameworks */,
				0ABFCF761F14B65C0078A583 /* Resources */,
				E3607A0050E70D649848C2DD /* [CP] Embed Pods Frameworks */,
				C20D0C51CA26F75201584114 /* [CP] Copy Pods Resources */,
				A02DED091FBF651C003796B6 /* ShellScript */,
			);
			buildRules = (
			);
			dependencies = (
			);
			name = batch;
			productName = batch;
			productReference = 0ABFCF781F14B65C0078A583 /* batch.app */;
			productType = "com.apple.product-type.application";
		};
/* End PBXNativeTarget section */

/* Begin PBXProject section */
		0ABFCF701F14B65C0078A583 /* Project object */ = {
			isa = PBXProject;
			attributes = {
				LastSwiftUpdateCheck = 0830;
				LastUpgradeCheck = 0920;
				ORGANIZATIONNAME = Stells;
				TargetAttributes = {
					0ABFCF771F14B65C0078A583 = {
						CreatedOnToolsVersion = 8.3.3;
						DevelopmentTeam = DAGHHLSPPQ;
						LastSwiftMigration = 0900;
						ProvisioningStyle = Manual;
					};
				};
			};
			buildConfigurationList = 0ABFCF731F14B65C0078A583 /* Build configuration list for PBXProject "batch" */;
			compatibilityVersion = "Xcode 3.2";
			developmentRegion = English;
			hasScannedForEncodings = 0;
			knownRegions = (
				en,
				Base,
			);
			mainGroup = 0ABFCF6F1F14B65C0078A583;
			productRefGroup = 0ABFCF791F14B65C0078A583 /* Products */;
			projectDirPath = "";
			projectRoot = "";
			targets = (
				0ABFCF771F14B65C0078A583 /* batch */,
			);
		};
/* End PBXProject section */

/* Begin PBXResourcesBuildPhase section */
		0ABFCF761F14B65C0078A583 /* Resources */ = {
			isa = PBXResourcesBuildPhase;
			buildActionMask = 2147483647;
			files = (
				0ABFCF931F14B7CB0078A583 /* Assets.xcassets in Resources */,
				0AA86ED91FD12BF600E6E1B0 /* AppDockViewCell.xib in Resources */,
				0A9EC7741F30735B00F1EF3A /* PhotoCollectionViewCell.xib in Resources */,
				0A66CD4E1F9592A600A97726 /* FloatingToolbar.xib in Resources */,
				0A9E4AFA1F8F300200E3E805 /* BatchProgressView.xib in Resources */,
				0ABFCF911F14B7190078A583 /* AppStoryboard.storyboard in Resources */,
				0A771E901FB1429800BBFCD7 /* GoogleService-Info.plist in Resources */,
				0A9EBAE51FD6F3AF00E83778 /* BatchPreviewView.xib in Resources */,
				0AA86ED71FD11EEF00E6E1B0 /* AppDockView.xib in Resources */,
				0AA166941FD7A7F10004205C /* PreviewCollectionViewCell.xib in Resources */,
				0A8FDA051FA76EF8002380AA /* Launch Screen.storyboard in Resources */,
				4F71D0CBE9B3A87DD2D83014 /* Localizable.strings in Resources */,
				4F71D5AB1A25143BFC4C589B /* Localizable.strings in Resources */,
				4F71D16CF3B12DD062C9D66C /* Localizable.strings in Resources */,
				4F71DF9943D375C8E71568EC /* Localizable.strings in Resources */,
				4F71DBBBA93D4A97C6AE1FD5 /* Localizable.strings in Resources */,
				4F71D99856A7C365D427551C /* Localizable.strings in Resources */,
				4F71D843895CA6C04861BB23 /* Localizable.strings in Resources */,
				4F71DA9A2AEF74D95F711683 /* Localizable.strings in Resources */,
				4F71DA9BD8AAA0E9E15F6374 /* Localizable.strings in Resources */,
				4F71D5E12BECCFE0957CAEBE /* Localizable.strings in Resources */,
				4F71DBA3EB24DA962CDE0579 /* Localizable.strings in Resources */,
				4F71DF9B8B2B87E168C55840 /* Localizable.strings in Resources */,
				4F71DB1B53A67EDD9E0826C1 /* Localizable.strings in Resources */,
				4F71DCAF2422C8A80850472C /* Localizable.strings in Resources */,
				4F71DF288EE084877C33282B /* Localizable.strings in Resources */,
				4F71D98AD5ED03D40E16A7E5 /* Localizable.strings in Resources */,
				4F71D7939174CF0CB3730E5C /* Localizable.strings in Resources */,
				4F71DECCBC9546DB3C4F7C94 /* Localizable.strings in Resources */,
				4F71D87B789944E2A62057C7 /* Localizable.strings in Resources */,
				4F71D91244FDCFE9DC644E76 /* Localizable.strings in Resources */,
				4F71DAE55B247A7E9524B7D0 /* Localizable.strings in Resources */,
				4F71D42BEECC9C99ECFDBB5B /* Localizable.strings in Resources */,
				4F71D2FFA4C75B8D33A6357C /* Localizable.strings in Resources */,
				4F71DAFAA60AFFA6D22694FF /* Localizable.strings in Resources */,
				4F71D37890ECB9D2FF8A999D /* Localizable.strings in Resources */,
				4F71D9F77C467378E338224E /* Localizable.strings in Resources */,
				4F71D042921A4C8173C8EA64 /* Localizable.strings in Resources */,
				4F71DC62FB048B6CD55A1FB8 /* Localizable.strings in Resources */,
				4F71D60127A29AA9D65982D7 /* Localizable.strings in Resources */,
				4F71D010D95D69F8964FF0CA /* Localizable.strings in Resources */,
				4F71D3B12C5C6EE3C34FC88F /* Localizable.strings in Resources */,
				4F71DEE5D2CB69CC8D7B571E /* Localizable.stringsdict in Resources */,
				4F71D6592A1A24EA522B6174 /* Localizable.strings in Resources */,
				4F71D25C92FBB20FAE7F303B /* Localizable.strings in Resources */,
				4F71D97F0A300527F3FA7C18 /* Localizable.strings in Resources */,
				4F71D47B8799716650124A9F /* Localizable.strings in Resources */,
				4F71DB2198FD73D17C4ACD22 /* Localizable.strings in Resources */,
				4F71DFEC865AA80D613A636F /* Localizable.strings in Resources */,
				4F71D0C0E58E2E5FEE8DB9F5 /* Localizable.strings in Resources */,
				4F71D1642A0077DDE5CC700F /* Localizable.strings in Resources */,
			);
			runOnlyForDeploymentPostprocessing = 0;
		};
/* End PBXResourcesBuildPhase section */

/* Begin PBXShellScriptBuildPhase section */
		9FF1A055D87F28B3A17235D3 /* [CP] Check Pods Manifest.lock */ = {
			isa = PBXShellScriptBuildPhase;
			buildActionMask = 2147483647;
			files = (
			);
			inputPaths = (
				"${PODS_PODFILE_DIR_PATH}/Podfile.lock",
				"${PODS_ROOT}/Manifest.lock",
			);
			name = "[CP] Check Pods Manifest.lock";
			outputPaths = (
				"$(DERIVED_FILE_DIR)/Pods-batch-checkManifestLockResult.txt",
			);
			runOnlyForDeploymentPostprocessing = 0;
			shellPath = /bin/sh;
			shellScript = "diff \"${PODS_PODFILE_DIR_PATH}/Podfile.lock\" \"${PODS_ROOT}/Manifest.lock\" > /dev/null\nif [ $? != 0 ] ; then\n    # print error to STDERR\n    echo \"error: The sandbox is not in sync with the Podfile.lock. Run 'pod install' or update your CocoaPods installation.\" >&2\n    exit 1\nfi\n# This output is used by Xcode 'outputs' to avoid re-running this script phase.\necho \"SUCCESS\" > \"${SCRIPT_OUTPUT_FILE_0}\"\n";
			showEnvVarsInLog = 0;
		};
		A02DED091FBF651C003796B6 /* ShellScript */ = {
			isa = PBXShellScriptBuildPhase;
			buildActionMask = 2147483647;
			files = (
			);
			inputPaths = (
			);
			outputPaths = (
			);
			runOnlyForDeploymentPostprocessing = 0;
			shellPath = /bin/sh;
			shellScript = "\"${PODS_ROOT}/Fabric/run\" 4de4dac2f8e69777783b1df21877e32171c4d237 d0dda26417dac7e85551b4a5e1c153dd51ca24de84ead30fc9cb38f344295de5";
		};
		C20D0C51CA26F75201584114 /* [CP] Copy Pods Resources */ = {
			isa = PBXShellScriptBuildPhase;
			buildActionMask = 2147483647;
			files = (
			);
			inputPaths = (
			);
			name = "[CP] Copy Pods Resources";
			outputPaths = (
			);
			runOnlyForDeploymentPostprocessing = 0;
			shellPath = /bin/sh;
			shellScript = "\"${SRCROOT}/Pods/Target Support Files/Pods-batch/Pods-batch-resources.sh\"\n";
			showEnvVarsInLog = 0;
		};
		E3607A0050E70D649848C2DD /* [CP] Embed Pods Frameworks */ = {
			isa = PBXShellScriptBuildPhase;
			buildActionMask = 2147483647;
			files = (
			);
			inputPaths = (
				"${SRCROOT}/Pods/Target Support Files/Pods-batch/Pods-batch-frameworks.sh",
				"${BUILT_PRODUCTS_DIR}/GoogleToolboxForMac/GoogleToolboxForMac.framework",
				"${BUILT_PRODUCTS_DIR}/Hero/Hero.framework",
				"${BUILT_PRODUCTS_DIR}/Realm/Realm.framework",
				"${BUILT_PRODUCTS_DIR}/RealmSwift/RealmSwift.framework",
				"${BUILT_PRODUCTS_DIR}/nanopb/nanopb.framework",
			);
			name = "[CP] Embed Pods Frameworks";
			outputPaths = (
				"${TARGET_BUILD_DIR}/${FRAMEWORKS_FOLDER_PATH}/GoogleToolboxForMac.framework",
				"${TARGET_BUILD_DIR}/${FRAMEWORKS_FOLDER_PATH}/Hero.framework",
				"${TARGET_BUILD_DIR}/${FRAMEWORKS_FOLDER_PATH}/Realm.framework",
				"${TARGET_BUILD_DIR}/${FRAMEWORKS_FOLDER_PATH}/RealmSwift.framework",
				"${TARGET_BUILD_DIR}/${FRAMEWORKS_FOLDER_PATH}/nanopb.framework",
			);
			runOnlyForDeploymentPostprocessing = 0;
			shellPath = /bin/sh;
			shellScript = "\"${SRCROOT}/Pods/Target Support Files/Pods-batch/Pods-batch-frameworks.sh\"\n";
			showEnvVarsInLog = 0;
		};
/* End PBXShellScriptBuildPhase section */

/* Begin PBXSourcesBuildPhase section */
		0ABFCF741F14B65C0078A583 /* Sources */ = {
			isa = PBXSourcesBuildPhase;
			buildActionMask = 2147483647;
			files = (
				0AA166961FD7A8710004205C /* PreviewCollectionViewCell.swift in Sources */,
				0AA382621F4ECA420031BAB5 /* BatchEditViewController.swift in Sources */,
				0A9CC9291F8774EC00AC91A6 /* PhotoEditViewController.swift in Sources */,
				0AA86ED51FD1199A00E6E1B0 /* AppDock.swift in Sources */,
				0A8D18E11F15DEEF00AABEF7 /* CustomView.swift in Sources */,
				0A9E4AFC1F8F303200E3E805 /* BatchProgressView.swift in Sources */,
				0ABFCF7C1F14B65C0078A583 /* AppDelegate.swift in Sources */,
				0AA37B281FD53163002803B8 /* AppDockViewController.swift in Sources */,
				0A9F86D01FDA756800D25EB6 /* PhotoCollectionViewCell.swift in Sources */,
				0ABFCF991F14B8A70078A583 /* PhotoPickerViewController.swift in Sources */,
				0A8C4ADE1F3C15BF00B7246A /* RoundedButton.swift in Sources */,
				0A8FDA071FA8035D002380AA /* StringExtension.swift in Sources */,
				0A9EBAE31FD6F37200E83778 /* BatchPreviewView.swift in Sources */,
				0A66CD501F95935500A97726 /* FloatingToolbar.swift in Sources */,
				0A7459E91F709ADA00CA70E1 /* Geometry.swift in Sources */,
				0A88FF751FA04AD6001C0DC6 /* FloatingView.swift in Sources */,
				4F71DB5DAD9BF2C4EF5C4FA0 /* CheckMarkView.swift in Sources */,
				4F71DC974B06CAE26F7EBFBC /* GradientView.swift in Sources */,
				4F71D94449F2D394F3FD67D9 /* PhotoPickerDetailViewController.swift in Sources */,
				4F71D9D2E011306A0C3E3D3C /* AssetView.swift in Sources */,
				4F71D760C8DCECB3DDC59844 /* Object.swift in Sources */,
				4F71D2D2CF84ED29E4A1ED02 /* Item.swift in Sources */,
				4F71DC55BD7BDFF401B7AB59 /* Task.swift in Sources */,
				4F71D7F6EFFEB93368DE3224 /* AppConfig.swift in Sources */,
				4F71D370787DC77E5C687706 /* App.swift in Sources */,
				4F71D31FED8AA8ECAC8F92A9 /* AppTaskManager.swift in Sources */,
				4F71D7B5EE6F1FEFA12466E4 /* AppLifecycle.swift in Sources */,
				4F71D5054CE0D336F24FD79B /* AppTask.swift in Sources */,
				4F71DD92BFAF13C4AD114FF6 /* AppTaskOperationQueue.swift in Sources */,
				4F71D896A7F10961FAC286B0 /* Sourceable.swift in Sources */,
				4F71DEC1BA867A484FAE70B6 /* SourceItem.swift in Sources */,
				4F71DD3950B7D688CA10BF08 /* PHAssetSourceable.swift in Sources */,
				4F71D942AC419DB77C567FB2 /* HelloApps.swift in Sources */,
				4F71D8DABBBD6C7570A6042E /* HelloBatchApp.swift in Sources */,
				4F71D831D9490CABE288091D /* TransformApp.Contents.swift in Sources */,
				4F71D0EE87C6D3822EA3AFCC /* Image.swift in Sources */,
				4F71DF2C64FB728A71352F0A /* PHAsset.swift in Sources */,
				4F71D9E8A7252B55E0E61286 /* TransformApp.swift in Sources */,
				4F71D8CB2584EB6FA21077E8 /* System.swift in Sources */,
			);
			runOnlyForDeploymentPostprocessing = 0;
		};
/* End PBXSourcesBuildPhase section */

/* Begin PBXVariantGroup section */
		4F71D03FAAD1A697C1FC06ED /* Localizable.strings */ = {
			isa = PBXVariantGroup;
			children = (
				4F71DDCD4F23E46BAD494E43 /* ko */,
			);
			name = Localizable.strings;
			sourceTree = "<group>";
		};
		4F71D079FCA01A952DBCFD3F /* Localizable.strings */ = {
			isa = PBXVariantGroup;
			children = (
				4F71DE7BA5E4FF9FA6844457 /* hr */,
			);
			name = Localizable.strings;
			sourceTree = "<group>";
		};
		4F71D143CD980DFF0B14F688 /* Localizable.strings */ = {
			isa = PBXVariantGroup;
			children = (
				4F71D14D12D3AE15F1EDD2E0 /* sk */,
			);
			name = Localizable.strings;
			sourceTree = "<group>";
		};
		4F71D1794336220F99D94A32 /* Localizable.strings */ = {
			isa = PBXVariantGroup;
			children = (
				4F71D0870FD2EB4014BC4E60 /* vi */,
			);
			name = Localizable.strings;
			sourceTree = "<group>";
		};
		4F71D301F74DE286EEECCC9F /* Localizable.strings */ = {
			isa = PBXVariantGroup;
			children = (
				4F71D350A1024D6DE9DDF2CF /* zh_CN */,
			);
			name = Localizable.strings;
			sourceTree = "<group>";
		};
		4F71D3E7CBB71E5919EAEEB6 /* Localizable.strings */ = {
			isa = PBXVariantGroup;
			children = (
				4F71D54364A04B5A36539C3F /* nl */,
			);
			name = Localizable.strings;
			sourceTree = "<group>";
		};
		4F71D3F4E4B720B2D3E79010 /* Localizable.strings */ = {
			isa = PBXVariantGroup;
			children = (
				4F71DFCA8020E56BB968A0A8 /* hu */,
			);
			name = Localizable.strings;
			sourceTree = "<group>";
		};
		4F71D629F370C22B160C7DB8 /* Localizable.strings */ = {
			isa = PBXVariantGroup;
			children = (
				4F71DDC421A295CD0E3A4D18 /* en-GB */,
			);
			name = Localizable.strings;
			sourceTree = "<group>";
		};
		4F71D63136CA0E39B8FDE7A0 /* Localizable.strings */ = {
			isa = PBXVariantGroup;
			children = (
				4F71D785021113F0D131D52F /* ca */,
			);
			name = Localizable.strings;
			sourceTree = "<group>";
		};
		4F71D6801B1330EFA5B8D14A /* Localizable.strings */ = {
			isa = PBXVariantGroup;
			children = (
				4F71DD5661069BB5E3B95480 /* zh_TW */,
			);
			name = Localizable.strings;
			sourceTree = "<group>";
		};
		4F71D6900CB7937103516269 /* Localizable.strings */ = {
			isa = PBXVariantGroup;
			children = (
				4F71D6F61D723670291982AD /* fr_CA */,
			);
			name = Localizable.strings;
			sourceTree = "<group>";
		};
		4F71D6D9A720379F8C76F625 /* Localizable.strings */ = {
			isa = PBXVariantGroup;
			children = (
				4F71DF1ACB1AF25316653CA9 /* pt */,
			);
			name = Localizable.strings;
			sourceTree = "<group>";
		};
		4F71D76174CDC495E0106645 /* Localizable.strings */ = {
			isa = PBXVariantGroup;
			children = (
				4F71D474151CDAE78A72AF50 /* hi */,
			);
			name = Localizable.strings;
			sourceTree = "<group>";
		};
		4F71D7F2C6D51A2B20CB2757 /* Localizable.strings */ = {
			isa = PBXVariantGroup;
			children = (
				4F71D4B340C95987CDD4AA97 /* he */,
			);
			name = Localizable.strings;
			sourceTree = "<group>";
		};
		4F71D8227095557197E91EB6 /* Localizable.strings */ = {
			isa = PBXVariantGroup;
			children = (
				4F71DDB619825443257EBEEA /* da */,
			);
			name = Localizable.strings;
			sourceTree = "<group>";
		};
		4F71D82C06587628D63DC1FC /* Localizable.strings */ = {
			isa = PBXVariantGroup;
			children = (
				4F71D07823F5C942948C394C /* de */,
			);
			name = Localizable.strings;
			sourceTree = "<group>";
		};
		4F71D85A53C6C9BAB97E9D90 /* Localizable.strings */ = {
			isa = PBXVariantGroup;
			children = (
				4F71D612D50597A5BF533E01 /* uk */,
			);
			name = Localizable.strings;
			sourceTree = "<group>";
		};
		4F71D865266BB0B201F7DE0A /* Localizable.strings */ = {
			isa = PBXVariantGroup;
			children = (
				4F71DF8C80BDBCFC85F39CBC /* ru */,
			);
			name = Localizable.strings;
			sourceTree = "<group>";
		};
		4F71D87A9567225340A79533 /* Localizable.strings */ = {
			isa = PBXVariantGroup;
			children = (
				4F71D7A66CE97DD5A352D489 /* Base */,
			);
			name = Localizable.strings;
			sourceTree = "<group>";
		};
		4F71D945BAAFABA6C67E5231 /* Localizable.strings */ = {
			isa = PBXVariantGroup;
			children = (
				4F71D2387C36356F8A810D61 /* th */,
			);
			name = Localizable.strings;
			sourceTree = "<group>";
		};
		4F71D94A95A61F7FB152ACE7 /* Localizable.strings */ = {
			isa = PBXVariantGroup;
			children = (
				4F71D824173DDC0C14C6EAB1 /* ro */,
			);
			name = Localizable.strings;
			sourceTree = "<group>";
		};
		4F71D9F4B12041A01656AEAC /* Localizable.strings */ = {
			isa = PBXVariantGroup;
			children = (
				4F71DC566F79F8F1B7B71CF1 /* fr */,
			);
			name = Localizable.strings;
			sourceTree = "<group>";
		};
		4F71D9F6BC4FF524E233A220 /* Localizable.strings */ = {
			isa = PBXVariantGroup;
			children = (
				4F71D6DCF679BD4028F66661 /* el */,
			);
			name = Localizable.strings;
			sourceTree = "<group>";
		};
		4F71DA9D2055CE6801CC2308 /* Localizable.strings */ = {
			isa = PBXVariantGroup;
			children = (
				4F71DD5C99E7BCE453D20BD0 /* id */,
			);
			name = Localizable.strings;
			sourceTree = "<group>";
		};
		4F71DAE83D8396175CE8C7F9 /* Localizable.strings */ = {
			isa = PBXVariantGroup;
			children = (
				4F71DC4565938334F77840D7 /* ar */,
			);
			name = Localizable.strings;
			sourceTree = "<group>";
		};
		4F71DB2EA786EEA142A00D8B /* Localizable.strings */ = {
			isa = PBXVariantGroup;
			children = (
				4F71DD62B2E01420E55FECA7 /* cs */,
			);
			name = Localizable.strings;
			sourceTree = "<group>";
		};
		4F71DB324F41E37256B96FA6 /* Localizable.strings */ = {
			isa = PBXVariantGroup;
			children = (
				4F71D130E43615882B01B0BE /* ja */,
			);
			name = Localizable.strings;
			sourceTree = "<group>";
		};
		4F71DC34F5554A7C034DBC6B /* Localizable.strings */ = {
			isa = PBXVariantGroup;
			children = (
				4F71DF8FD2E3706781E2B4A4 /* pl */,
			);
			name = Localizable.strings;
			sourceTree = "<group>";
		};
		4F71DDF945C8D64CBC607353 /* Localizable.strings */ = {
			isa = PBXVariantGroup;
			children = (
				4F71DDCE5F6C328475695277 /* pt_PT */,
			);
			name = Localizable.strings;
			sourceTree = "<group>";
		};
		4F71DE76B9AD7227C9F78AE5 /* Localizable.strings */ = {
			isa = PBXVariantGroup;
			children = (
				4F71D545A2757C8FD12523FE /* es */,
			);
			name = Localizable.strings;
			sourceTree = "<group>";
		};
		4F71DEC6E98E9E40DFB63A92 /* Localizable.strings */ = {
			isa = PBXVariantGroup;
			children = (
				4F71DC250BC1539E5CF380C0 /* it */,
			);
			name = Localizable.strings;
			sourceTree = "<group>";
		};
		4F71DEE56E89B89163A4A355 /* Localizable.strings */ = {
			isa = PBXVariantGroup;
			children = (
				4F71D1D0361C1367B06F41F6 /* sv */,
			);
			name = Localizable.strings;
			sourceTree = "<group>";
		};
		4F71DF1F1EA341205C8B82E8 /* Localizable.strings */ = {
			isa = PBXVariantGroup;
			children = (
				4F71D2004D7DCDF7A87CF872 /* en-AU */,
			);
			name = Localizable.strings;
			sourceTree = "<group>";
		};
		4F71DF57BCEE05C54BC0C8B9 /* Localizable.strings */ = {
			isa = PBXVariantGroup;
			children = (
				4F71D629895733A64BF028A3 /* tr */,
			);
			name = Localizable.strings;
			sourceTree = "<group>";
		};
		4F71DF5E6FB47FF24A1584B4 /* Localizable.strings */ = {
			isa = PBXVariantGroup;
			children = (
				4F71D797FBC4543B06C44975 /* no */,
			);
			name = Localizable.strings;
			sourceTree = "<group>";
		};
		4F71DF60F3145AA65F6E07F8 /* Localizable.strings */ = {
			isa = PBXVariantGroup;
			children = (
				4F71DCA99FA2B8227EC74FF4 /* fi */,
			);
			name = Localizable.strings;
			sourceTree = "<group>";
		};
		4F71DF831B8923947BD8EF19 /* Localizable.strings */ = {
			isa = PBXVariantGroup;
			children = (
				4F71D8A611809D713E2DA746 /* es_MX */,
			);
			name = Localizable.strings;
			sourceTree = "<group>";
		};
		4F71DF8EC2FC3388F237EEF5 /* Localizable.stringsdict */ = {
			isa = PBXVariantGroup;
			children = (
				4F71D887649BD6D9198DD7B5 /* Base */,
			);
			name = Localizable.stringsdict;
			sourceTree = "<group>";
		};
		4F71DFB7C3D45A73E39BB0EB /* Localizable.strings */ = {
			isa = PBXVariantGroup;
			children = (
				4F71D1FBD4091EC63C85905B /* ms */,
			);
			name = Localizable.strings;
			sourceTree = "<group>";
		};
		4F71DFD3C15F39A20B9A7CF1 /* Localizable.strings */ = {
			isa = PBXVariantGroup;
			children = (
				4F71D48A50EAA2890E560F77 /* zh_HK */,
			);
			name = Localizable.strings;
			sourceTree = "<group>";
		};
/* End PBXVariantGroup section */

/* Begin XCBuildConfiguration section */
		0ABFCF881F14B65C0078A583 /* Debug */ = {
			isa = XCBuildConfiguration;
			buildSettings = {
				ALWAYS_SEARCH_USER_PATHS = NO;
				CLANG_ANALYZER_LOCALIZABILITY_NONLOCALIZED = YES;
				CLANG_ANALYZER_NONNULL = YES;
				CLANG_ANALYZER_NUMBER_OBJECT_CONVERSION = YES_AGGRESSIVE;
				CLANG_CXX_LANGUAGE_STANDARD = "gnu++0x";
				CLANG_CXX_LIBRARY = "libc++";
				CLANG_ENABLE_MODULES = YES;
				CLANG_ENABLE_OBJC_ARC = YES;
				CLANG_WARN_BLOCK_CAPTURE_AUTORELEASING = YES;
				CLANG_WARN_BOOL_CONVERSION = YES;
				CLANG_WARN_COMMA = YES;
				CLANG_WARN_CONSTANT_CONVERSION = YES;
				CLANG_WARN_DIRECT_OBJC_ISA_USAGE = YES_ERROR;
				CLANG_WARN_DOCUMENTATION_COMMENTS = YES;
				CLANG_WARN_EMPTY_BODY = YES;
				CLANG_WARN_ENUM_CONVERSION = YES;
				CLANG_WARN_INFINITE_RECURSION = YES;
				CLANG_WARN_INT_CONVERSION = YES;
				CLANG_WARN_NON_LITERAL_NULL_CONVERSION = YES;
				CLANG_WARN_OBJC_LITERAL_CONVERSION = YES;
				CLANG_WARN_OBJC_ROOT_CLASS = YES_ERROR;
				CLANG_WARN_RANGE_LOOP_ANALYSIS = YES;
				CLANG_WARN_STRICT_PROTOTYPES = YES;
				CLANG_WARN_SUSPICIOUS_MOVE = YES;
				CLANG_WARN_UNREACHABLE_CODE = YES;
				CLANG_WARN__DUPLICATE_METHOD_MATCH = YES;
				"CODE_SIGN_IDENTITY[sdk=iphoneos*]" = "iPhone Developer";
				COPY_PHASE_STRIP = NO;
				DEBUG_INFORMATION_FORMAT = dwarf;
				ENABLE_STRICT_OBJC_MSGSEND = YES;
				ENABLE_TESTABILITY = YES;
				GCC_C_LANGUAGE_STANDARD = gnu99;
				GCC_DYNAMIC_NO_PIC = NO;
				GCC_NO_COMMON_BLOCKS = YES;
				GCC_OPTIMIZATION_LEVEL = 0;
				GCC_PREPROCESSOR_DEFINITIONS = (
					"DEBUG=1",
					"$(inherited)",
				);
				GCC_WARN_64_TO_32_BIT_CONVERSION = YES;
				GCC_WARN_ABOUT_RETURN_TYPE = YES_ERROR;
				GCC_WARN_UNDECLARED_SELECTOR = YES;
				GCC_WARN_UNINITIALIZED_AUTOS = YES_AGGRESSIVE;
				GCC_WARN_UNUSED_FUNCTION = YES;
				GCC_WARN_UNUSED_VALUE = YES;
				GCC_WARN_UNUSED_VARIABLE = YES;
				IPHONEOS_DEPLOYMENT_TARGET = 10.3;
				MTL_ENABLE_DEBUG_INFO = YES;
				ONLY_ACTIVE_ARCH = YES;
				SDKROOT = iphoneos;
				SWIFT_ACTIVE_COMPILATION_CONDITIONS = DEBUG;
				SWIFT_OPTIMIZATION_LEVEL = "-Onone";
			};
			name = Debug;
		};
		0ABFCF891F14B65C0078A583 /* Release */ = {
			isa = XCBuildConfiguration;
			buildSettings = {
				ALWAYS_SEARCH_USER_PATHS = NO;
				CLANG_ANALYZER_LOCALIZABILITY_NONLOCALIZED = YES;
				CLANG_ANALYZER_NONNULL = YES;
				CLANG_ANALYZER_NUMBER_OBJECT_CONVERSION = YES_AGGRESSIVE;
				CLANG_CXX_LANGUAGE_STANDARD = "gnu++0x";
				CLANG_CXX_LIBRARY = "libc++";
				CLANG_ENABLE_MODULES = YES;
				CLANG_ENABLE_OBJC_ARC = YES;
				CLANG_WARN_BLOCK_CAPTURE_AUTORELEASING = YES;
				CLANG_WARN_BOOL_CONVERSION = YES;
				CLANG_WARN_COMMA = YES;
				CLANG_WARN_CONSTANT_CONVERSION = YES;
				CLANG_WARN_DIRECT_OBJC_ISA_USAGE = YES_ERROR;
				CLANG_WARN_DOCUMENTATION_COMMENTS = YES;
				CLANG_WARN_EMPTY_BODY = YES;
				CLANG_WARN_ENUM_CONVERSION = YES;
				CLANG_WARN_INFINITE_RECURSION = YES;
				CLANG_WARN_INT_CONVERSION = YES;
				CLANG_WARN_NON_LITERAL_NULL_CONVERSION = YES;
				CLANG_WARN_OBJC_LITERAL_CONVERSION = YES;
				CLANG_WARN_OBJC_ROOT_CLASS = YES_ERROR;
				CLANG_WARN_RANGE_LOOP_ANALYSIS = YES;
				CLANG_WARN_STRICT_PROTOTYPES = YES;
				CLANG_WARN_SUSPICIOUS_MOVE = YES;
				CLANG_WARN_UNREACHABLE_CODE = YES;
				CLANG_WARN__DUPLICATE_METHOD_MATCH = YES;
				"CODE_SIGN_IDENTITY[sdk=iphoneos*]" = "iPhone Developer";
				COPY_PHASE_STRIP = NO;
				DEBUG_INFORMATION_FORMAT = "dwarf-with-dsym";
				ENABLE_NS_ASSERTIONS = NO;
				ENABLE_STRICT_OBJC_MSGSEND = YES;
				GCC_C_LANGUAGE_STANDARD = gnu99;
				GCC_NO_COMMON_BLOCKS = YES;
				GCC_WARN_64_TO_32_BIT_CONVERSION = YES;
				GCC_WARN_ABOUT_RETURN_TYPE = YES_ERROR;
				GCC_WARN_UNDECLARED_SELECTOR = YES;
				GCC_WARN_UNINITIALIZED_AUTOS = YES_AGGRESSIVE;
				GCC_WARN_UNUSED_FUNCTION = YES;
				GCC_WARN_UNUSED_VALUE = YES;
				GCC_WARN_UNUSED_VARIABLE = YES;
				IPHONEOS_DEPLOYMENT_TARGET = 10.3;
				MTL_ENABLE_DEBUG_INFO = NO;
				SDKROOT = iphoneos;
				SWIFT_OPTIMIZATION_LEVEL = "-Owholemodule";
				VALIDATE_PRODUCT = YES;
			};
			name = Release;
		};
		0ABFCF8B1F14B65C0078A583 /* Debug */ = {
			isa = XCBuildConfiguration;
			baseConfigurationReference = E6C115FBD773BA835480B08C /* Pods-batch.debug.xcconfig */;
			buildSettings = {
				ASSETCATALOG_COMPILER_APPICON_NAME = AppIcon;
				"CODE_SIGN_IDENTITY[sdk=iphoneos*]" = "iPhone Developer";
				CODE_SIGN_STYLE = Manual;
				DEVELOPMENT_TEAM = DAGHHLSPPQ;
				INFOPLIST_FILE = batch/Info.plist;
				IPHONEOS_DEPLOYMENT_TARGET = 10.0;
				LD_RUNPATH_SEARCH_PATHS = "$(inherited) @executable_path/Frameworks";
				PRODUCT_BUNDLE_IDENTIFIER = com.stells.batch;
				PRODUCT_NAME = "${TARGET_NAME}";
				PROVISIONING_PROFILE = "fe7bc759-0bdf-4bf3-94c1-d5cb49f2d909";
				PROVISIONING_PROFILE_SPECIFIER = "com.stells.batch Development";
				SWIFT_SWIFT3_OBJC_INFERENCE = On;
				SWIFT_VERSION = 4.0;
			};
			name = Debug;
		};
		0ABFCF8C1F14B65C0078A583 /* Release */ = {
			isa = XCBuildConfiguration;
			baseConfigurationReference = 614D248BD87AEAE91795DFC4 /* Pods-batch.release.xcconfig */;
			buildSettings = {
				ASSETCATALOG_COMPILER_APPICON_NAME = AppIcon;
				"CODE_SIGN_IDENTITY[sdk=iphoneos*]" = "iPhone Distribution";
				CODE_SIGN_STYLE = Manual;
				DEVELOPMENT_TEAM = DAGHHLSPPQ;
				INFOPLIST_FILE = batch/Info.plist;
				IPHONEOS_DEPLOYMENT_TARGET = 10.0;
				LD_RUNPATH_SEARCH_PATHS = "$(inherited) @executable_path/Frameworks";
				PRODUCT_BUNDLE_IDENTIFIER = com.stells.batch;
				PRODUCT_NAME = "${TARGET_NAME}";
				PROVISIONING_PROFILE = "2fbfc242-74e2-4e16-9c09-33142bd02ec2";
				PROVISIONING_PROFILE_SPECIFIER = "com.stells.batch AppStore";
				SWIFT_SWIFT3_OBJC_INFERENCE = On;
				SWIFT_VERSION = 4.0;
			};
			name = Release;
		};
/* End XCBuildConfiguration section */

/* Begin XCConfigurationList section */
		0ABFCF731F14B65C0078A583 /* Build configuration list for PBXProject "batch" */ = {
			isa = XCConfigurationList;
			buildConfigurations = (
				0ABFCF881F14B65C0078A583 /* Debug */,
				0ABFCF891F14B65C0078A583 /* Release */,
			);
			defaultConfigurationIsVisible = 0;
			defaultConfigurationName = Release;
		};
		0ABFCF8A1F14B65C0078A583 /* Build configuration list for PBXNativeTarget "batch" */ = {
			isa = XCConfigurationList;
			buildConfigurations = (
				0ABFCF8B1F14B65C0078A583 /* Debug */,
				0ABFCF8C1F14B65C0078A583 /* Release */,
			);
			defaultConfigurationIsVisible = 0;
			defaultConfigurationName = Release;
		};
/* End XCConfigurationList section */
	};
	rootObject = 0ABFCF701F14B65C0078A583 /* Project object */;
}
